{"format_version":"1.1","terraform_version":"1.3.6","planned_values":{"outputs":{"account_id":{"sensitive":false,"type":"string","value":"749670359030"},"caller_arn":{"sensitive":false,"type":"string","value":"arn:aws:iam::749670359030:user/admin"},"caller_user":{"sensitive":false,"type":"string","value":"AIDA25C6V373D7LVGQZZG"}},"root_module":{"resources":[{"address":"aws_route53_record.blue","mode":"managed","type":"aws_route53_record","name":"blue","provider_name":"registry.terraform.io/hashicorp/aws","schema_version":2,"values":{"alias":[],"cidr_routing_policy":[],"failover_routing_policy":[],"geolocation_routing_policy":[],"health_check_id":null,"latency_routing_policy":[],"multivalue_answer_routing_policy":null,"name":"blue-green","set_identifier":"blue","ttl":5,"type":"CNAME","weighted_routing_policy":[{"weight":0}]},"sensitive_values":{"alias":[],"cidr_routing_policy":[],"failover_routing_policy":[],"geolocation_routing_policy":[],"latency_routing_policy":[],"records":[],"weighted_routing_policy":[{}]}},{"address":"aws_route53_record.green","mode":"managed","type":"aws_route53_record","name":"green","provider_name":"registry.terraform.io/hashicorp/aws","schema_version":2,"values":{"alias":[],"cidr_routing_policy":[],"failover_routing_policy":[],"geolocation_routing_policy":[],"health_check_id":null,"latency_routing_policy":[],"multivalue_answer_routing_policy":null,"name":"blue-green","set_identifier":"green","ttl":5,"type":"CNAME","weighted_routing_policy":[{"weight":2}]},"sensitive_values":{"alias":[],"cidr_routing_policy":[],"failover_routing_policy":[],"geolocation_routing_policy":[],"latency_routing_policy":[],"records":[],"weighted_routing_policy":[{}]}},{"address":"aws_route53_zone.private_dns","mode":"managed","type":"aws_route53_zone","name":"private_dns","provider_name":"registry.terraform.io/hashicorp/aws","schema_version":0,"values":{"comment":"DNS for Udacity Projects","delegation_set_id":null,"force_destroy":false,"name":"udacityproject.com","tags":null,"tags_all":{"Name":"udacity","Terraform":"true"},"vpc":[{"vpc_id":"vpc-03d1cb8635266e5ec"}]},"sensitive_values":{"name_servers":[],"tags_all":{},"vpc":[{}]}},{"address":"aws_security_group.ssh_access","mode":"managed","type":"aws_security_group","name":"ssh_access","provider_name":"registry.terraform.io/hashicorp/aws","schema_version":1,"values":{"description":"Allow SSH inbound traffic","egress":[{"cidr_blocks":["0.0.0.0/0"],"description":"","from_port":80,"ipv6_cidr_blocks":["::/0"],"prefix_list_ids":[],"protocol":"tcp","security_groups":[],"self":false,"to_port":80}],"ingress":[{"cidr_blocks":["0.0.0.0/0"],"description":"","from_port":22,"ipv6_cidr_blocks":["::/0"],"prefix_list_ids":[],"protocol":"tcp","security_groups":[],"self":false,"to_port":22}],"name":"ssh-access","revoke_rules_on_delete":false,"tags":{"Name":"ssh_access"},"tags_all":{"Name":"ssh_access","Terraform":"true"},"timeouts":null,"vpc_id":"vpc-03d1cb8635266e5ec"},"sensitive_values":{"egress":[{"cidr_blocks":[false],"ipv6_cidr_blocks":[false],"prefix_list_ids":[],"security_groups":[]}],"ingress":[{"cidr_blocks":[false],"ipv6_cidr_blocks":[false],"prefix_list_ids":[],"security_groups":[]}],"tags":{},"tags_all":{}}},{"address":"helm_release.metrics","mode":"managed","type":"helm_release","name":"metrics","provider_name":"registry.terraform.io/hashicorp/helm","schema_version":1,"values":{"atomic":false,"chart":"metrics-server","cleanup_on_fail":false,"create_namespace":false,"dependency_update":false,"description":null,"devel":null,"disable_crd_hooks":false,"disable_openapi_validation":false,"disable_webhooks":false,"force_update":false,"keyring":null,"lint":false,"max_history":0,"name":"metrics-server","namespace":"kube-system","pass_credentials":false,"postrender":[],"recreate_pods":false,"render_subchart_notes":true,"replace":false,"repository":"https://kubernetes-sigs.github.io/metrics-server/","repository_ca_file":null,"repository_cert_file":null,"repository_key_file":null,"repository_password":null,"repository_username":null,"reset_values":false,"reuse_values":false,"set":[],"set_sensitive":[],"skip_crds":false,"status":"deployed","timeout":300,"values":null,"verify":false,"version":"3.8.2","wait":true,"wait_for_jobs":false},"sensitive_values":{"metadata":[],"postrender":[],"set":[],"set_sensitive":[]}},{"address":"kubernetes_namespace.udacity","mode":"managed","type":"kubernetes_namespace","name":"udacity","provider_name":"registry.terraform.io/hashicorp/kubernetes","schema_version":0,"values":{"id":"udacity","metadata":[{"annotations":{},"generate_name":"","generation":0,"labels":{},"name":"udacity","resource_version":"121223","uid":"19dfdf58-3893-4983-a063-fcc79178655a"}],"timeouts":null},"sensitive_values":{"metadata":[{"annotations":{},"labels":{}}]}},{"address":"kubernetes_service.blue","mode":"managed","type":"kubernetes_service","name":"blue","provider_name":"registry.terraform.io/hashicorp/kubernetes","schema_version":1,"values":{"metadata":[{"annotations":{"service.beta.kubernetes.io/aws-load-balancer-nlb-target-type":"ip","service.beta.kubernetes.io/aws-load-balancer-type":"nlb"},"generate_name":null,"labels":null,"name":"blue-svc","namespace":"udacity"}],"spec":[{"allocate_load_balancer_node_ports":true,"external_ips":null,"external_name":null,"load_balancer_class":null,"load_balancer_ip":null,"load_balancer_source_ranges":null,"port":[{"app_protocol":null,"name":null,"port":80,"protocol":"TCP","target_port":"80"}],"publish_not_ready_addresses":false,"selector":{"app":"blue"},"session_affinity":"None","type":"LoadBalancer"}],"timeouts":null,"wait_for_load_balancer":true},"sensitive_values":{"metadata":[{"annotations":{}}],"spec":[{"cluster_ips":[],"ip_families":[],"port":[{}],"selector":{},"session_affinity_config":[]}],"status":[]}},{"address":"kubernetes_service.green","mode":"managed","type":"kubernetes_service","name":"green","provider_name":"registry.terraform.io/hashicorp/kubernetes","schema_version":1,"values":{"metadata":[{"annotations":{"service.beta.kubernetes.io/aws-load-balancer-nlb-target-type":"ip","service.beta.kubernetes.io/aws-load-balancer-type":"nlb"},"generate_name":null,"labels":null,"name":"green-svc","namespace":"udacity"}],"spec":[{"allocate_load_balancer_node_ports":true,"external_ips":null,"external_name":null,"load_balancer_class":null,"load_balancer_ip":null,"load_balancer_source_ranges":null,"port":[{"app_protocol":null,"name":null,"port":80,"protocol":"TCP","target_port":"80"}],"publish_not_ready_addresses":false,"selector":{"app":"green"},"session_affinity":"None","type":"LoadBalancer"}],"timeouts":null,"wait_for_load_balancer":true},"sensitive_values":{"metadata":[{"annotations":{}}],"spec":[{"cluster_ips":[],"ip_families":[],"port":[{}],"selector":{},"session_affinity_config":[]}],"status":[]}}],"child_modules":[{"resources":[{"address":"module.ec2_instance.aws_instance.this[0]","mode":"managed","type":"aws_instance","name":"this","index":0,"provider_name":"registry.terraform.io/hashicorp/aws","schema_version":1,"values":{"ami":"ami-04148302a14f7d12b","credit_specification":[{"cpu_credits":null}],"enclave_options":[{}],"get_password_data":false,"hibernation":null,"instance_type":"t2.micro","launch_template":[],"metadata_options":[{"http_endpoint":"enabled","http_put_response_hop_limit":1,"http_tokens":"optional"}],"monitoring":false,"source_dest_check":true,"subnet_id":"subnet-07dda607965955cf0","tags":{"Name":"curl-instance"},"tags_all":{"Name":"curl-instance","Terraform":"true"},"timeouts":{"create":null,"delete":null,"update":null},"user_data_replace_on_change":false,"volume_tags":{"Name":"curl-instance"}},"sensitive_values":{"capacity_reservation_specification":[],"cpu_options":[],"credit_specification":[{}],"ebs_block_device":[],"enclave_options":[{}],"ephemeral_block_device":[],"ipv6_addresses":[],"launch_template":[],"maintenance_options":[],"metadata_options":[{}],"network_interface":[],"private_dns_name_options":[],"root_block_device":[],"secondary_private_ips":[],"security_groups":[],"tags":{},"tags_all":{},"timeouts":{},"volume_tags":{},"vpc_security_group_ids":[]}}],"address":"module.ec2_instance"},{"resources":[{"address":"module.project_eks.aws_eks_cluster.cluster","mode":"managed","type":"aws_eks_cluster","name":"cluster","provider_name":"registry.terraform.io/hashicorp/aws","schema_version":0,"values":{"arn":"arn:aws:eks:us-east-2:749670359030:cluster/udacity-cluster","certificate_authority":[{"data":"LS0tLS1CRUdJTiBDRVJUSUZJQ0FURS0tLS0tCk1JSUMvakNDQWVhZ0F3SUJBZ0lCQURBTkJna3Foa2lHOXcwQkFRc0ZBREFWTVJNd0VRWURWUVFERXdwcmRXSmwKY201bGRHVnpNQjRYRFRJek1EVXhOVEEzTXpJME1Wb1hEVE16TURVeE1qQTNNekkwTVZvd0ZURVRNQkVHQTFVRQpBeE1LYTNWaVpYSnVaWFJsY3pDQ0FTSXdEUVlKS29aSWh2Y05BUUVCQlFBRGdnRVBBRENDQVFvQ2dnRUJBTjRzCmkzWlFiZnZBMVErUU9qTTJEVkZnY3RyYVBQS2laTUVyODZwSU1PakxjNHczeSt1a21qemZOc3R1cy9BakwwSnIKckUxRlE3c2w2Y2NDZmdXNkxtcWtqNGFZdFFYcU1MQ2tEZ09JSXRob2hrZHFRekpaNTRJcGI1VFJYRXNadVpoVgpFZ2RXZ0MyV0pCNTZlRWdRSVJ6K1B2S3IzRW1zZWtzRSs0UFRKdXQrT2o0L0I3QlM2STdHTGdwdm1ybFdFY2U1CnE5OUJoNjMxSGVPSEgybjdNZDIrT1VLc1ZkR0k0WFIvNy9WaEpCR2h5UkJYR2hSMjF2RG5Hb1hWTllOK2ZaNEcKVXovMUF5Z3B6Rmkxd1ZTYUZ2eEw0azc1ZnMyRXNKY3c1VmZZZUJTam9lYVorNXpWQnZmeUloblFUOG4yTmljcQpIMDVuM21jUDdYeEFDMFo2WlNFQ0F3RUFBYU5aTUZjd0RnWURWUjBQQVFIL0JBUURBZ0trTUE4R0ExVWRFd0VCCi93UUZNQU1CQWY4d0hRWURWUjBPQkJZRUZIbDJ0dFcwY2tORVhsVzE2YWU3RGhUVWF5RVpNQlVHQTFVZEVRUU8KTUF5Q0NtdDFZbVZ5Ym1WMFpYTXdEUVlKS29aSWh2Y05BUUVMQlFBRGdnRUJBRzVxMWc0TXM2T2xxM3JOc2YvSApwK0xET2Naek1NL2E3R2hKejJjV0hrVm1GZUFBL0pOV3lxWk1seGwzL1d6bVBKOXdhaWVyaDdZUXcyS01RWU95CmlEUVV3VDJ6TldLWUlkbk9rZ3h2c2ZmNmk0YnlER2lFUzFKa1RpNlk0NjBuK2tRektIZGQwdGZSeUltSVhucDQKM1d0NVFRZ3d1b1IzYnFHdDFVenN1a1pDNEpXSm5OeUgyMUJOQlJjbTUwVEVuYXcyR1BxWS95RlRnd0xHT3N1VwpLKy9DMzVnalFncXlSVWk4YUlkRFBSZmsxRGp1QXNaR1h5bGhsbkt4dU10RDI0aFlHZm83akVUU2FsMkJYSGE4CkIxdHRROXlScmpBWjRqOVNEaUp3Rk9iTlFpKzZmMUdHOFQxTFlpTkRhOWFvK2R1MXM2aXMrNEJnNGU4b2NqSWkKdGp3PQotLS0tLUVORCBDRVJUSUZJQ0FURS0tLS0tCg=="}],"cluster_id":null,"created_at":"2023-05-15 07:27:08.354 +0000 UTC","enabled_cluster_log_types":[],"encryption_config":[],"endpoint":"https://2E008C10D2E55B026FCD5084ED8E7FB7.sk1.us-east-2.eks.amazonaws.com","id":"udacity-cluster","identity":[{"oidc":[{"issuer":"https://oidc.eks.us-east-2.amazonaws.com/id/2E008C10D2E55B026FCD5084ED8E7FB7"}]}],"kubernetes_network_config":[{"ip_family":"ipv4","service_ipv4_cidr":"172.20.0.0/16","service_ipv6_cidr":""}],"name":"udacity-cluster","outpost_config":[],"platform_version":"eks.2","role_arn":"arn:aws:iam::749670359030:role/app-udacity-eks-cluster-role","status":"ACTIVE","tags":{},"tags_all":{"Name":"udacity","Terraform":"true"},"timeouts":null,"version":"1.26","vpc_config":[{"cluster_security_group_id":"sg-00264decef8e10bb0","endpoint_private_access":false,"endpoint_public_access":true,"public_access_cidrs":["0.0.0.0/0"],"security_group_ids":[],"subnet_ids":["subnet-09a36a2e56e6e5845","subnet-0d4c551856d32f0ef","subnet-0e244e6d234aa4081"],"vpc_id":"vpc-03d1cb8635266e5ec"}]},"sensitive_values":{"certificate_authority":[{}],"enabled_cluster_log_types":[],"encryption_config":[],"identity":[{"oidc":[{}]}],"kubernetes_network_config":[{}],"outpost_config":[],"tags":{},"tags_all":{},"vpc_config":[{"public_access_cidrs":[false],"security_group_ids":[],"subnet_ids":[false,false,false]}]}},{"address":"module.project_eks.aws_eks_node_group.node","mode":"managed","type":"aws_eks_node_group","name":"node","provider_name":"registry.terraform.io/hashicorp/aws","schema_version":0,"values":{"ami_type":"AL2_x86_64","arn":"arn:aws:eks:us-east-2:749670359030:nodegroup/udacity-cluster/app-udacity-node-group/08c40f2b-d000-42a5-77ac-838f39c7c30b","capacity_type":"ON_DEMAND","cluster_name":"udacity-cluster","disk_size":20,"force_update_version":null,"id":"udacity-cluster:app-udacity-node-group","instance_types":["t3.medium"],"labels":{},"launch_template":[],"node_group_name":"app-udacity-node-group","node_group_name_prefix":"","node_role_arn":"arn:aws:iam::749670359030:role/app-udacity-eks-node-role","release_version":"1.26.2-20230509","remote_access":[],"resources":[{"autoscaling_groups":[{"name":"eks-app-udacity-node-group-08c40f2b-d000-42a5-77ac-838f39c7c30b"}],"remote_access_security_group_id":""}],"scaling_config":[{"desired_size":3,"max_size":3,"min_size":1}],"status":"ACTIVE","subnet_ids":["subnet-09a36a2e56e6e5845","subnet-0d4c551856d32f0ef","subnet-0e244e6d234aa4081"],"tags":{"Name":"eks-udacity-nodes"},"tags_all":{"Name":"eks-udacity-nodes","Terraform":"true"},"taint":[],"timeouts":null,"update_config":[{"max_unavailable":1,"max_unavailable_percentage":0}],"version":"1.26"},"sensitive_values":{"instance_types":[false],"labels":{},"launch_template":[],"remote_access":[],"resources":[{"autoscaling_groups":[{}]}],"scaling_config":[{}],"subnet_ids":[false,false,false],"tags":{},"tags_all":{},"taint":[],"update_config":[{}]}},{"address":"module.project_eks.aws_iam_openid_connect_provider.oidc","mode":"managed","type":"aws_iam_openid_connect_provider","name":"oidc","provider_name":"registry.terraform.io/hashicorp/aws","schema_version":0,"values":{"arn":"arn:aws:iam::749670359030:oidc-provider/oidc.eks.us-east-2.amazonaws.com/id/2E008C10D2E55B026FCD5084ED8E7FB7","client_id_list":["sts.amazonaws.com"],"id":"arn:aws:iam::749670359030:oidc-provider/oidc.eks.us-east-2.amazonaws.com/id/2E008C10D2E55B026FCD5084ED8E7FB7","tags":{},"tags_all":{"Name":"udacity","Terraform":"true"},"thumbprint_list":["9e99a48a9960b14926bb7f3b02e22da2b0ab7280"],"url":"oidc.eks.us-east-2.amazonaws.com/id/2E008C10D2E55B026FCD5084ED8E7FB7"},"sensitive_values":{"client_id_list":[false],"tags":{},"tags_all":{},"thumbprint_list":[false]}},{"address":"module.project_eks.aws_iam_policy.eks_cluster_role_cloudwatch_policy","mode":"managed","type":"aws_iam_policy","name":"eks_cluster_role_cloudwatch_policy","provider_name":"registry.terraform.io/hashicorp/aws","schema_version":0,"values":{"arn":"arn:aws:iam::749670359030:policy/app-udacity-eks-cluster-role-cloudwatch-policy","description":"Policy allowing cloudwatch access to udacity resources.","id":"arn:aws:iam::749670359030:policy/app-udacity-eks-cluster-role-cloudwatch-policy","name":"app-udacity-eks-cluster-role-cloudwatch-policy","name_prefix":"","path":"/","policy":"{\"Statement\":[{\"Action\":[\"cloudwatch:*\",\"logs:DescribeLogGroups\",\"logs:DescribeLogStreams\",\"logs:CreateLogGroup\",\"logs:CreateLogStream\",\"logs:PutLogEvents\"],\"Effect\":\"Allow\",\"Resource\":\"*\"}],\"Version\":\"2012-10-17\"}","policy_id":"ANPA25C6V373DFRATV74I","tags":{},"tags_all":{"Name":"udacity","Terraform":"true"}},"sensitive_values":{"tags":{},"tags_all":{}}},{"address":"module.project_eks.aws_iam_policy.eks_node_instance_policy","mode":"managed","type":"aws_iam_policy","name":"eks_node_instance_policy","provider_name":"registry.terraform.io/hashicorp/aws","schema_version":0,"values":{"arn":"arn:aws:iam::749670359030:policy/app-udacity-instance-policy","description":"Policy allowing access to udacity resources.","id":"arn:aws:iam::749670359030:policy/app-udacity-instance-policy","name":"app-udacity-instance-policy","name_prefix":"","path":"/","policy":"{\"Statement\":[{\"Action\":\"s3:*\",\"Effect\":\"Allow\",\"Resource\":[\"arn:aws:s3:::*\",\"arn:aws:s3:::*/*\",\"arn:aws:s3:*:*:job/*\"]},{\"Action\":[\"logs:CreateLogGroup\",\"logs:CreateLogStream\",\"logs:PutLogEvents\"],\"Effect\":\"Allow\",\"Resource\":[\"arn:aws:logs:*:*:log-group:*\",\"arn:aws:logs:*:*:log-group:*:*:*\"]},{\"Action\":[\"ecr:BatchCheckLayerAvailability\",\"ecr:BatchGetImage\",\"ecr:DescribeImages\",\"ecr:DescribeRepositories\",\"ecr:GetAuthorizationToken\",\"ecr:GetDownloadUrlForLayer\",\"ecr:GetRepositoryPolicy\",\"ecr:ListImages\"],\"Effect\":\"Allow\",\"Resource\":\"*\"},{\"Action\":[\"sqs:ReceiveMessage\",\"sqs:SendMessage\",\"sqs:SendMessageBatch\",\"sqs:DeleteMessage\",\"sqs:DeleteMessageBatch\",\"sqs:ChangeMessageVisibility\",\"sqs:ChangeMessageVisibilityBatch\"],\"Effect\":\"Allow\",\"Resource\":[\"*\"]},{\"Action\":\"eks:DescribeCluster\",\"Effect\":\"Allow\",\"Resource\":\"*\"}],\"Version\":\"2012-10-17\"}","policy_id":"ANPA25C6V373JTB4NJYBC","tags":{},"tags_all":{"Name":"udacity","Terraform":"true"}},"sensitive_values":{"tags":{},"tags_all":{}}},{"address":"module.project_eks.aws_iam_policy.k8s_auto_scaling","mode":"managed","type":"aws_iam_policy","name":"k8s_auto_scaling","provider_name":"registry.terraform.io/hashicorp/aws","schema_version":0,"values":{"arn":"arn:aws:iam::749670359030:policy/udacity-k8s-autoscale","description":"","id":"arn:aws:iam::749670359030:policy/udacity-k8s-autoscale","name":"udacity-k8s-autoscale","name_prefix":"","path":"/","policy":"{\"Statement\":[{\"Action\":[\"ec2:DescribeLaunchTemplateVersions\",\"autoscaling:TerminateInstanceInAutoScalingGroup\",\"autoscaling:SetDesiredCapacity\",\"autoscaling:DescribeTags\",\"autoscaling:DescribeLaunchConfigurations\",\"autoscaling:DescribeAutoScalingInstances\",\"autoscaling:DescribeAutoScalingGroups\"],\"Effect\":\"Allow\",\"Resource\":\"*\",\"Sid\":\"\"}],\"Version\":\"2012-10-17\"}","policy_id":"ANPA25C6V373ALJK3FZEV","tags":{},"tags_all":{"Name":"udacity","Terraform":"true"}},"sensitive_values":{"tags":{},"tags_all":{}}},{"address":"module.project_eks.aws_iam_role.cluster_autoscaler","mode":"managed","type":"aws_iam_role","name":"cluster_autoscaler","provider_name":"registry.terraform.io/hashicorp/aws","schema_version":0,"values":{"arn":"arn:aws:iam::749670359030:role/cluster_autoscaler","assume_role_policy":"{\"Statement\":[{\"Action\":\"sts:AssumeRoleWithWebIdentity\",\"Condition\":{\"StringEquals\":{\"oidc.eks.us-east-2.amazonaws.com/id/2E008C10D2E55B026FCD5084ED8E7FB7:sub\":\"system:serviceaccount:kube-system:cluster-autoscaler\"}},\"Effect\":\"Allow\",\"Principal\":{\"Federated\":\"arn:aws:iam::749670359030:oidc-provider/oidc.eks.us-east-2.amazonaws.com/id/2E008C10D2E55B026FCD5084ED8E7FB7\"},\"Sid\":\"\"}],\"Version\":\"2012-10-17\"}","create_date":"2023-05-15T11:45:06Z","description":"","force_detach_policies":false,"id":"cluster_autoscaler","inline_policy":[{"name":"cluster_autoscaler","policy":"{\"Version\":\"2012-10-17\",\"Statement\":[{\"Action\":[\"eks:DescribeNodegroup\",\"ec2:DescribeInstanceTypes\",\"autoscaling:TerminateInstanceInAutoScalingGroup\",\"autoscaling:SetDesiredCapacity\"],\"Condition\":{\"StringEquals\":{\"aws:ResourceTag/k8s.io/cluster-autoscaler/udacity-cluster\":\"owned\"}},\"Effect\":\"Allow\",\"Resource\":\"*\",\"Sid\":\"\"},{\"Action\":[\"ec2:DescribeLaunchTemplateVersions\",\"ec2:DescribeInstanceTypes\",\"autoscaling:TerminateInstanceInAutoScalingGroup\",\"autoscaling:SetDesiredCapacity\",\"autoscaling:DescribeTags\",\"autoscaling:DescribeLaunchConfigurations\",\"autoscaling:DescribeInstances\",\"autoscaling:DescribeAutoScalingInstances\",\"autoscaling:DescribeAutoScalingGroups\"],\"Effect\":\"Allow\",\"Resource\":\"*\",\"Sid\":\"\"}]}"}],"managed_policy_arns":[],"max_session_duration":3600,"name":"cluster_autoscaler","name_prefix":"","path":"/","permissions_boundary":null,"role_last_used":[{"last_used_date":"2023-05-15T18:38:28Z","region":"us-east-2"}],"tags":{},"tags_all":{"Name":"udacity","Terraform":"true"},"unique_id":"AROA25C6V373IKTS4J3OZ"},"sensitive_values":{"inline_policy":[{}],"managed_policy_arns":[],"role_last_used":[{}],"tags":{},"tags_all":{}}},{"address":"module.project_eks.aws_iam_role.eks_cluster_role","mode":"managed","type":"aws_iam_role","name":"eks_cluster_role","provider_name":"registry.terraform.io/hashicorp/aws","schema_version":0,"values":{"arn":"arn:aws:iam::749670359030:role/app-udacity-eks-cluster-role","assume_role_policy":"{\"Statement\":[{\"Action\":\"sts:AssumeRole\",\"Effect\":\"Allow\",\"Principal\":{\"Service\":\"eks.amazonaws.com\"},\"Sid\":\"\"}],\"Version\":\"2012-10-17\"}","create_date":"2023-05-15T07:25:00Z","description":"","force_detach_policies":false,"id":"app-udacity-eks-cluster-role","inline_policy":[],"managed_policy_arns":["arn:aws:iam::aws:policy/AmazonEKSClusterPolicy","arn:aws:iam::aws:policy/AmazonEKSServicePolicy"],"max_session_duration":3600,"name":"app-udacity-eks-cluster-role","name_prefix":"","path":"/","permissions_boundary":null,"role_last_used":[{"last_used_date":"2023-05-15T18:33:45Z","region":"us-east-2"}],"tags":{},"tags_all":{"Name":"udacity","Terraform":"true"},"unique_id":"AROA25C6V373M63TQU66C"},"sensitive_values":{"inline_policy":[],"managed_policy_arns":[false,false],"role_last_used":[{}],"tags":{},"tags_all":{}}},{"address":"module.project_eks.aws_iam_role.eks_node_cluster_role","mode":"managed","type":"aws_iam_role","name":"eks_node_cluster_role","provider_name":"registry.terraform.io/hashicorp/aws","schema_version":0,"values":{"arn":"arn:aws:iam::749670359030:role/app-udacity-eks-node-role","assume_role_policy":"{\"Statement\":[{\"Action\":\"sts:AssumeRole\",\"Effect\":\"Allow\",\"Principal\":{\"Service\":\"ec2.amazonaws.com\"},\"Sid\":\"\"}],\"Version\":\"2012-10-17\"}","create_date":"2023-05-15T07:25:00Z","description":"","force_detach_policies":false,"id":"app-udacity-eks-node-role","inline_policy":[],"managed_policy_arns":["arn:aws:iam::749670359030:policy/app-udacity-eks-cluster-role-cloudwatch-policy","arn:aws:iam::749670359030:policy/app-udacity-instance-policy","arn:aws:iam::aws:policy/AmazonEC2ContainerRegistryReadOnly","arn:aws:iam::aws:policy/AmazonEKSWorkerNodePolicy","arn:aws:iam::aws:policy/AmazonEKS_CNI_Policy","arn:aws:iam::aws:policy/CloudWatchAgentServerPolicy"],"max_session_duration":3600,"name":"app-udacity-eks-node-role","name_prefix":"","path":"/","permissions_boundary":null,"role_last_used":[{"last_used_date":"2023-05-15T18:34:22Z","region":"us-east-2"}],"tags":{},"tags_all":{"Name":"udacity","Terraform":"true"},"unique_id":"AROA25C6V373F7ULRT5ZU"},"sensitive_values":{"inline_policy":[],"managed_policy_arns":[false,false,false,false,false,false],"role_last_used":[{}],"tags":{},"tags_all":{}}},{"address":"module.project_eks.aws_iam_role_policy.cluster_autoscaler","mode":"managed","type":"aws_iam_role_policy","name":"cluster_autoscaler","provider_name":"registry.terraform.io/hashicorp/aws","schema_version":0,"values":{"id":"cluster_autoscaler:cluster_autoscaler","name":"cluster_autoscaler","name_prefix":null,"policy":"{\"Version\":\"2012-10-17\",\"Statement\":[{\"Action\":[\"eks:DescribeNodegroup\",\"ec2:DescribeInstanceTypes\",\"autoscaling:TerminateInstanceInAutoScalingGroup\",\"autoscaling:SetDesiredCapacity\"],\"Condition\":{\"StringEquals\":{\"aws:ResourceTag/k8s.io/cluster-autoscaler/udacity-cluster\":\"owned\"}},\"Effect\":\"Allow\",\"Resource\":\"*\",\"Sid\":\"\"},{\"Action\":[\"ec2:DescribeLaunchTemplateVersions\",\"ec2:DescribeInstanceTypes\",\"autoscaling:TerminateInstanceInAutoScalingGroup\",\"autoscaling:SetDesiredCapacity\",\"autoscaling:DescribeTags\",\"autoscaling:DescribeLaunchConfigurations\",\"autoscaling:DescribeInstances\",\"autoscaling:DescribeAutoScalingInstances\",\"autoscaling:DescribeAutoScalingGroups\"],\"Effect\":\"Allow\",\"Resource\":\"*\",\"Sid\":\"\"}]}","role":"cluster_autoscaler"},"sensitive_values":{}},{"address":"module.project_eks.aws_iam_role_policy_attachment.cluster_AmazonEKSCloudwatchPolicy","mode":"managed","type":"aws_iam_role_policy_attachment","name":"cluster_AmazonEKSCloudwatchPolicy","provider_name":"registry.terraform.io/hashicorp/aws","schema_version":0,"values":{"id":"app-udacity-eks-node-role-20230515072501813300000007","policy_arn":"arn:aws:iam::749670359030:policy/app-udacity-eks-cluster-role-cloudwatch-policy","role":"app-udacity-eks-node-role"},"sensitive_values":{}},{"address":"module.project_eks.aws_iam_role_policy_attachment.cluster_AmazonEKSClusterPolicy","mode":"managed","type":"aws_iam_role_policy_attachment","name":"cluster_AmazonEKSClusterPolicy","provider_name":"registry.terraform.io/hashicorp/aws","schema_version":0,"values":{"id":"app-udacity-eks-cluster-role-20230515072502041400000009","policy_arn":"arn:aws:iam::aws:policy/AmazonEKSClusterPolicy","role":"app-udacity-eks-cluster-role"},"sensitive_values":{}},{"address":"module.project_eks.aws_iam_role_policy_attachment.cluster_AmazonEKSServicePolicy","mode":"managed","type":"aws_iam_role_policy_attachment","name":"cluster_AmazonEKSServicePolicy","provider_name":"registry.terraform.io/hashicorp/aws","schema_version":0,"values":{"id":"app-udacity-eks-cluster-role-20230515072501727500000006","policy_arn":"arn:aws:iam::aws:policy/AmazonEKSServicePolicy","role":"app-udacity-eks-cluster-role"},"sensitive_values":{}},{"address":"module.project_eks.aws_iam_role_policy_attachment.node_AmazonEC2ContainerRegistryReadOnly","mode":"managed","type":"aws_iam_role_policy_attachment","name":"node_AmazonEC2ContainerRegistryReadOnly","provider_name":"registry.terraform.io/hashicorp/aws","schema_version":0,"values":{"id":"app-udacity-eks-node-role-20230515072501655200000005","policy_arn":"arn:aws:iam::aws:policy/AmazonEC2ContainerRegistryReadOnly","role":"app-udacity-eks-node-role"},"sensitive_values":{}},{"address":"module.project_eks.aws_iam_role_policy_attachment.node_AmazonEKSWorkerNodePolicy","mode":"managed","type":"aws_iam_role_policy_attachment","name":"node_AmazonEKSWorkerNodePolicy","provider_name":"registry.terraform.io/hashicorp/aws","schema_version":0,"values":{"id":"app-udacity-eks-node-role-2023051507250209990000000b","policy_arn":"arn:aws:iam::aws:policy/AmazonEKSWorkerNodePolicy","role":"app-udacity-eks-node-role"},"sensitive_values":{}},{"address":"module.project_eks.aws_iam_role_policy_attachment.node_AmazonEKS_CNI_Policy","mode":"managed","type":"aws_iam_role_policy_attachment","name":"node_AmazonEKS_CNI_Policy","provider_name":"registry.terraform.io/hashicorp/aws","schema_version":0,"values":{"id":"app-udacity-eks-node-role-2023051507250209380000000a","policy_arn":"arn:aws:iam::aws:policy/AmazonEKS_CNI_Policy","role":"app-udacity-eks-node-role"},"sensitive_values":{}},{"address":"module.project_eks.aws_iam_role_policy_attachment.node_CloudWatchAgentServerPolicy","mode":"managed","type":"aws_iam_role_policy_attachment","name":"node_CloudWatchAgentServerPolicy","provider_name":"registry.terraform.io/hashicorp/aws","schema_version":0,"values":{"id":"app-udacity-eks-node-role-20230515072501606700000004","policy_arn":"arn:aws:iam::aws:policy/CloudWatchAgentServerPolicy","role":"app-udacity-eks-node-role"},"sensitive_values":{}},{"address":"module.project_eks.aws_iam_role_policy_attachment.node_harmony_policy_attachment","mode":"managed","type":"aws_iam_role_policy_attachment","name":"node_harmony_policy_attachment","provider_name":"registry.terraform.io/hashicorp/aws","schema_version":0,"values":{"id":"app-udacity-eks-node-role-20230515072501859900000008","policy_arn":"arn:aws:iam::749670359030:policy/app-udacity-instance-policy","role":"app-udacity-eks-node-role"},"sensitive_values":{}},{"address":"module.project_eks.helm_release.cluster-autoscaler","mode":"managed","type":"helm_release","name":"cluster-autoscaler","provider_name":"registry.terraform.io/hashicorp/helm","schema_version":1,"values":{"atomic":false,"chart":"cluster-autoscaler","cleanup_on_fail":false,"create_namespace":false,"dependency_update":false,"description":null,"devel":null,"disable_crd_hooks":false,"disable_openapi_validation":false,"disable_webhooks":false,"force_update":false,"id":"cluster-autoscaler","keyring":null,"lint":false,"manifest":null,"max_history":0,"metadata":[{"app_version":"1.23.0","chart":"cluster-autoscaler","name":"cluster-autoscaler","namespace":"kube-system","revision":1,"values":"{\"autoDiscovery\":{\"clusterName\":\"udacity-cluster\"},\"awsRegion\":\"us-east-2\",\"cloudProvider\":\"aws\",\"fullnameOverride\":\"cluster-autoscaler\",\"rbac\":{\"serviceAccount\":{\"annotations\":{\"eks.amazonaws.com/role-arn\":\"arn:aws:iam::749670359030:role/cluster_autoscaler\"},\"name\":\"cluster-autoscaler\"}}}","version":"9.19.4"}],"name":"cluster-autoscaler","namespace":"kube-system","pass_credentials":false,"postrender":[],"recreate_pods":false,"render_subchart_notes":true,"replace":false,"repository":"https://kubernetes.github.io/autoscaler","repository_ca_file":null,"repository_cert_file":null,"repository_key_file":null,"repository_password":null,"repository_username":null,"reset_values":false,"reuse_values":false,"set":[{"name":"autoDiscovery.clusterName","type":"","value":"udacity-cluster"},{"name":"awsRegion","type":"","value":"us-east-2"},{"name":"cloudProvider","type":"","value":"aws"},{"name":"fullnameOverride","type":"","value":"cluster-autoscaler"},{"name":"rbac.serviceAccount.annotations.eks\\.amazonaws\\.com/role-arn","type":"string","value":"arn:aws:iam::749670359030:role/cluster_autoscaler"},{"name":"rbac.serviceAccount.name","type":"","value":"cluster-autoscaler"}],"set_sensitive":[],"skip_crds":false,"status":"deployed","timeout":300,"values":null,"verify":false,"version":"9.19.4","wait":true,"wait_for_jobs":false},"sensitive_values":{"metadata":[{}],"postrender":[],"set":[{},{},{},{},{},{}],"set_sensitive":[]}}],"address":"module.project_eks"},{"resources":[{"address":"module.vpc.aws_eip.nat[0]","mode":"managed","type":"aws_eip","name":"nat","index":0,"provider_name":"registry.terraform.io/hashicorp/aws","schema_version":0,"values":{"address":null,"allocation_id":"eipalloc-00d80daff237d6432","associate_with_private_ip":null,"association_id":"eipassoc-01ec1683be892a933","carrier_ip":"","customer_owned_ip":"","customer_owned_ipv4_pool":"","domain":"vpc","id":"eipalloc-00d80daff237d6432","instance":"","network_border_group":"us-east-2","network_interface":"eni-0eb82cb3a28ab45f8","private_dns":"ip-10-100-10-215.us-east-2.compute.internal","private_ip":"10.100.10.215","public_dns":"ec2-3-141-233-16.us-east-2.compute.amazonaws.com","public_ip":"3.141.233.16","public_ipv4_pool":"amazon","tags":{"Name":"udacity-project-us-east-2a"},"tags_all":{"Name":"udacity-project-us-east-2a","Terraform":"true"},"timeouts":null,"vpc":true},"sensitive_values":{"tags":{},"tags_all":{}}},{"address":"module.vpc.aws_internet_gateway.this[0]","mode":"managed","type":"aws_internet_gateway","name":"this","index":0,"provider_name":"registry.terraform.io/hashicorp/aws","schema_version":0,"values":{"arn":"arn:aws:ec2:us-east-2:749670359030:internet-gateway/igw-07977ad3352d04396","id":"igw-07977ad3352d04396","owner_id":"749670359030","tags":{"Name":"udacity-project"},"tags_all":{"Name":"udacity-project","Terraform":"true"},"timeouts":null,"vpc_id":"vpc-03d1cb8635266e5ec"},"sensitive_values":{"tags":{},"tags_all":{}}},{"address":"module.vpc.aws_nat_gateway.this[0]","mode":"managed","type":"aws_nat_gateway","name":"this","index":0,"provider_name":"registry.terraform.io/hashicorp/aws","schema_version":0,"values":{"allocation_id":"eipalloc-00d80daff237d6432","connectivity_type":"public","subnet_id":"subnet-07dda607965955cf0","tags":{"Name":"udacity-project-us-east-2a"},"tags_all":{"Name":"udacity-project-us-east-2a","Terraform":"true"}},"sensitive_values":{"tags":{},"tags_all":{}}},{"address":"module.vpc.aws_route.private_nat_gateway[0]","mode":"managed","type":"aws_route","name":"private_nat_gateway","index":0,"provider_name":"registry.terraform.io/hashicorp/aws","schema_version":0,"values":{"carrier_gateway_id":null,"core_network_arn":null,"destination_cidr_block":"0.0.0.0/0","destination_ipv6_cidr_block":null,"destination_prefix_list_id":null,"egress_only_gateway_id":null,"gateway_id":null,"local_gateway_id":null,"timeouts":{"create":"5m","delete":null,"update":null},"transit_gateway_id":null,"vpc_endpoint_id":null,"vpc_peering_connection_id":null},"sensitive_values":{"timeouts":{}}},{"address":"module.vpc.aws_route.private_nat_gateway[1]","mode":"managed","type":"aws_route","name":"private_nat_gateway","index":1,"provider_name":"registry.terraform.io/hashicorp/aws","schema_version":0,"values":{"carrier_gateway_id":null,"core_network_arn":null,"destination_cidr_block":"0.0.0.0/0","destination_ipv6_cidr_block":null,"destination_prefix_list_id":null,"egress_only_gateway_id":null,"gateway_id":null,"local_gateway_id":null,"timeouts":{"create":"5m","delete":null,"update":null},"transit_gateway_id":null,"vpc_endpoint_id":null,"vpc_peering_connection_id":null},"sensitive_values":{"timeouts":{}}},{"address":"module.vpc.aws_route.private_nat_gateway[2]","mode":"managed","type":"aws_route","name":"private_nat_gateway","index":2,"provider_name":"registry.terraform.io/hashicorp/aws","schema_version":0,"values":{"carrier_gateway_id":null,"core_network_arn":null,"destination_cidr_block":"0.0.0.0/0","destination_ipv6_cidr_block":null,"destination_prefix_list_id":null,"egress_only_gateway_id":null,"gateway_id":null,"local_gateway_id":null,"timeouts":{"create":"5m","delete":null,"update":null},"transit_gateway_id":null,"vpc_endpoint_id":null,"vpc_peering_connection_id":null},"sensitive_values":{"timeouts":{}}},{"address":"module.vpc.aws_route.public_internet_gateway[0]","mode":"managed","type":"aws_route","name":"public_internet_gateway","index":0,"provider_name":"registry.terraform.io/hashicorp/aws","schema_version":0,"values":{"carrier_gateway_id":null,"core_network_arn":null,"destination_cidr_block":"0.0.0.0/0","destination_ipv6_cidr_block":null,"destination_prefix_list_id":null,"egress_only_gateway_id":null,"gateway_id":"igw-07977ad3352d04396","local_gateway_id":null,"nat_gateway_id":null,"timeouts":{"create":"5m","delete":null,"update":null},"transit_gateway_id":null,"vpc_endpoint_id":null,"vpc_peering_connection_id":null},"sensitive_values":{"timeouts":{}}},{"address":"module.vpc.aws_route.public_internet_gateway[1]","mode":"managed","type":"aws_route","name":"public_internet_gateway","index":1,"provider_name":"registry.terraform.io/hashicorp/aws","schema_version":0,"values":{"carrier_gateway_id":null,"core_network_arn":null,"destination_cidr_block":"0.0.0.0/0","destination_ipv6_cidr_block":null,"destination_prefix_list_id":null,"egress_only_gateway_id":null,"gateway_id":"igw-07977ad3352d04396","local_gateway_id":null,"nat_gateway_id":null,"timeouts":{"create":"5m","delete":null,"update":null},"transit_gateway_id":null,"vpc_endpoint_id":null,"vpc_peering_connection_id":null},"sensitive_values":{"timeouts":{}}},{"address":"module.vpc.aws_route.public_internet_gateway[2]","mode":"managed","type":"aws_route","name":"public_internet_gateway","index":2,"provider_name":"registry.terraform.io/hashicorp/aws","schema_version":0,"values":{"carrier_gateway_id":null,"core_network_arn":null,"destination_cidr_block":"0.0.0.0/0","destination_ipv6_cidr_block":null,"destination_prefix_list_id":null,"egress_only_gateway_id":null,"gateway_id":"igw-07977ad3352d04396","local_gateway_id":null,"nat_gateway_id":null,"timeouts":{"create":"5m","delete":null,"update":null},"transit_gateway_id":null,"vpc_endpoint_id":null,"vpc_peering_connection_id":null},"sensitive_values":{"timeouts":{}}},{"address":"module.vpc.aws_route_table.private[0]","mode":"managed","type":"aws_route_table","name":"private","index":0,"provider_name":"registry.terraform.io/hashicorp/aws","schema_version":0,"values":{"tags":{"Name":"udacity-project-private-us-east-2a"},"tags_all":{"Name":"udacity-project-private-us-east-2a","Terraform":"true"},"timeouts":null,"vpc_id":"vpc-03d1cb8635266e5ec"},"sensitive_values":{"propagating_vgws":[],"route":[],"tags":{},"tags_all":{}}},{"address":"module.vpc.aws_route_table.private[1]","mode":"managed","type":"aws_route_table","name":"private","index":1,"provider_name":"registry.terraform.io/hashicorp/aws","schema_version":0,"values":{"tags":{"Name":"udacity-project-private-us-east-2b"},"tags_all":{"Name":"udacity-project-private-us-east-2b","Terraform":"true"},"timeouts":null,"vpc_id":"vpc-03d1cb8635266e5ec"},"sensitive_values":{"propagating_vgws":[],"route":[],"tags":{},"tags_all":{}}},{"address":"module.vpc.aws_route_table.private[2]","mode":"managed","type":"aws_route_table","name":"private","index":2,"provider_name":"registry.terraform.io/hashicorp/aws","schema_version":0,"values":{"tags":{"Name":"udacity-project-private-us-east-2c"},"tags_all":{"Name":"udacity-project-private-us-east-2c","Terraform":"true"},"timeouts":null,"vpc_id":"vpc-03d1cb8635266e5ec"},"sensitive_values":{"propagating_vgws":[],"route":[],"tags":{},"tags_all":{}}},{"address":"module.vpc.aws_route_table.public[0]","mode":"managed","type":"aws_route_table","name":"public","index":0,"provider_name":"registry.terraform.io/hashicorp/aws","schema_version":0,"values":{"tags":{"Name":"udacity-project-public"},"tags_all":{"Name":"udacity-project-public","Terraform":"true"},"timeouts":null,"vpc_id":"vpc-03d1cb8635266e5ec"},"sensitive_values":{"propagating_vgws":[],"route":[],"tags":{},"tags_all":{}}},{"address":"module.vpc.aws_route_table_association.private[0]","mode":"managed","type":"aws_route_table_association","name":"private","index":0,"provider_name":"registry.terraform.io/hashicorp/aws","schema_version":0,"values":{"gateway_id":null,"subnet_id":"subnet-09a36a2e56e6e5845","timeouts":null},"sensitive_values":{}},{"address":"module.vpc.aws_route_table_association.private[1]","mode":"managed","type":"aws_route_table_association","name":"private","index":1,"provider_name":"registry.terraform.io/hashicorp/aws","schema_version":0,"values":{"gateway_id":null,"subnet_id":"subnet-0d4c551856d32f0ef","timeouts":null},"sensitive_values":{}},{"address":"module.vpc.aws_route_table_association.private[2]","mode":"managed","type":"aws_route_table_association","name":"private","index":2,"provider_name":"registry.terraform.io/hashicorp/aws","schema_version":0,"values":{"gateway_id":null,"subnet_id":"subnet-0e244e6d234aa4081","timeouts":null},"sensitive_values":{}},{"address":"module.vpc.aws_route_table_association.public[0]","mode":"managed","type":"aws_route_table_association","name":"public","index":0,"provider_name":"registry.terraform.io/hashicorp/aws","schema_version":0,"values":{"gateway_id":null,"subnet_id":"subnet-07dda607965955cf0","timeouts":null},"sensitive_values":{}},{"address":"module.vpc.aws_route_table_association.public[1]","mode":"managed","type":"aws_route_table_association","name":"public","index":1,"provider_name":"registry.terraform.io/hashicorp/aws","schema_version":0,"values":{"gateway_id":null,"subnet_id":"subnet-0c0cb64a89b10417a","timeouts":null},"sensitive_values":{}},{"address":"module.vpc.aws_route_table_association.public[2]","mode":"managed","type":"aws_route_table_association","name":"public","index":2,"provider_name":"registry.terraform.io/hashicorp/aws","schema_version":0,"values":{"gateway_id":null,"subnet_id":"subnet-0fc54ab84f74dc33e","timeouts":null},"sensitive_values":{}},{"address":"module.vpc.aws_subnet.private[0]","mode":"managed","type":"aws_subnet","name":"private","index":0,"provider_name":"registry.terraform.io/hashicorp/aws","schema_version":1,"values":{"arn":"arn:aws:ec2:us-east-2:749670359030:subnet/subnet-09a36a2e56e6e5845","assign_ipv6_address_on_creation":false,"availability_zone":"us-east-2a","availability_zone_id":"use2-az1","cidr_block":"10.100.1.0/24","customer_owned_ipv4_pool":"","enable_dns64":false,"enable_lni_at_device_index":0,"enable_resource_name_dns_a_record_on_launch":false,"enable_resource_name_dns_aaaa_record_on_launch":false,"id":"subnet-09a36a2e56e6e5845","ipv6_cidr_block":"","ipv6_cidr_block_association_id":"","ipv6_native":false,"map_customer_owned_ip_on_launch":false,"map_public_ip_on_launch":false,"outpost_arn":"","owner_id":"749670359030","private_dns_hostname_type_on_launch":"ip-name","tags":{"Name":"udacity-project-private-us-east-2a","kubernetes.io/role/internal-elb":"1"},"tags_all":{"Name":"udacity-project-private-us-east-2a","Terraform":"true","kubernetes.io/role/internal-elb":"1"},"timeouts":null,"vpc_id":"vpc-03d1cb8635266e5ec"},"sensitive_values":{"tags":{},"tags_all":{}}},{"address":"module.vpc.aws_subnet.private[1]","mode":"managed","type":"aws_subnet","name":"private","index":1,"provider_name":"registry.terraform.io/hashicorp/aws","schema_version":1,"values":{"arn":"arn:aws:ec2:us-east-2:749670359030:subnet/subnet-0d4c551856d32f0ef","assign_ipv6_address_on_creation":false,"availability_zone":"us-east-2b","availability_zone_id":"use2-az2","cidr_block":"10.100.2.0/24","customer_owned_ipv4_pool":"","enable_dns64":false,"enable_lni_at_device_index":0,"enable_resource_name_dns_a_record_on_launch":false,"enable_resource_name_dns_aaaa_record_on_launch":false,"id":"subnet-0d4c551856d32f0ef","ipv6_cidr_block":"","ipv6_cidr_block_association_id":"","ipv6_native":false,"map_customer_owned_ip_on_launch":false,"map_public_ip_on_launch":false,"outpost_arn":"","owner_id":"749670359030","private_dns_hostname_type_on_launch":"ip-name","tags":{"Name":"udacity-project-private-us-east-2b","kubernetes.io/role/internal-elb":"1"},"tags_all":{"Name":"udacity-project-private-us-east-2b","Terraform":"true","kubernetes.io/role/internal-elb":"1"},"timeouts":null,"vpc_id":"vpc-03d1cb8635266e5ec"},"sensitive_values":{"tags":{},"tags_all":{}}},{"address":"module.vpc.aws_subnet.private[2]","mode":"managed","type":"aws_subnet","name":"private","index":2,"provider_name":"registry.terraform.io/hashicorp/aws","schema_version":1,"values":{"arn":"arn:aws:ec2:us-east-2:749670359030:subnet/subnet-0e244e6d234aa4081","assign_ipv6_address_on_creation":false,"availability_zone":"us-east-2c","availability_zone_id":"use2-az3","cidr_block":"10.100.3.0/24","customer_owned_ipv4_pool":"","enable_dns64":false,"enable_lni_at_device_index":0,"enable_resource_name_dns_a_record_on_launch":false,"enable_resource_name_dns_aaaa_record_on_launch":false,"id":"subnet-0e244e6d234aa4081","ipv6_cidr_block":"","ipv6_cidr_block_association_id":"","ipv6_native":false,"map_customer_owned_ip_on_launch":false,"map_public_ip_on_launch":false,"outpost_arn":"","owner_id":"749670359030","private_dns_hostname_type_on_launch":"ip-name","tags":{"Name":"udacity-project-private-us-east-2c","kubernetes.io/role/internal-elb":"1"},"tags_all":{"Name":"udacity-project-private-us-east-2c","Terraform":"true","kubernetes.io/role/internal-elb":"1"},"timeouts":null,"vpc_id":"vpc-03d1cb8635266e5ec"},"sensitive_values":{"tags":{},"tags_all":{}}},{"address":"module.vpc.aws_subnet.public[0]","mode":"managed","type":"aws_subnet","name":"public","index":0,"provider_name":"registry.terraform.io/hashicorp/aws","schema_version":1,"values":{"arn":"arn:aws:ec2:us-east-2:749670359030:subnet/subnet-07dda607965955cf0","assign_ipv6_address_on_creation":false,"availability_zone":"us-east-2a","availability_zone_id":"use2-az1","cidr_block":"10.100.10.0/24","customer_owned_ipv4_pool":"","enable_dns64":false,"enable_lni_at_device_index":0,"enable_resource_name_dns_a_record_on_launch":false,"enable_resource_name_dns_aaaa_record_on_launch":false,"id":"subnet-07dda607965955cf0","ipv6_cidr_block":"","ipv6_cidr_block_association_id":"","ipv6_native":false,"map_customer_owned_ip_on_launch":false,"map_public_ip_on_launch":true,"outpost_arn":"","owner_id":"749670359030","private_dns_hostname_type_on_launch":"ip-name","tags":{"Name":"udacity-project-public-us-east-2a","kubernetes.io/role/elb":"1"},"tags_all":{"Name":"udacity-project-public-us-east-2a","Terraform":"true","kubernetes.io/role/elb":"1"},"timeouts":null,"vpc_id":"vpc-03d1cb8635266e5ec"},"sensitive_values":{"tags":{},"tags_all":{}}},{"address":"module.vpc.aws_subnet.public[1]","mode":"managed","type":"aws_subnet","name":"public","index":1,"provider_name":"registry.terraform.io/hashicorp/aws","schema_version":1,"values":{"arn":"arn:aws:ec2:us-east-2:749670359030:subnet/subnet-0c0cb64a89b10417a","assign_ipv6_address_on_creation":false,"availability_zone":"us-east-2b","availability_zone_id":"use2-az2","cidr_block":"10.100.11.0/24","customer_owned_ipv4_pool":"","enable_dns64":false,"enable_lni_at_device_index":0,"enable_resource_name_dns_a_record_on_launch":false,"enable_resource_name_dns_aaaa_record_on_launch":false,"id":"subnet-0c0cb64a89b10417a","ipv6_cidr_block":"","ipv6_cidr_block_association_id":"","ipv6_native":false,"map_customer_owned_ip_on_launch":false,"map_public_ip_on_launch":true,"outpost_arn":"","owner_id":"749670359030","private_dns_hostname_type_on_launch":"ip-name","tags":{"Name":"udacity-project-public-us-east-2b","kubernetes.io/role/elb":"1"},"tags_all":{"Name":"udacity-project-public-us-east-2b","Terraform":"true","kubernetes.io/role/elb":"1"},"timeouts":null,"vpc_id":"vpc-03d1cb8635266e5ec"},"sensitive_values":{"tags":{},"tags_all":{}}},{"address":"module.vpc.aws_subnet.public[2]","mode":"managed","type":"aws_subnet","name":"public","index":2,"provider_name":"registry.terraform.io/hashicorp/aws","schema_version":1,"values":{"arn":"arn:aws:ec2:us-east-2:749670359030:subnet/subnet-0fc54ab84f74dc33e","assign_ipv6_address_on_creation":false,"availability_zone":"us-east-2c","availability_zone_id":"use2-az3","cidr_block":"10.100.12.0/24","customer_owned_ipv4_pool":"","enable_dns64":false,"enable_lni_at_device_index":0,"enable_resource_name_dns_a_record_on_launch":false,"enable_resource_name_dns_aaaa_record_on_launch":false,"id":"subnet-0fc54ab84f74dc33e","ipv6_cidr_block":"","ipv6_cidr_block_association_id":"","ipv6_native":false,"map_customer_owned_ip_on_launch":false,"map_public_ip_on_launch":true,"outpost_arn":"","owner_id":"749670359030","private_dns_hostname_type_on_launch":"ip-name","tags":{"Name":"udacity-project-public-us-east-2c","kubernetes.io/role/elb":"1"},"tags_all":{"Name":"udacity-project-public-us-east-2c","Terraform":"true","kubernetes.io/role/elb":"1"},"timeouts":null,"vpc_id":"vpc-03d1cb8635266e5ec"},"sensitive_values":{"tags":{},"tags_all":{}}},{"address":"module.vpc.aws_vpc.this","mode":"managed","type":"aws_vpc","name":"this","provider_name":"registry.terraform.io/hashicorp/aws","schema_version":1,"values":{"arn":"arn:aws:ec2:us-east-2:749670359030:vpc/vpc-03d1cb8635266e5ec","assign_generated_ipv6_cidr_block":false,"cidr_block":"10.100.0.0/16","default_network_acl_id":"acl-08b6c1b53fb5d7ab0","default_route_table_id":"rtb-0a2a8e0d526e0b3b4","default_security_group_id":"sg-04985490df8b297d7","dhcp_options_id":"dopt-0a017acd8dc59edfa","enable_classiclink":false,"enable_classiclink_dns_support":false,"enable_dns_hostnames":true,"enable_dns_support":true,"enable_network_address_usage_metrics":false,"id":"vpc-03d1cb8635266e5ec","instance_tenancy":"default","ipv4_ipam_pool_id":null,"ipv4_netmask_length":null,"ipv6_association_id":"","ipv6_cidr_block":"","ipv6_cidr_block_network_border_group":"","ipv6_ipam_pool_id":"","ipv6_netmask_length":0,"main_route_table_id":"rtb-0a2a8e0d526e0b3b4","owner_id":"749670359030","tags":{"Name":"udacity-project"},"tags_all":{"Name":"udacity-project","Terraform":"true"}},"sensitive_values":{"tags":{},"tags_all":{}}}],"address":"module.vpc"}]}},"resource_drift":[{"address":"aws_route53_record.blue","mode":"managed","type":"aws_route53_record","name":"blue","provider_name":"registry.terraform.io/hashicorp/aws","change":{"actions":["delete"],"before":{"alias":[],"allow_overwrite":null,"cidr_routing_policy":[],"failover_routing_policy":[],"fqdn":"blue-green.udacityproject.com","geolocation_routing_policy":[],"health_check_id":"","id":"Z03014184POXOBXWR564_blue-green_CNAME_blue","latency_routing_policy":[],"multivalue_answer_routing_policy":false,"name":"blue-green","records":["a9a9fd1ce875f4ff186cb6c696d349d6-9bcaf011bc94689b.elb.us-east-2.amazonaws.com"],"set_identifier":"blue","ttl":5,"type":"CNAME","weighted_routing_policy":[{"weight":0}],"zone_id":"Z03014184POXOBXWR564"},"after":null,"after_unknown":{},"before_sensitive":{"alias":[],"cidr_routing_policy":[],"failover_routing_policy":[],"geolocation_routing_policy":[],"latency_routing_policy":[],"records":[false],"weighted_routing_policy":[{}]},"after_sensitive":false}},{"address":"aws_route53_record.green","mode":"managed","type":"aws_route53_record","name":"green","provider_name":"registry.terraform.io/hashicorp/aws","change":{"actions":["delete"],"before":{"alias":[],"allow_overwrite":null,"cidr_routing_policy":[],"failover_routing_policy":[],"fqdn":"blue-green.udacityproject.com","geolocation_routing_policy":[],"health_check_id":"","id":"Z03014184POXOBXWR564_blue-green_CNAME_green","latency_routing_policy":[],"multivalue_answer_routing_policy":false,"name":"blue-green","records":["a0119e2c1d76345e78e4a063279da205-bc7b807e13e1a01f.elb.us-east-2.amazonaws.com"],"set_identifier":"green","ttl":5,"type":"CNAME","weighted_routing_policy":[{"weight":2}],"zone_id":"Z03014184POXOBXWR564"},"after":null,"after_unknown":{},"before_sensitive":{"alias":[],"cidr_routing_policy":[],"failover_routing_policy":[],"geolocation_routing_policy":[],"latency_routing_policy":[],"records":[false],"weighted_routing_policy":[{}]},"after_sensitive":false}},{"address":"aws_route53_zone.private_dns","mode":"managed","type":"aws_route53_zone","name":"private_dns","provider_name":"registry.terraform.io/hashicorp/aws","change":{"actions":["delete"],"before":{"arn":"arn:aws:route53:::hostedzone/Z03014184POXOBXWR564","comment":"DNS for Udacity Projects","delegation_set_id":"","force_destroy":false,"id":"Z03014184POXOBXWR564","name":"udacityproject.com","name_servers":["ns-0.awsdns-00.com.","ns-1024.awsdns-00.org.","ns-1536.awsdns-00.co.uk.","ns-512.awsdns-00.net."],"primary_name_server":"ns-0.awsdns-00.com.","tags":{},"tags_all":{"Name":"udacity","Terraform":"true"},"vpc":[{"vpc_id":"vpc-03d1cb8635266e5ec","vpc_region":"us-east-2"}],"zone_id":"Z03014184POXOBXWR564"},"after":null,"after_unknown":{},"before_sensitive":{"name_servers":[false,false,false,false],"tags":{},"tags_all":{},"vpc":[{}]},"after_sensitive":false}},{"address":"aws_security_group.ssh_access","mode":"managed","type":"aws_security_group","name":"ssh_access","provider_name":"registry.terraform.io/hashicorp/aws","change":{"actions":["delete"],"before":{"arn":"arn:aws:ec2:us-east-2:749670359030:security-group/sg-01552ee90a83a1cfe","description":"Allow SSH inbound traffic","egress":[{"cidr_blocks":["0.0.0.0/0"],"description":"","from_port":80,"ipv6_cidr_blocks":["::/0"],"prefix_list_ids":[],"protocol":"tcp","security_groups":[],"self":false,"to_port":80}],"id":"sg-01552ee90a83a1cfe","ingress":[{"cidr_blocks":["0.0.0.0/0"],"description":"","from_port":22,"ipv6_cidr_blocks":["::/0"],"prefix_list_ids":[],"protocol":"tcp","security_groups":[],"self":false,"to_port":22}],"name":"ssh-access","name_prefix":"","owner_id":"749670359030","revoke_rules_on_delete":false,"tags":{"Name":"ssh_access"},"tags_all":{"Name":"ssh_access","Terraform":"true"},"timeouts":null,"vpc_id":"vpc-03d1cb8635266e5ec"},"after":null,"after_unknown":{},"before_sensitive":{"egress":[{"cidr_blocks":[false],"ipv6_cidr_blocks":[false],"prefix_list_ids":[],"security_groups":[]}],"ingress":[{"cidr_blocks":[false],"ipv6_cidr_blocks":[false],"prefix_list_ids":[],"security_groups":[]}],"tags":{},"tags_all":{}},"after_sensitive":false}},{"address":"helm_release.metrics","mode":"managed","type":"helm_release","name":"metrics","provider_name":"registry.terraform.io/hashicorp/helm","change":{"actions":["delete"],"before":{"atomic":false,"chart":"metrics-server","cleanup_on_fail":false,"create_namespace":false,"dependency_update":false,"description":null,"devel":null,"disable_crd_hooks":false,"disable_openapi_validation":false,"disable_webhooks":false,"force_update":false,"id":"metrics-server","keyring":null,"lint":false,"manifest":null,"max_history":0,"metadata":[{"app_version":"0.6.1","chart":"metrics-server","name":"metrics-server","namespace":"kube-system","revision":1,"values":"null","version":"3.8.2"}],"name":"metrics-server","namespace":"kube-system","pass_credentials":false,"postrender":[],"recreate_pods":false,"render_subchart_notes":true,"replace":false,"repository":"https://kubernetes-sigs.github.io/metrics-server/","repository_ca_file":null,"repository_cert_file":null,"repository_key_file":null,"repository_password":null,"repository_username":null,"reset_values":false,"reuse_values":false,"set":[],"set_sensitive":[],"skip_crds":false,"status":"deployed","timeout":300,"values":null,"verify":false,"version":"3.8.2","wait":true,"wait_for_jobs":false},"after":null,"after_unknown":{},"before_sensitive":{"metadata":[{}],"postrender":[],"repository_password":true,"set":[],"set_sensitive":[]},"after_sensitive":false}},{"address":"kubernetes_namespace.udacity","mode":"managed","type":"kubernetes_namespace","name":"udacity","provider_name":"registry.terraform.io/hashicorp/kubernetes","change":{"actions":["update"],"before":{"id":"udacity","metadata":[{"annotations":{},"generate_name":"","generation":0,"labels":{},"name":"udacity","resource_version":"1269","uid":"19dfdf58-3893-4983-a063-fcc79178655a"}],"timeouts":null},"after":{"id":"udacity","metadata":[{"annotations":{},"generate_name":"","generation":0,"labels":{},"name":"udacity","resource_version":"121223","uid":"19dfdf58-3893-4983-a063-fcc79178655a"}],"timeouts":null},"after_unknown":{},"before_sensitive":{"metadata":[{"annotations":{},"labels":{}}]},"after_sensitive":{"metadata":[{"annotations":{},"labels":{}}]}}},{"address":"kubernetes_service.blue","mode":"managed","type":"kubernetes_service","name":"blue","provider_name":"registry.terraform.io/hashicorp/kubernetes","change":{"actions":["delete"],"before":{"id":"udacity/blue-svc","metadata":[{"annotations":{"service.beta.kubernetes.io/aws-load-balancer-nlb-target-type":"ip","service.beta.kubernetes.io/aws-load-balancer-type":"nlb"},"generate_name":"","generation":0,"labels":{},"name":"blue-svc","namespace":"udacity","resource_version":"1285","uid":"9a9fd1ce-875f-4ff1-86cb-6c696d349d65"}],"spec":[{"allocate_load_balancer_node_ports":true,"cluster_ip":"172.20.44.39","cluster_ips":["172.20.44.39"],"external_ips":[],"external_name":"","external_traffic_policy":"Cluster","health_check_node_port":0,"internal_traffic_policy":"Cluster","ip_families":["IPv4"],"ip_family_policy":"SingleStack","load_balancer_class":"","load_balancer_ip":"","load_balancer_source_ranges":[],"port":[{"app_protocol":"","name":"","node_port":30021,"port":80,"protocol":"TCP","target_port":"80"}],"publish_not_ready_addresses":false,"selector":{"app":"blue"},"session_affinity":"None","session_affinity_config":[],"type":"LoadBalancer"}],"status":[{"load_balancer":[{"ingress":[{"hostname":"a9a9fd1ce875f4ff186cb6c696d349d6-9bcaf011bc94689b.elb.us-east-2.amazonaws.com","ip":""}]}]}],"timeouts":null,"wait_for_load_balancer":true},"after":null,"after_unknown":{},"before_sensitive":{"metadata":[{"annotations":{},"labels":{}}],"spec":[{"cluster_ips":[false],"external_ips":[],"ip_families":[false],"load_balancer_source_ranges":[],"port":[{}],"selector":{},"session_affinity_config":[]}],"status":[{"load_balancer":[{"ingress":[{}]}]}]},"after_sensitive":false}},{"address":"kubernetes_service.green","mode":"managed","type":"kubernetes_service","name":"green","provider_name":"registry.terraform.io/hashicorp/kubernetes","change":{"actions":["delete"],"before":{"id":"udacity/green-svc","metadata":[{"annotations":{"service.beta.kubernetes.io/aws-load-balancer-nlb-target-type":"ip","service.beta.kubernetes.io/aws-load-balancer-type":"nlb"},"generate_name":"","generation":0,"labels":{},"name":"green-svc","namespace":"udacity","resource_version":"28888","uid":"0119e2c1-d763-45e7-8e4a-063279da2056"}],"spec":[{"allocate_load_balancer_node_ports":true,"cluster_ip":"172.20.144.117","cluster_ips":["172.20.144.117"],"external_ips":[],"external_name":"","external_traffic_policy":"Cluster","health_check_node_port":0,"internal_traffic_policy":"Cluster","ip_families":["IPv4"],"ip_family_policy":"SingleStack","load_balancer_class":"","load_balancer_ip":"","load_balancer_source_ranges":[],"port":[{"app_protocol":"","name":"","node_port":32289,"port":80,"protocol":"TCP","target_port":"80"}],"publish_not_ready_addresses":false,"selector":{"app":"green"},"session_affinity":"None","session_affinity_config":[],"type":"LoadBalancer"}],"status":[{"load_balancer":[{"ingress":[{"hostname":"a0119e2c1d76345e78e4a063279da205-bc7b807e13e1a01f.elb.us-east-2.amazonaws.com","ip":""}]}]}],"timeouts":null,"wait_for_load_balancer":true},"after":null,"after_unknown":{},"before_sensitive":{"metadata":[{"annotations":{},"labels":{}}],"spec":[{"cluster_ips":[false],"external_ips":[],"ip_families":[false],"load_balancer_source_ranges":[],"port":[{}],"selector":{},"session_affinity_config":[]}],"status":[{"load_balancer":[{"ingress":[{}]}]}]},"after_sensitive":false}},{"address":"module.ec2_instance.aws_instance.this[0]","module_address":"module.ec2_instance","mode":"managed","type":"aws_instance","name":"this","index":0,"provider_name":"registry.terraform.io/hashicorp/aws","change":{"actions":["delete"],"before":{"ami":"ami-04148302a14f7d12b","arn":"arn:aws:ec2:us-east-2:749670359030:instance/i-0c4ead836082f122c","associate_public_ip_address":false,"availability_zone":"us-east-2a","capacity_reservation_specification":[{"capacity_reservation_preference":"open","capacity_reservation_target":[]}],"cpu_core_count":1,"cpu_options":[{"amd_sev_snp":"","core_count":1,"threads_per_core":1}],"cpu_threads_per_core":1,"credit_specification":[{"cpu_credits":"standard"}],"disable_api_stop":false,"disable_api_termination":false,"ebs_block_device":[],"ebs_optimized":false,"enclave_options":[{"enabled":false}],"ephemeral_block_device":[],"get_password_data":false,"hibernation":false,"host_id":"","host_resource_group_arn":null,"iam_instance_profile":"","id":"i-0c4ead836082f122c","instance_initiated_shutdown_behavior":"stop","instance_state":"stopped","instance_type":"t2.micro","ipv6_address_count":0,"ipv6_addresses":[],"key_name":"","launch_template":[],"maintenance_options":[{"auto_recovery":"default"}],"metadata_options":[{"http_endpoint":"enabled","http_put_response_hop_limit":1,"http_tokens":"optional","instance_metadata_tags":"disabled"}],"monitoring":false,"network_interface":[],"outpost_arn":"","password_data":"","placement_group":"","placement_partition_number":0,"primary_network_interface_id":"eni-09808ee0190f56525","private_dns":"ip-10-100-10-16.us-east-2.compute.internal","private_dns_name_options":[{"enable_resource_name_dns_a_record":false,"enable_resource_name_dns_aaaa_record":false,"hostname_type":"ip-name"}],"private_ip":"10.100.10.16","public_dns":"","public_ip":"","root_block_device":[{"delete_on_termination":true,"device_name":"/dev/xvda","encrypted":false,"iops":100,"kms_key_id":"","tags":{},"throughput":0,"volume_id":"vol-01415109e1f556455","volume_size":8,"volume_type":"gp2"}],"secondary_private_ips":[],"security_groups":[],"source_dest_check":true,"subnet_id":"subnet-07dda607965955cf0","tags":{"Name":"curl-instance"},"tags_all":{"Name":"curl-instance","Terraform":"true"},"tenancy":"default","timeouts":{"create":null,"delete":null,"update":null},"user_data":null,"user_data_base64":null,"user_data_replace_on_change":false,"volume_tags":{"Name":"curl-instance"},"vpc_security_group_ids":["sg-01552ee90a83a1cfe"]},"after":null,"after_unknown":{},"before_sensitive":{"capacity_reservation_specification":[{"capacity_reservation_target":[]}],"cpu_options":[{}],"credit_specification":[{}],"ebs_block_device":[],"enclave_options":[{}],"ephemeral_block_device":[],"ipv6_addresses":[],"launch_template":[],"maintenance_options":[{}],"metadata_options":[{}],"network_interface":[],"private_dns_name_options":[{}],"root_block_device":[{"tags":{}}],"secondary_private_ips":[],"security_groups":[],"tags":{},"tags_all":{},"timeouts":{},"volume_tags":{},"vpc_security_group_ids":[false]},"after_sensitive":false}},{"address":"module.project_eks.aws_eks_node_group.node","module_address":"module.project_eks","mode":"managed","type":"aws_eks_node_group","name":"node","provider_name":"registry.terraform.io/hashicorp/aws","change":{"actions":["update"],"before":{"ami_type":"AL2_x86_64","arn":"arn:aws:eks:us-east-2:749670359030:nodegroup/udacity-cluster/app-udacity-node-group/08c40f2b-d000-42a5-77ac-838f39c7c30b","capacity_type":"ON_DEMAND","cluster_name":"udacity-cluster","disk_size":20,"force_update_version":null,"id":"udacity-cluster:app-udacity-node-group","instance_types":["t3.medium"],"labels":{},"launch_template":[],"node_group_name":"app-udacity-node-group","node_group_name_prefix":"","node_role_arn":"arn:aws:iam::749670359030:role/app-udacity-eks-node-role","release_version":"1.26.2-20230509","remote_access":[],"resources":[{"autoscaling_groups":[{"name":"eks-app-udacity-node-group-08c40f2b-d000-42a5-77ac-838f39c7c30b"}],"remote_access_security_group_id":""}],"scaling_config":[{"desired_size":2,"max_size":3,"min_size":1}],"status":"ACTIVE","subnet_ids":["subnet-09a36a2e56e6e5845","subnet-0d4c551856d32f0ef","subnet-0e244e6d234aa4081"],"tags":{"Name":"eks-udacity-nodes"},"tags_all":{"Name":"eks-udacity-nodes","Terraform":"true"},"taint":[],"timeouts":null,"update_config":[{"max_unavailable":1,"max_unavailable_percentage":0}],"version":"1.26"},"after":{"ami_type":"AL2_x86_64","arn":"arn:aws:eks:us-east-2:749670359030:nodegroup/udacity-cluster/app-udacity-node-group/08c40f2b-d000-42a5-77ac-838f39c7c30b","capacity_type":"ON_DEMAND","cluster_name":"udacity-cluster","disk_size":20,"force_update_version":null,"id":"udacity-cluster:app-udacity-node-group","instance_types":["t3.medium"],"labels":{},"launch_template":[],"node_group_name":"app-udacity-node-group","node_group_name_prefix":"","node_role_arn":"arn:aws:iam::749670359030:role/app-udacity-eks-node-role","release_version":"1.26.2-20230509","remote_access":[],"resources":[{"autoscaling_groups":[{"name":"eks-app-udacity-node-group-08c40f2b-d000-42a5-77ac-838f39c7c30b"}],"remote_access_security_group_id":""}],"scaling_config":[{"desired_size":3,"max_size":3,"min_size":1}],"status":"ACTIVE","subnet_ids":["subnet-09a36a2e56e6e5845","subnet-0d4c551856d32f0ef","subnet-0e244e6d234aa4081"],"tags":{"Name":"eks-udacity-nodes"},"tags_all":{"Name":"eks-udacity-nodes","Terraform":"true"},"taint":[],"timeouts":null,"update_config":[{"max_unavailable":1,"max_unavailable_percentage":0}],"version":"1.26"},"after_unknown":{},"before_sensitive":{"instance_types":[false],"labels":{},"launch_template":[],"remote_access":[],"resources":[{"autoscaling_groups":[{}]}],"scaling_config":[{}],"subnet_ids":[false,false,false],"tags":{},"tags_all":{},"taint":[],"update_config":[{}]},"after_sensitive":{"instance_types":[false],"labels":{},"launch_template":[],"remote_access":[],"resources":[{"autoscaling_groups":[{}]}],"scaling_config":[{}],"subnet_ids":[false,false,false],"tags":{},"tags_all":{},"taint":[],"update_config":[{}]}}},{"address":"module.project_eks.aws_iam_role.cluster_autoscaler","module_address":"module.project_eks","mode":"managed","type":"aws_iam_role","name":"cluster_autoscaler","provider_name":"registry.terraform.io/hashicorp/aws","change":{"actions":["update"],"before":{"arn":"arn:aws:iam::749670359030:role/cluster_autoscaler","assume_role_policy":"{\"Statement\":[{\"Action\":\"sts:AssumeRoleWithWebIdentity\",\"Condition\":{\"StringEquals\":{\"oidc.eks.us-east-2.amazonaws.com/id/2E008C10D2E55B026FCD5084ED8E7FB7:sub\":\"system:serviceaccount:kube-system:cluster-autoscaler\"}},\"Effect\":\"Allow\",\"Principal\":{\"Federated\":\"arn:aws:iam::749670359030:oidc-provider/oidc.eks.us-east-2.amazonaws.com/id/2E008C10D2E55B026FCD5084ED8E7FB7\"},\"Sid\":\"\"}],\"Version\":\"2012-10-17\"}","create_date":"2023-05-15T11:45:06Z","description":"","force_detach_policies":false,"id":"cluster_autoscaler","inline_policy":[{"name":"cluster_autoscaler","policy":"{\"Version\":\"2012-10-17\",\"Statement\":[{\"Action\":[\"eks:DescribeNodegroup\",\"ec2:DescribeInstanceTypes\",\"autoscaling:TerminateInstanceInAutoScalingGroup\",\"autoscaling:SetDesiredCapacity\"],\"Condition\":{\"StringEquals\":{\"aws:ResourceTag/k8s.io/cluster-autoscaler/udacity-cluster\":\"owned\"}},\"Effect\":\"Allow\",\"Resource\":\"*\",\"Sid\":\"\"},{\"Action\":[\"ec2:DescribeLaunchTemplateVersions\",\"ec2:DescribeInstanceTypes\",\"autoscaling:TerminateInstanceInAutoScalingGroup\",\"autoscaling:SetDesiredCapacity\",\"autoscaling:DescribeTags\",\"autoscaling:DescribeLaunchConfigurations\",\"autoscaling:DescribeInstances\",\"autoscaling:DescribeAutoScalingInstances\",\"autoscaling:DescribeAutoScalingGroups\"],\"Effect\":\"Allow\",\"Resource\":\"*\",\"Sid\":\"\"}]}"}],"managed_policy_arns":[],"max_session_duration":3600,"name":"cluster_autoscaler","name_prefix":"","path":"/","permissions_boundary":null,"role_last_used":[{"last_used_date":"2023-05-15T17:42:10Z","region":"us-east-2"}],"tags":{},"tags_all":{"Name":"udacity","Terraform":"true"},"unique_id":"AROA25C6V373IKTS4J3OZ"},"after":{"arn":"arn:aws:iam::749670359030:role/cluster_autoscaler","assume_role_policy":"{\"Statement\":[{\"Action\":\"sts:AssumeRoleWithWebIdentity\",\"Condition\":{\"StringEquals\":{\"oidc.eks.us-east-2.amazonaws.com/id/2E008C10D2E55B026FCD5084ED8E7FB7:sub\":\"system:serviceaccount:kube-system:cluster-autoscaler\"}},\"Effect\":\"Allow\",\"Principal\":{\"Federated\":\"arn:aws:iam::749670359030:oidc-provider/oidc.eks.us-east-2.amazonaws.com/id/2E008C10D2E55B026FCD5084ED8E7FB7\"},\"Sid\":\"\"}],\"Version\":\"2012-10-17\"}","create_date":"2023-05-15T11:45:06Z","description":"","force_detach_policies":false,"id":"cluster_autoscaler","inline_policy":[{"name":"cluster_autoscaler","policy":"{\"Version\":\"2012-10-17\",\"Statement\":[{\"Action\":[\"eks:DescribeNodegroup\",\"ec2:DescribeInstanceTypes\",\"autoscaling:TerminateInstanceInAutoScalingGroup\",\"autoscaling:SetDesiredCapacity\"],\"Condition\":{\"StringEquals\":{\"aws:ResourceTag/k8s.io/cluster-autoscaler/udacity-cluster\":\"owned\"}},\"Effect\":\"Allow\",\"Resource\":\"*\",\"Sid\":\"\"},{\"Action\":[\"ec2:DescribeLaunchTemplateVersions\",\"ec2:DescribeInstanceTypes\",\"autoscaling:TerminateInstanceInAutoScalingGroup\",\"autoscaling:SetDesiredCapacity\",\"autoscaling:DescribeTags\",\"autoscaling:DescribeLaunchConfigurations\",\"autoscaling:DescribeInstances\",\"autoscaling:DescribeAutoScalingInstances\",\"autoscaling:DescribeAutoScalingGroups\"],\"Effect\":\"Allow\",\"Resource\":\"*\",\"Sid\":\"\"}]}"}],"managed_policy_arns":[],"max_session_duration":3600,"name":"cluster_autoscaler","name_prefix":"","path":"/","permissions_boundary":null,"role_last_used":[{"last_used_date":"2023-05-15T18:38:28Z","region":"us-east-2"}],"tags":{},"tags_all":{"Name":"udacity","Terraform":"true"},"unique_id":"AROA25C6V373IKTS4J3OZ"},"after_unknown":{},"before_sensitive":{"inline_policy":[{}],"managed_policy_arns":[],"role_last_used":[{}],"tags":{},"tags_all":{}},"after_sensitive":{"inline_policy":[{}],"managed_policy_arns":[],"role_last_used":[{}],"tags":{},"tags_all":{}}}},{"address":"module.project_eks.aws_iam_role.eks_cluster_role","module_address":"module.project_eks","mode":"managed","type":"aws_iam_role","name":"eks_cluster_role","provider_name":"registry.terraform.io/hashicorp/aws","change":{"actions":["update"],"before":{"arn":"arn:aws:iam::749670359030:role/app-udacity-eks-cluster-role","assume_role_policy":"{\"Statement\":[{\"Action\":\"sts:AssumeRole\",\"Effect\":\"Allow\",\"Principal\":{\"Service\":\"eks.amazonaws.com\"},\"Sid\":\"\"}],\"Version\":\"2012-10-17\"}","create_date":"2023-05-15T07:25:00Z","description":"","force_detach_policies":false,"id":"app-udacity-eks-cluster-role","inline_policy":[],"managed_policy_arns":["arn:aws:iam::aws:policy/AmazonEKSClusterPolicy","arn:aws:iam::aws:policy/AmazonEKSServicePolicy"],"max_session_duration":3600,"name":"app-udacity-eks-cluster-role","name_prefix":"","path":"/","permissions_boundary":null,"role_last_used":[{"last_used_date":"2023-05-15T17:48:42Z","region":"us-east-2"}],"tags":{},"tags_all":{"Name":"udacity","Terraform":"true"},"unique_id":"AROA25C6V373M63TQU66C"},"after":{"arn":"arn:aws:iam::749670359030:role/app-udacity-eks-cluster-role","assume_role_policy":"{\"Statement\":[{\"Action\":\"sts:AssumeRole\",\"Effect\":\"Allow\",\"Principal\":{\"Service\":\"eks.amazonaws.com\"},\"Sid\":\"\"}],\"Version\":\"2012-10-17\"}","create_date":"2023-05-15T07:25:00Z","description":"","force_detach_policies":false,"id":"app-udacity-eks-cluster-role","inline_policy":[],"managed_policy_arns":["arn:aws:iam::aws:policy/AmazonEKSClusterPolicy","arn:aws:iam::aws:policy/AmazonEKSServicePolicy"],"max_session_duration":3600,"name":"app-udacity-eks-cluster-role","name_prefix":"","path":"/","permissions_boundary":null,"role_last_used":[{"last_used_date":"2023-05-15T18:33:45Z","region":"us-east-2"}],"tags":{},"tags_all":{"Name":"udacity","Terraform":"true"},"unique_id":"AROA25C6V373M63TQU66C"},"after_unknown":{},"before_sensitive":{"inline_policy":[],"managed_policy_arns":[false,false],"role_last_used":[{}],"tags":{},"tags_all":{}},"after_sensitive":{"inline_policy":[],"managed_policy_arns":[false,false],"role_last_used":[{}],"tags":{},"tags_all":{}}}},{"address":"module.project_eks.aws_iam_role.eks_node_cluster_role","module_address":"module.project_eks","mode":"managed","type":"aws_iam_role","name":"eks_node_cluster_role","provider_name":"registry.terraform.io/hashicorp/aws","change":{"actions":["update"],"before":{"arn":"arn:aws:iam::749670359030:role/app-udacity-eks-node-role","assume_role_policy":"{\"Statement\":[{\"Action\":\"sts:AssumeRole\",\"Effect\":\"Allow\",\"Principal\":{\"Service\":\"ec2.amazonaws.com\"},\"Sid\":\"\"}],\"Version\":\"2012-10-17\"}","create_date":"2023-05-15T07:25:00Z","description":"","force_detach_policies":false,"id":"app-udacity-eks-node-role","inline_policy":[],"managed_policy_arns":["arn:aws:iam::749670359030:policy/app-udacity-eks-cluster-role-cloudwatch-policy","arn:aws:iam::749670359030:policy/app-udacity-instance-policy","arn:aws:iam::aws:policy/AmazonEC2ContainerRegistryReadOnly","arn:aws:iam::aws:policy/AmazonEKSWorkerNodePolicy","arn:aws:iam::aws:policy/AmazonEKS_CNI_Policy","arn:aws:iam::aws:policy/CloudWatchAgentServerPolicy"],"max_session_duration":3600,"name":"app-udacity-eks-node-role","name_prefix":"","path":"/","permissions_boundary":null,"role_last_used":[{"last_used_date":"2023-05-15T17:41:23Z","region":"us-east-2"}],"tags":{},"tags_all":{"Name":"udacity","Terraform":"true"},"unique_id":"AROA25C6V373F7ULRT5ZU"},"after":{"arn":"arn:aws:iam::749670359030:role/app-udacity-eks-node-role","assume_role_policy":"{\"Statement\":[{\"Action\":\"sts:AssumeRole\",\"Effect\":\"Allow\",\"Principal\":{\"Service\":\"ec2.amazonaws.com\"},\"Sid\":\"\"}],\"Version\":\"2012-10-17\"}","create_date":"2023-05-15T07:25:00Z","description":"","force_detach_policies":false,"id":"app-udacity-eks-node-role","inline_policy":[],"managed_policy_arns":["arn:aws:iam::749670359030:policy/app-udacity-eks-cluster-role-cloudwatch-policy","arn:aws:iam::749670359030:policy/app-udacity-instance-policy","arn:aws:iam::aws:policy/AmazonEC2ContainerRegistryReadOnly","arn:aws:iam::aws:policy/AmazonEKSWorkerNodePolicy","arn:aws:iam::aws:policy/AmazonEKS_CNI_Policy","arn:aws:iam::aws:policy/CloudWatchAgentServerPolicy"],"max_session_duration":3600,"name":"app-udacity-eks-node-role","name_prefix":"","path":"/","permissions_boundary":null,"role_last_used":[{"last_used_date":"2023-05-15T18:34:22Z","region":"us-east-2"}],"tags":{},"tags_all":{"Name":"udacity","Terraform":"true"},"unique_id":"AROA25C6V373F7ULRT5ZU"},"after_unknown":{},"before_sensitive":{"inline_policy":[],"managed_policy_arns":[false,false,false,false,false,false],"role_last_used":[{}],"tags":{},"tags_all":{}},"after_sensitive":{"inline_policy":[],"managed_policy_arns":[false,false,false,false,false,false],"role_last_used":[{}],"tags":{},"tags_all":{}}}},{"address":"module.vpc.aws_nat_gateway.this[0]","module_address":"module.vpc","mode":"managed","type":"aws_nat_gateway","name":"this","index":0,"provider_name":"registry.terraform.io/hashicorp/aws","change":{"actions":["delete"],"before":{"allocation_id":"eipalloc-00d80daff237d6432","association_id":"eipassoc-01ec1683be892a933","connectivity_type":"public","id":"nat-0db5d6aa9d8c59801","network_interface_id":"eni-0eb82cb3a28ab45f8","private_ip":"10.100.10.215","public_ip":"3.141.233.16","subnet_id":"subnet-07dda607965955cf0","tags":{"Name":"udacity-project-us-east-2a"},"tags_all":{"Name":"udacity-project-us-east-2a","Terraform":"true"}},"after":null,"after_unknown":{},"before_sensitive":{"tags":{},"tags_all":{}},"after_sensitive":false}},{"address":"module.vpc.aws_route.private_nat_gateway[0]","module_address":"module.vpc","mode":"managed","type":"aws_route","name":"private_nat_gateway","index":0,"provider_name":"registry.terraform.io/hashicorp/aws","change":{"actions":["delete"],"before":{"carrier_gateway_id":"","core_network_arn":"","destination_cidr_block":"0.0.0.0/0","destination_ipv6_cidr_block":"","destination_prefix_list_id":"","egress_only_gateway_id":"","gateway_id":"","id":"r-rtb-0c9cd86026780d9a01080289494","instance_id":"","instance_owner_id":"","local_gateway_id":"","nat_gateway_id":"nat-0db5d6aa9d8c59801","network_interface_id":"","origin":"CreateRoute","route_table_id":"rtb-0c9cd86026780d9a0","state":"active","timeouts":{"create":"5m","delete":null,"update":null},"transit_gateway_id":"","vpc_endpoint_id":"","vpc_peering_connection_id":""},"after":null,"after_unknown":{},"before_sensitive":{"timeouts":{}},"after_sensitive":false}},{"address":"module.vpc.aws_route.private_nat_gateway[1]","module_address":"module.vpc","mode":"managed","type":"aws_route","name":"private_nat_gateway","index":1,"provider_name":"registry.terraform.io/hashicorp/aws","change":{"actions":["delete"],"before":{"carrier_gateway_id":"","core_network_arn":"","destination_cidr_block":"0.0.0.0/0","destination_ipv6_cidr_block":"","destination_prefix_list_id":"","egress_only_gateway_id":"","gateway_id":"","id":"r-rtb-021d8f4d632cda38b1080289494","instance_id":"","instance_owner_id":"","local_gateway_id":"","nat_gateway_id":"nat-0db5d6aa9d8c59801","network_interface_id":"","origin":"CreateRoute","route_table_id":"rtb-021d8f4d632cda38b","state":"active","timeouts":{"create":"5m","delete":null,"update":null},"transit_gateway_id":"","vpc_endpoint_id":"","vpc_peering_connection_id":""},"after":null,"after_unknown":{},"before_sensitive":{"timeouts":{}},"after_sensitive":false}},{"address":"module.vpc.aws_route.private_nat_gateway[2]","module_address":"module.vpc","mode":"managed","type":"aws_route","name":"private_nat_gateway","index":2,"provider_name":"registry.terraform.io/hashicorp/aws","change":{"actions":["delete"],"before":{"carrier_gateway_id":"","core_network_arn":"","destination_cidr_block":"0.0.0.0/0","destination_ipv6_cidr_block":"","destination_prefix_list_id":"","egress_only_gateway_id":"","gateway_id":"","id":"r-rtb-0ebb1e7dc1caf05d51080289494","instance_id":"","instance_owner_id":"","local_gateway_id":"","nat_gateway_id":"nat-0db5d6aa9d8c59801","network_interface_id":"","origin":"CreateRoute","route_table_id":"rtb-0ebb1e7dc1caf05d5","state":"active","timeouts":{"create":"5m","delete":null,"update":null},"transit_gateway_id":"","vpc_endpoint_id":"","vpc_peering_connection_id":""},"after":null,"after_unknown":{},"before_sensitive":{"timeouts":{}},"after_sensitive":false}},{"address":"module.vpc.aws_route.public_internet_gateway[0]","module_address":"module.vpc","mode":"managed","type":"aws_route","name":"public_internet_gateway","index":0,"provider_name":"registry.terraform.io/hashicorp/aws","change":{"actions":["delete"],"before":{"carrier_gateway_id":"","core_network_arn":"","destination_cidr_block":"0.0.0.0/0","destination_ipv6_cidr_block":"","destination_prefix_list_id":"","egress_only_gateway_id":"","gateway_id":"igw-07977ad3352d04396","id":"r-rtb-048e3a3aec52f1fe71080289494","instance_id":"","instance_owner_id":"","local_gateway_id":"","nat_gateway_id":"","network_interface_id":"","origin":"CreateRoute","route_table_id":"rtb-048e3a3aec52f1fe7","state":"active","timeouts":{"create":"5m","delete":null,"update":null},"transit_gateway_id":"","vpc_endpoint_id":"","vpc_peering_connection_id":""},"after":null,"after_unknown":{},"before_sensitive":{"timeouts":{}},"after_sensitive":false}},{"address":"module.vpc.aws_route.public_internet_gateway[1]","module_address":"module.vpc","mode":"managed","type":"aws_route","name":"public_internet_gateway","index":1,"provider_name":"registry.terraform.io/hashicorp/aws","change":{"actions":["delete"],"before":{"carrier_gateway_id":"","core_network_arn":"","destination_cidr_block":"0.0.0.0/0","destination_ipv6_cidr_block":"","destination_prefix_list_id":"","egress_only_gateway_id":"","gateway_id":"igw-07977ad3352d04396","id":"r-rtb-048e3a3aec52f1fe71080289494","instance_id":"","instance_owner_id":"","local_gateway_id":"","nat_gateway_id":"","network_interface_id":"","origin":"CreateRoute","route_table_id":"rtb-048e3a3aec52f1fe7","state":"active","timeouts":{"create":"5m","delete":null,"update":null},"transit_gateway_id":"","vpc_endpoint_id":"","vpc_peering_connection_id":""},"after":null,"after_unknown":{},"before_sensitive":{"timeouts":{}},"after_sensitive":false}},{"address":"module.vpc.aws_route.public_internet_gateway[2]","module_address":"module.vpc","mode":"managed","type":"aws_route","name":"public_internet_gateway","index":2,"provider_name":"registry.terraform.io/hashicorp/aws","change":{"actions":["delete"],"before":{"carrier_gateway_id":"","core_network_arn":"","destination_cidr_block":"0.0.0.0/0","destination_ipv6_cidr_block":"","destination_prefix_list_id":"","egress_only_gateway_id":"","gateway_id":"igw-07977ad3352d04396","id":"r-rtb-048e3a3aec52f1fe71080289494","instance_id":"","instance_owner_id":"","local_gateway_id":"","nat_gateway_id":"","network_interface_id":"","origin":"CreateRoute","route_table_id":"rtb-048e3a3aec52f1fe7","state":"active","timeouts":{"create":"5m","delete":null,"update":null},"transit_gateway_id":"","vpc_endpoint_id":"","vpc_peering_connection_id":""},"after":null,"after_unknown":{},"before_sensitive":{"timeouts":{}},"after_sensitive":false}},{"address":"module.vpc.aws_route_table.private[0]","module_address":"module.vpc","mode":"managed","type":"aws_route_table","name":"private","index":0,"provider_name":"registry.terraform.io/hashicorp/aws","change":{"actions":["delete"],"before":{"arn":"arn:aws:ec2:us-east-2:749670359030:route-table/rtb-0c9cd86026780d9a0","id":"rtb-0c9cd86026780d9a0","owner_id":"749670359030","propagating_vgws":[],"route":[{"carrier_gateway_id":"","cidr_block":"0.0.0.0/0","core_network_arn":"","destination_prefix_list_id":"","egress_only_gateway_id":"","gateway_id":"","instance_id":"","ipv6_cidr_block":"","local_gateway_id":"","nat_gateway_id":"nat-0db5d6aa9d8c59801","network_interface_id":"","transit_gateway_id":"","vpc_endpoint_id":"","vpc_peering_connection_id":""}],"tags":{"Name":"udacity-project-private-us-east-2a"},"tags_all":{"Name":"udacity-project-private-us-east-2a","Terraform":"true"},"timeouts":null,"vpc_id":"vpc-03d1cb8635266e5ec"},"after":null,"after_unknown":{},"before_sensitive":{"propagating_vgws":[],"route":[{}],"tags":{},"tags_all":{}},"after_sensitive":false}},{"address":"module.vpc.aws_route_table.private[1]","module_address":"module.vpc","mode":"managed","type":"aws_route_table","name":"private","index":1,"provider_name":"registry.terraform.io/hashicorp/aws","change":{"actions":["delete"],"before":{"arn":"arn:aws:ec2:us-east-2:749670359030:route-table/rtb-021d8f4d632cda38b","id":"rtb-021d8f4d632cda38b","owner_id":"749670359030","propagating_vgws":[],"route":[{"carrier_gateway_id":"","cidr_block":"0.0.0.0/0","core_network_arn":"","destination_prefix_list_id":"","egress_only_gateway_id":"","gateway_id":"","instance_id":"","ipv6_cidr_block":"","local_gateway_id":"","nat_gateway_id":"nat-0db5d6aa9d8c59801","network_interface_id":"","transit_gateway_id":"","vpc_endpoint_id":"","vpc_peering_connection_id":""}],"tags":{"Name":"udacity-project-private-us-east-2b"},"tags_all":{"Name":"udacity-project-private-us-east-2b","Terraform":"true"},"timeouts":null,"vpc_id":"vpc-03d1cb8635266e5ec"},"after":null,"after_unknown":{},"before_sensitive":{"propagating_vgws":[],"route":[{}],"tags":{},"tags_all":{}},"after_sensitive":false}},{"address":"module.vpc.aws_route_table.private[2]","module_address":"module.vpc","mode":"managed","type":"aws_route_table","name":"private","index":2,"provider_name":"registry.terraform.io/hashicorp/aws","change":{"actions":["delete"],"before":{"arn":"arn:aws:ec2:us-east-2:749670359030:route-table/rtb-0ebb1e7dc1caf05d5","id":"rtb-0ebb1e7dc1caf05d5","owner_id":"749670359030","propagating_vgws":[],"route":[{"carrier_gateway_id":"","cidr_block":"0.0.0.0/0","core_network_arn":"","destination_prefix_list_id":"","egress_only_gateway_id":"","gateway_id":"","instance_id":"","ipv6_cidr_block":"","local_gateway_id":"","nat_gateway_id":"nat-0db5d6aa9d8c59801","network_interface_id":"","transit_gateway_id":"","vpc_endpoint_id":"","vpc_peering_connection_id":""}],"tags":{"Name":"udacity-project-private-us-east-2c"},"tags_all":{"Name":"udacity-project-private-us-east-2c","Terraform":"true"},"timeouts":null,"vpc_id":"vpc-03d1cb8635266e5ec"},"after":null,"after_unknown":{},"before_sensitive":{"propagating_vgws":[],"route":[{}],"tags":{},"tags_all":{}},"after_sensitive":false}},{"address":"module.vpc.aws_route_table.public[0]","module_address":"module.vpc","mode":"managed","type":"aws_route_table","name":"public","index":0,"provider_name":"registry.terraform.io/hashicorp/aws","change":{"actions":["delete"],"before":{"arn":"arn:aws:ec2:us-east-2:749670359030:route-table/rtb-048e3a3aec52f1fe7","id":"rtb-048e3a3aec52f1fe7","owner_id":"749670359030","propagating_vgws":[],"route":[{"carrier_gateway_id":"","cidr_block":"0.0.0.0/0","core_network_arn":"","destination_prefix_list_id":"","egress_only_gateway_id":"","gateway_id":"igw-07977ad3352d04396","instance_id":"","ipv6_cidr_block":"","local_gateway_id":"","nat_gateway_id":"","network_interface_id":"","transit_gateway_id":"","vpc_endpoint_id":"","vpc_peering_connection_id":""}],"tags":{"Name":"udacity-project-public"},"tags_all":{"Name":"udacity-project-public","Terraform":"true"},"timeouts":null,"vpc_id":"vpc-03d1cb8635266e5ec"},"after":null,"after_unknown":{},"before_sensitive":{"propagating_vgws":[],"route":[{}],"tags":{},"tags_all":{}},"after_sensitive":false}},{"address":"module.vpc.aws_route_table_association.private[0]","module_address":"module.vpc","mode":"managed","type":"aws_route_table_association","name":"private","index":0,"provider_name":"registry.terraform.io/hashicorp/aws","change":{"actions":["delete"],"before":{"gateway_id":"","id":"rtbassoc-0a4d38a0b378ec00f","route_table_id":"rtb-0c9cd86026780d9a0","subnet_id":"subnet-09a36a2e56e6e5845","timeouts":null},"after":null,"after_unknown":{},"before_sensitive":{},"after_sensitive":false}},{"address":"module.vpc.aws_route_table_association.private[1]","module_address":"module.vpc","mode":"managed","type":"aws_route_table_association","name":"private","index":1,"provider_name":"registry.terraform.io/hashicorp/aws","change":{"actions":["delete"],"before":{"gateway_id":"","id":"rtbassoc-0b24f6012268ba8ca","route_table_id":"rtb-021d8f4d632cda38b","subnet_id":"subnet-0d4c551856d32f0ef","timeouts":null},"after":null,"after_unknown":{},"before_sensitive":{},"after_sensitive":false}},{"address":"module.vpc.aws_route_table_association.private[2]","module_address":"module.vpc","mode":"managed","type":"aws_route_table_association","name":"private","index":2,"provider_name":"registry.terraform.io/hashicorp/aws","change":{"actions":["delete"],"before":{"gateway_id":"","id":"rtbassoc-0e09cce876439033d","route_table_id":"rtb-0ebb1e7dc1caf05d5","subnet_id":"subnet-0e244e6d234aa4081","timeouts":null},"after":null,"after_unknown":{},"before_sensitive":{},"after_sensitive":false}},{"address":"module.vpc.aws_route_table_association.public[0]","module_address":"module.vpc","mode":"managed","type":"aws_route_table_association","name":"public","index":0,"provider_name":"registry.terraform.io/hashicorp/aws","change":{"actions":["delete"],"before":{"gateway_id":"","id":"rtbassoc-0f001e348e9efb022","route_table_id":"rtb-048e3a3aec52f1fe7","subnet_id":"subnet-07dda607965955cf0","timeouts":null},"after":null,"after_unknown":{},"before_sensitive":{},"after_sensitive":false}},{"address":"module.vpc.aws_route_table_association.public[1]","module_address":"module.vpc","mode":"managed","type":"aws_route_table_association","name":"public","index":1,"provider_name":"registry.terraform.io/hashicorp/aws","change":{"actions":["delete"],"before":{"gateway_id":"","id":"rtbassoc-060d78b474fec3e6e","route_table_id":"rtb-048e3a3aec52f1fe7","subnet_id":"subnet-0c0cb64a89b10417a","timeouts":null},"after":null,"after_unknown":{},"before_sensitive":{},"after_sensitive":false}},{"address":"module.vpc.aws_route_table_association.public[2]","module_address":"module.vpc","mode":"managed","type":"aws_route_table_association","name":"public","index":2,"provider_name":"registry.terraform.io/hashicorp/aws","change":{"actions":["delete"],"before":{"gateway_id":"","id":"rtbassoc-021941945590bb089","route_table_id":"rtb-048e3a3aec52f1fe7","subnet_id":"subnet-0fc54ab84f74dc33e","timeouts":null},"after":null,"after_unknown":{},"before_sensitive":{},"after_sensitive":false}}],"resource_changes":[{"address":"aws_route53_record.blue","mode":"managed","type":"aws_route53_record","name":"blue","provider_name":"registry.terraform.io/hashicorp/aws","change":{"actions":["create"],"before":null,"after":{"alias":[],"cidr_routing_policy":[],"failover_routing_policy":[],"geolocation_routing_policy":[],"health_check_id":null,"latency_routing_policy":[],"multivalue_answer_routing_policy":null,"name":"blue-green","set_identifier":"blue","ttl":5,"type":"CNAME","weighted_routing_policy":[{"weight":0}]},"after_unknown":{"alias":[],"allow_overwrite":true,"cidr_routing_policy":[],"failover_routing_policy":[],"fqdn":true,"geolocation_routing_policy":[],"id":true,"latency_routing_policy":[],"records":true,"weighted_routing_policy":[{}],"zone_id":true},"before_sensitive":false,"after_sensitive":{"alias":[],"cidr_routing_policy":[],"failover_routing_policy":[],"geolocation_routing_policy":[],"latency_routing_policy":[],"records":[],"weighted_routing_policy":[{}]}}},{"address":"aws_route53_record.green","mode":"managed","type":"aws_route53_record","name":"green","provider_name":"registry.terraform.io/hashicorp/aws","change":{"actions":["create"],"before":null,"after":{"alias":[],"cidr_routing_policy":[],"failover_routing_policy":[],"geolocation_routing_policy":[],"health_check_id":null,"latency_routing_policy":[],"multivalue_answer_routing_policy":null,"name":"blue-green","set_identifier":"green","ttl":5,"type":"CNAME","weighted_routing_policy":[{"weight":2}]},"after_unknown":{"alias":[],"allow_overwrite":true,"cidr_routing_policy":[],"failover_routing_policy":[],"fqdn":true,"geolocation_routing_policy":[],"id":true,"latency_routing_policy":[],"records":true,"weighted_routing_policy":[{}],"zone_id":true},"before_sensitive":false,"after_sensitive":{"alias":[],"cidr_routing_policy":[],"failover_routing_policy":[],"geolocation_routing_policy":[],"latency_routing_policy":[],"records":[],"weighted_routing_policy":[{}]}}},{"address":"aws_route53_zone.private_dns","mode":"managed","type":"aws_route53_zone","name":"private_dns","provider_name":"registry.terraform.io/hashicorp/aws","change":{"actions":["create"],"before":null,"after":{"comment":"DNS for Udacity Projects","delegation_set_id":null,"force_destroy":false,"name":"udacityproject.com","tags":null,"tags_all":{"Name":"udacity","Terraform":"true"},"vpc":[{"vpc_id":"vpc-03d1cb8635266e5ec"}]},"after_unknown":{"arn":true,"id":true,"name_servers":true,"primary_name_server":true,"tags_all":{},"vpc":[{"vpc_region":true}],"zone_id":true},"before_sensitive":false,"after_sensitive":{"name_servers":[],"tags_all":{},"vpc":[{}]}}},{"address":"aws_security_group.ssh_access","mode":"managed","type":"aws_security_group","name":"ssh_access","provider_name":"registry.terraform.io/hashicorp/aws","change":{"actions":["create"],"before":null,"after":{"description":"Allow SSH inbound traffic","egress":[{"cidr_blocks":["0.0.0.0/0"],"description":"","from_port":80,"ipv6_cidr_blocks":["::/0"],"prefix_list_ids":[],"protocol":"tcp","security_groups":[],"self":false,"to_port":80}],"ingress":[{"cidr_blocks":["0.0.0.0/0"],"description":"","from_port":22,"ipv6_cidr_blocks":["::/0"],"prefix_list_ids":[],"protocol":"tcp","security_groups":[],"self":false,"to_port":22}],"name":"ssh-access","revoke_rules_on_delete":false,"tags":{"Name":"ssh_access"},"tags_all":{"Name":"ssh_access","Terraform":"true"},"timeouts":null,"vpc_id":"vpc-03d1cb8635266e5ec"},"after_unknown":{"arn":true,"egress":[{"cidr_blocks":[false],"ipv6_cidr_blocks":[false],"prefix_list_ids":[],"security_groups":[]}],"id":true,"ingress":[{"cidr_blocks":[false],"ipv6_cidr_blocks":[false],"prefix_list_ids":[],"security_groups":[]}],"name_prefix":true,"owner_id":true,"tags":{},"tags_all":{}},"before_sensitive":false,"after_sensitive":{"egress":[{"cidr_blocks":[false],"ipv6_cidr_blocks":[false],"prefix_list_ids":[],"security_groups":[]}],"ingress":[{"cidr_blocks":[false],"ipv6_cidr_blocks":[false],"prefix_list_ids":[],"security_groups":[]}],"tags":{},"tags_all":{}}}},{"address":"helm_release.metrics","mode":"managed","type":"helm_release","name":"metrics","provider_name":"registry.terraform.io/hashicorp/helm","change":{"actions":["create"],"before":null,"after":{"atomic":false,"chart":"metrics-server","cleanup_on_fail":false,"create_namespace":false,"dependency_update":false,"description":null,"devel":null,"disable_crd_hooks":false,"disable_openapi_validation":false,"disable_webhooks":false,"force_update":false,"keyring":null,"lint":false,"max_history":0,"name":"metrics-server","namespace":"kube-system","pass_credentials":false,"postrender":[],"recreate_pods":false,"render_subchart_notes":true,"replace":false,"repository":"https://kubernetes-sigs.github.io/metrics-server/","repository_ca_file":null,"repository_cert_file":null,"repository_key_file":null,"repository_password":null,"repository_username":null,"reset_values":false,"reuse_values":false,"set":[],"set_sensitive":[],"skip_crds":false,"status":"deployed","timeout":300,"values":null,"verify":false,"version":"3.8.2","wait":true,"wait_for_jobs":false},"after_unknown":{"id":true,"manifest":true,"metadata":true,"postrender":[],"set":[],"set_sensitive":[]},"before_sensitive":false,"after_sensitive":{"metadata":[],"postrender":[],"repository_password":true,"set":[],"set_sensitive":[]}}},{"address":"kubernetes_namespace.udacity","mode":"managed","type":"kubernetes_namespace","name":"udacity","provider_name":"registry.terraform.io/hashicorp/kubernetes","change":{"actions":["no-op"],"before":{"id":"udacity","metadata":[{"annotations":{},"generate_name":"","generation":0,"labels":{},"name":"udacity","resource_version":"121223","uid":"19dfdf58-3893-4983-a063-fcc79178655a"}],"timeouts":null},"after":{"id":"udacity","metadata":[{"annotations":{},"generate_name":"","generation":0,"labels":{},"name":"udacity","resource_version":"121223","uid":"19dfdf58-3893-4983-a063-fcc79178655a"}],"timeouts":null},"after_unknown":{},"before_sensitive":{"metadata":[{"annotations":{},"labels":{}}]},"after_sensitive":{"metadata":[{"annotations":{},"labels":{}}]}}},{"address":"kubernetes_service.blue","mode":"managed","type":"kubernetes_service","name":"blue","provider_name":"registry.terraform.io/hashicorp/kubernetes","change":{"actions":["create"],"before":null,"after":{"metadata":[{"annotations":{"service.beta.kubernetes.io/aws-load-balancer-nlb-target-type":"ip","service.beta.kubernetes.io/aws-load-balancer-type":"nlb"},"generate_name":null,"labels":null,"name":"blue-svc","namespace":"udacity"}],"spec":[{"allocate_load_balancer_node_ports":true,"external_ips":null,"external_name":null,"load_balancer_class":null,"load_balancer_ip":null,"load_balancer_source_ranges":null,"port":[{"app_protocol":null,"name":null,"port":80,"protocol":"TCP","target_port":"80"}],"publish_not_ready_addresses":false,"selector":{"app":"blue"},"session_affinity":"None","type":"LoadBalancer"}],"timeouts":null,"wait_for_load_balancer":true},"after_unknown":{"id":true,"metadata":[{"annotations":{},"generation":true,"resource_version":true,"uid":true}],"spec":[{"cluster_ip":true,"cluster_ips":true,"external_traffic_policy":true,"health_check_node_port":true,"internal_traffic_policy":true,"ip_families":true,"ip_family_policy":true,"port":[{"node_port":true}],"selector":{},"session_affinity_config":true}],"status":true},"before_sensitive":false,"after_sensitive":{"metadata":[{"annotations":{}}],"spec":[{"cluster_ips":[],"ip_families":[],"port":[{}],"selector":{},"session_affinity_config":[]}],"status":[]}}},{"address":"kubernetes_service.green","mode":"managed","type":"kubernetes_service","name":"green","provider_name":"registry.terraform.io/hashicorp/kubernetes","change":{"actions":["create"],"before":null,"after":{"metadata":[{"annotations":{"service.beta.kubernetes.io/aws-load-balancer-nlb-target-type":"ip","service.beta.kubernetes.io/aws-load-balancer-type":"nlb"},"generate_name":null,"labels":null,"name":"green-svc","namespace":"udacity"}],"spec":[{"allocate_load_balancer_node_ports":true,"external_ips":null,"external_name":null,"load_balancer_class":null,"load_balancer_ip":null,"load_balancer_source_ranges":null,"port":[{"app_protocol":null,"name":null,"port":80,"protocol":"TCP","target_port":"80"}],"publish_not_ready_addresses":false,"selector":{"app":"green"},"session_affinity":"None","type":"LoadBalancer"}],"timeouts":null,"wait_for_load_balancer":true},"after_unknown":{"id":true,"metadata":[{"annotations":{},"generation":true,"resource_version":true,"uid":true}],"spec":[{"cluster_ip":true,"cluster_ips":true,"external_traffic_policy":true,"health_check_node_port":true,"internal_traffic_policy":true,"ip_families":true,"ip_family_policy":true,"port":[{"node_port":true}],"selector":{},"session_affinity_config":true}],"status":true},"before_sensitive":false,"after_sensitive":{"metadata":[{"annotations":{}}],"spec":[{"cluster_ips":[],"ip_families":[],"port":[{}],"selector":{},"session_affinity_config":[]}],"status":[]}}},{"address":"module.ec2_instance.aws_instance.this[0]","module_address":"module.ec2_instance","mode":"managed","type":"aws_instance","name":"this","index":0,"provider_name":"registry.terraform.io/hashicorp/aws","change":{"actions":["create"],"before":null,"after":{"ami":"ami-04148302a14f7d12b","credit_specification":[{"cpu_credits":null}],"enclave_options":[{}],"get_password_data":false,"hibernation":null,"instance_type":"t2.micro","launch_template":[],"metadata_options":[{"http_endpoint":"enabled","http_put_response_hop_limit":1,"http_tokens":"optional"}],"monitoring":false,"source_dest_check":true,"subnet_id":"subnet-07dda607965955cf0","tags":{"Name":"curl-instance"},"tags_all":{"Name":"curl-instance","Terraform":"true"},"timeouts":{"create":null,"delete":null,"update":null},"user_data_replace_on_change":false,"volume_tags":{"Name":"curl-instance"}},"after_unknown":{"arn":true,"associate_public_ip_address":true,"availability_zone":true,"capacity_reservation_specification":true,"cpu_core_count":true,"cpu_options":true,"cpu_threads_per_core":true,"credit_specification":[{}],"disable_api_stop":true,"disable_api_termination":true,"ebs_block_device":true,"ebs_optimized":true,"enclave_options":[{"enabled":true}],"ephemeral_block_device":true,"host_id":true,"host_resource_group_arn":true,"iam_instance_profile":true,"id":true,"instance_initiated_shutdown_behavior":true,"instance_state":true,"ipv6_address_count":true,"ipv6_addresses":true,"key_name":true,"launch_template":[],"maintenance_options":true,"metadata_options":[{"instance_metadata_tags":true}],"network_interface":true,"outpost_arn":true,"password_data":true,"placement_group":true,"placement_partition_number":true,"primary_network_interface_id":true,"private_dns":true,"private_dns_name_options":true,"private_ip":true,"public_dns":true,"public_ip":true,"root_block_device":true,"secondary_private_ips":true,"security_groups":true,"tags":{},"tags_all":{},"tenancy":true,"timeouts":{},"user_data":true,"user_data_base64":true,"volume_tags":{},"vpc_security_group_ids":true},"before_sensitive":false,"after_sensitive":{"capacity_reservation_specification":[],"cpu_options":[],"credit_specification":[{}],"ebs_block_device":[],"enclave_options":[{}],"ephemeral_block_device":[],"ipv6_addresses":[],"launch_template":[],"maintenance_options":[],"metadata_options":[{}],"network_interface":[],"private_dns_name_options":[],"root_block_device":[],"secondary_private_ips":[],"security_groups":[],"tags":{},"tags_all":{},"timeouts":{},"volume_tags":{},"vpc_security_group_ids":[]}}},{"address":"module.project_eks.aws_eks_cluster.cluster","module_address":"module.project_eks","mode":"managed","type":"aws_eks_cluster","name":"cluster","provider_name":"registry.terraform.io/hashicorp/aws","change":{"actions":["no-op"],"before":{"arn":"arn:aws:eks:us-east-2:749670359030:cluster/udacity-cluster","certificate_authority":[{"data":"LS0tLS1CRUdJTiBDRVJUSUZJQ0FURS0tLS0tCk1JSUMvakNDQWVhZ0F3SUJBZ0lCQURBTkJna3Foa2lHOXcwQkFRc0ZBREFWTVJNd0VRWURWUVFERXdwcmRXSmwKY201bGRHVnpNQjRYRFRJek1EVXhOVEEzTXpJME1Wb1hEVE16TURVeE1qQTNNekkwTVZvd0ZURVRNQkVHQTFVRQpBeE1LYTNWaVpYSnVaWFJsY3pDQ0FTSXdEUVlKS29aSWh2Y05BUUVCQlFBRGdnRVBBRENDQVFvQ2dnRUJBTjRzCmkzWlFiZnZBMVErUU9qTTJEVkZnY3RyYVBQS2laTUVyODZwSU1PakxjNHczeSt1a21qemZOc3R1cy9BakwwSnIKckUxRlE3c2w2Y2NDZmdXNkxtcWtqNGFZdFFYcU1MQ2tEZ09JSXRob2hrZHFRekpaNTRJcGI1VFJYRXNadVpoVgpFZ2RXZ0MyV0pCNTZlRWdRSVJ6K1B2S3IzRW1zZWtzRSs0UFRKdXQrT2o0L0I3QlM2STdHTGdwdm1ybFdFY2U1CnE5OUJoNjMxSGVPSEgybjdNZDIrT1VLc1ZkR0k0WFIvNy9WaEpCR2h5UkJYR2hSMjF2RG5Hb1hWTllOK2ZaNEcKVXovMUF5Z3B6Rmkxd1ZTYUZ2eEw0azc1ZnMyRXNKY3c1VmZZZUJTam9lYVorNXpWQnZmeUloblFUOG4yTmljcQpIMDVuM21jUDdYeEFDMFo2WlNFQ0F3RUFBYU5aTUZjd0RnWURWUjBQQVFIL0JBUURBZ0trTUE4R0ExVWRFd0VCCi93UUZNQU1CQWY4d0hRWURWUjBPQkJZRUZIbDJ0dFcwY2tORVhsVzE2YWU3RGhUVWF5RVpNQlVHQTFVZEVRUU8KTUF5Q0NtdDFZbVZ5Ym1WMFpYTXdEUVlKS29aSWh2Y05BUUVMQlFBRGdnRUJBRzVxMWc0TXM2T2xxM3JOc2YvSApwK0xET2Naek1NL2E3R2hKejJjV0hrVm1GZUFBL0pOV3lxWk1seGwzL1d6bVBKOXdhaWVyaDdZUXcyS01RWU95CmlEUVV3VDJ6TldLWUlkbk9rZ3h2c2ZmNmk0YnlER2lFUzFKa1RpNlk0NjBuK2tRektIZGQwdGZSeUltSVhucDQKM1d0NVFRZ3d1b1IzYnFHdDFVenN1a1pDNEpXSm5OeUgyMUJOQlJjbTUwVEVuYXcyR1BxWS95RlRnd0xHT3N1VwpLKy9DMzVnalFncXlSVWk4YUlkRFBSZmsxRGp1QXNaR1h5bGhsbkt4dU10RDI0aFlHZm83akVUU2FsMkJYSGE4CkIxdHRROXlScmpBWjRqOVNEaUp3Rk9iTlFpKzZmMUdHOFQxTFlpTkRhOWFvK2R1MXM2aXMrNEJnNGU4b2NqSWkKdGp3PQotLS0tLUVORCBDRVJUSUZJQ0FURS0tLS0tCg=="}],"cluster_id":null,"created_at":"2023-05-15 07:27:08.354 +0000 UTC","enabled_cluster_log_types":[],"encryption_config":[],"endpoint":"https://2E008C10D2E55B026FCD5084ED8E7FB7.sk1.us-east-2.eks.amazonaws.com","id":"udacity-cluster","identity":[{"oidc":[{"issuer":"https://oidc.eks.us-east-2.amazonaws.com/id/2E008C10D2E55B026FCD5084ED8E7FB7"}]}],"kubernetes_network_config":[{"ip_family":"ipv4","service_ipv4_cidr":"172.20.0.0/16","service_ipv6_cidr":""}],"name":"udacity-cluster","outpost_config":[],"platform_version":"eks.2","role_arn":"arn:aws:iam::749670359030:role/app-udacity-eks-cluster-role","status":"ACTIVE","tags":{},"tags_all":{"Name":"udacity","Terraform":"true"},"timeouts":null,"version":"1.26","vpc_config":[{"cluster_security_group_id":"sg-00264decef8e10bb0","endpoint_private_access":false,"endpoint_public_access":true,"public_access_cidrs":["0.0.0.0/0"],"security_group_ids":[],"subnet_ids":["subnet-09a36a2e56e6e5845","subnet-0d4c551856d32f0ef","subnet-0e244e6d234aa4081"],"vpc_id":"vpc-03d1cb8635266e5ec"}]},"after":{"arn":"arn:aws:eks:us-east-2:749670359030:cluster/udacity-cluster","certificate_authority":[{"data":"LS0tLS1CRUdJTiBDRVJUSUZJQ0FURS0tLS0tCk1JSUMvakNDQWVhZ0F3SUJBZ0lCQURBTkJna3Foa2lHOXcwQkFRc0ZBREFWTVJNd0VRWURWUVFERXdwcmRXSmwKY201bGRHVnpNQjRYRFRJek1EVXhOVEEzTXpJME1Wb1hEVE16TURVeE1qQTNNekkwTVZvd0ZURVRNQkVHQTFVRQpBeE1LYTNWaVpYSnVaWFJsY3pDQ0FTSXdEUVlKS29aSWh2Y05BUUVCQlFBRGdnRVBBRENDQVFvQ2dnRUJBTjRzCmkzWlFiZnZBMVErUU9qTTJEVkZnY3RyYVBQS2laTUVyODZwSU1PakxjNHczeSt1a21qemZOc3R1cy9BakwwSnIKckUxRlE3c2w2Y2NDZmdXNkxtcWtqNGFZdFFYcU1MQ2tEZ09JSXRob2hrZHFRekpaNTRJcGI1VFJYRXNadVpoVgpFZ2RXZ0MyV0pCNTZlRWdRSVJ6K1B2S3IzRW1zZWtzRSs0UFRKdXQrT2o0L0I3QlM2STdHTGdwdm1ybFdFY2U1CnE5OUJoNjMxSGVPSEgybjdNZDIrT1VLc1ZkR0k0WFIvNy9WaEpCR2h5UkJYR2hSMjF2RG5Hb1hWTllOK2ZaNEcKVXovMUF5Z3B6Rmkxd1ZTYUZ2eEw0azc1ZnMyRXNKY3c1VmZZZUJTam9lYVorNXpWQnZmeUloblFUOG4yTmljcQpIMDVuM21jUDdYeEFDMFo2WlNFQ0F3RUFBYU5aTUZjd0RnWURWUjBQQVFIL0JBUURBZ0trTUE4R0ExVWRFd0VCCi93UUZNQU1CQWY4d0hRWURWUjBPQkJZRUZIbDJ0dFcwY2tORVhsVzE2YWU3RGhUVWF5RVpNQlVHQTFVZEVRUU8KTUF5Q0NtdDFZbVZ5Ym1WMFpYTXdEUVlKS29aSWh2Y05BUUVMQlFBRGdnRUJBRzVxMWc0TXM2T2xxM3JOc2YvSApwK0xET2Naek1NL2E3R2hKejJjV0hrVm1GZUFBL0pOV3lxWk1seGwzL1d6bVBKOXdhaWVyaDdZUXcyS01RWU95CmlEUVV3VDJ6TldLWUlkbk9rZ3h2c2ZmNmk0YnlER2lFUzFKa1RpNlk0NjBuK2tRektIZGQwdGZSeUltSVhucDQKM1d0NVFRZ3d1b1IzYnFHdDFVenN1a1pDNEpXSm5OeUgyMUJOQlJjbTUwVEVuYXcyR1BxWS95RlRnd0xHT3N1VwpLKy9DMzVnalFncXlSVWk4YUlkRFBSZmsxRGp1QXNaR1h5bGhsbkt4dU10RDI0aFlHZm83akVUU2FsMkJYSGE4CkIxdHRROXlScmpBWjRqOVNEaUp3Rk9iTlFpKzZmMUdHOFQxTFlpTkRhOWFvK2R1MXM2aXMrNEJnNGU4b2NqSWkKdGp3PQotLS0tLUVORCBDRVJUSUZJQ0FURS0tLS0tCg=="}],"cluster_id":null,"created_at":"2023-05-15 07:27:08.354 +0000 UTC","enabled_cluster_log_types":[],"encryption_config":[],"endpoint":"https://2E008C10D2E55B026FCD5084ED8E7FB7.sk1.us-east-2.eks.amazonaws.com","id":"udacity-cluster","identity":[{"oidc":[{"issuer":"https://oidc.eks.us-east-2.amazonaws.com/id/2E008C10D2E55B026FCD5084ED8E7FB7"}]}],"kubernetes_network_config":[{"ip_family":"ipv4","service_ipv4_cidr":"172.20.0.0/16","service_ipv6_cidr":""}],"name":"udacity-cluster","outpost_config":[],"platform_version":"eks.2","role_arn":"arn:aws:iam::749670359030:role/app-udacity-eks-cluster-role","status":"ACTIVE","tags":{},"tags_all":{"Name":"udacity","Terraform":"true"},"timeouts":null,"version":"1.26","vpc_config":[{"cluster_security_group_id":"sg-00264decef8e10bb0","endpoint_private_access":false,"endpoint_public_access":true,"public_access_cidrs":["0.0.0.0/0"],"security_group_ids":[],"subnet_ids":["subnet-09a36a2e56e6e5845","subnet-0d4c551856d32f0ef","subnet-0e244e6d234aa4081"],"vpc_id":"vpc-03d1cb8635266e5ec"}]},"after_unknown":{},"before_sensitive":{"certificate_authority":[{}],"enabled_cluster_log_types":[],"encryption_config":[],"identity":[{"oidc":[{}]}],"kubernetes_network_config":[{}],"outpost_config":[],"tags":{},"tags_all":{},"vpc_config":[{"public_access_cidrs":[false],"security_group_ids":[],"subnet_ids":[false,false,false]}]},"after_sensitive":{"certificate_authority":[{}],"enabled_cluster_log_types":[],"encryption_config":[],"identity":[{"oidc":[{}]}],"kubernetes_network_config":[{}],"outpost_config":[],"tags":{},"tags_all":{},"vpc_config":[{"public_access_cidrs":[false],"security_group_ids":[],"subnet_ids":[false,false,false]}]}}},{"address":"module.project_eks.aws_eks_node_group.node","module_address":"module.project_eks","mode":"managed","type":"aws_eks_node_group","name":"node","provider_name":"registry.terraform.io/hashicorp/aws","change":{"actions":["no-op"],"before":{"ami_type":"AL2_x86_64","arn":"arn:aws:eks:us-east-2:749670359030:nodegroup/udacity-cluster/app-udacity-node-group/08c40f2b-d000-42a5-77ac-838f39c7c30b","capacity_type":"ON_DEMAND","cluster_name":"udacity-cluster","disk_size":20,"force_update_version":null,"id":"udacity-cluster:app-udacity-node-group","instance_types":["t3.medium"],"labels":{},"launch_template":[],"node_group_name":"app-udacity-node-group","node_group_name_prefix":"","node_role_arn":"arn:aws:iam::749670359030:role/app-udacity-eks-node-role","release_version":"1.26.2-20230509","remote_access":[],"resources":[{"autoscaling_groups":[{"name":"eks-app-udacity-node-group-08c40f2b-d000-42a5-77ac-838f39c7c30b"}],"remote_access_security_group_id":""}],"scaling_config":[{"desired_size":3,"max_size":3,"min_size":1}],"status":"ACTIVE","subnet_ids":["subnet-09a36a2e56e6e5845","subnet-0d4c551856d32f0ef","subnet-0e244e6d234aa4081"],"tags":{"Name":"eks-udacity-nodes"},"tags_all":{"Name":"eks-udacity-nodes","Terraform":"true"},"taint":[],"timeouts":null,"update_config":[{"max_unavailable":1,"max_unavailable_percentage":0}],"version":"1.26"},"after":{"ami_type":"AL2_x86_64","arn":"arn:aws:eks:us-east-2:749670359030:nodegroup/udacity-cluster/app-udacity-node-group/08c40f2b-d000-42a5-77ac-838f39c7c30b","capacity_type":"ON_DEMAND","cluster_name":"udacity-cluster","disk_size":20,"force_update_version":null,"id":"udacity-cluster:app-udacity-node-group","instance_types":["t3.medium"],"labels":{},"launch_template":[],"node_group_name":"app-udacity-node-group","node_group_name_prefix":"","node_role_arn":"arn:aws:iam::749670359030:role/app-udacity-eks-node-role","release_version":"1.26.2-20230509","remote_access":[],"resources":[{"autoscaling_groups":[{"name":"eks-app-udacity-node-group-08c40f2b-d000-42a5-77ac-838f39c7c30b"}],"remote_access_security_group_id":""}],"scaling_config":[{"desired_size":3,"max_size":3,"min_size":1}],"status":"ACTIVE","subnet_ids":["subnet-09a36a2e56e6e5845","subnet-0d4c551856d32f0ef","subnet-0e244e6d234aa4081"],"tags":{"Name":"eks-udacity-nodes"},"tags_all":{"Name":"eks-udacity-nodes","Terraform":"true"},"taint":[],"timeouts":null,"update_config":[{"max_unavailable":1,"max_unavailable_percentage":0}],"version":"1.26"},"after_unknown":{},"before_sensitive":{"instance_types":[false],"labels":{},"launch_template":[],"remote_access":[],"resources":[{"autoscaling_groups":[{}]}],"scaling_config":[{}],"subnet_ids":[false,false,false],"tags":{},"tags_all":{},"taint":[],"update_config":[{}]},"after_sensitive":{"instance_types":[false],"labels":{},"launch_template":[],"remote_access":[],"resources":[{"autoscaling_groups":[{}]}],"scaling_config":[{}],"subnet_ids":[false,false,false],"tags":{},"tags_all":{},"taint":[],"update_config":[{}]}}},{"address":"module.project_eks.aws_iam_openid_connect_provider.oidc","module_address":"module.project_eks","mode":"managed","type":"aws_iam_openid_connect_provider","name":"oidc","provider_name":"registry.terraform.io/hashicorp/aws","change":{"actions":["no-op"],"before":{"arn":"arn:aws:iam::749670359030:oidc-provider/oidc.eks.us-east-2.amazonaws.com/id/2E008C10D2E55B026FCD5084ED8E7FB7","client_id_list":["sts.amazonaws.com"],"id":"arn:aws:iam::749670359030:oidc-provider/oidc.eks.us-east-2.amazonaws.com/id/2E008C10D2E55B026FCD5084ED8E7FB7","tags":{},"tags_all":{"Name":"udacity","Terraform":"true"},"thumbprint_list":["9e99a48a9960b14926bb7f3b02e22da2b0ab7280"],"url":"oidc.eks.us-east-2.amazonaws.com/id/2E008C10D2E55B026FCD5084ED8E7FB7"},"after":{"arn":"arn:aws:iam::749670359030:oidc-provider/oidc.eks.us-east-2.amazonaws.com/id/2E008C10D2E55B026FCD5084ED8E7FB7","client_id_list":["sts.amazonaws.com"],"id":"arn:aws:iam::749670359030:oidc-provider/oidc.eks.us-east-2.amazonaws.com/id/2E008C10D2E55B026FCD5084ED8E7FB7","tags":{},"tags_all":{"Name":"udacity","Terraform":"true"},"thumbprint_list":["9e99a48a9960b14926bb7f3b02e22da2b0ab7280"],"url":"oidc.eks.us-east-2.amazonaws.com/id/2E008C10D2E55B026FCD5084ED8E7FB7"},"after_unknown":{},"before_sensitive":{"client_id_list":[false],"tags":{},"tags_all":{},"thumbprint_list":[false]},"after_sensitive":{"client_id_list":[false],"tags":{},"tags_all":{},"thumbprint_list":[false]}}},{"address":"module.project_eks.aws_iam_policy.eks_cluster_role_cloudwatch_policy","module_address":"module.project_eks","mode":"managed","type":"aws_iam_policy","name":"eks_cluster_role_cloudwatch_policy","provider_name":"registry.terraform.io/hashicorp/aws","change":{"actions":["no-op"],"before":{"arn":"arn:aws:iam::749670359030:policy/app-udacity-eks-cluster-role-cloudwatch-policy","description":"Policy allowing cloudwatch access to udacity resources.","id":"arn:aws:iam::749670359030:policy/app-udacity-eks-cluster-role-cloudwatch-policy","name":"app-udacity-eks-cluster-role-cloudwatch-policy","name_prefix":"","path":"/","policy":"{\"Statement\":[{\"Action\":[\"cloudwatch:*\",\"logs:DescribeLogGroups\",\"logs:DescribeLogStreams\",\"logs:CreateLogGroup\",\"logs:CreateLogStream\",\"logs:PutLogEvents\"],\"Effect\":\"Allow\",\"Resource\":\"*\"}],\"Version\":\"2012-10-17\"}","policy_id":"ANPA25C6V373DFRATV74I","tags":{},"tags_all":{"Name":"udacity","Terraform":"true"}},"after":{"arn":"arn:aws:iam::749670359030:policy/app-udacity-eks-cluster-role-cloudwatch-policy","description":"Policy allowing cloudwatch access to udacity resources.","id":"arn:aws:iam::749670359030:policy/app-udacity-eks-cluster-role-cloudwatch-policy","name":"app-udacity-eks-cluster-role-cloudwatch-policy","name_prefix":"","path":"/","policy":"{\"Statement\":[{\"Action\":[\"cloudwatch:*\",\"logs:DescribeLogGroups\",\"logs:DescribeLogStreams\",\"logs:CreateLogGroup\",\"logs:CreateLogStream\",\"logs:PutLogEvents\"],\"Effect\":\"Allow\",\"Resource\":\"*\"}],\"Version\":\"2012-10-17\"}","policy_id":"ANPA25C6V373DFRATV74I","tags":{},"tags_all":{"Name":"udacity","Terraform":"true"}},"after_unknown":{},"before_sensitive":{"tags":{},"tags_all":{}},"after_sensitive":{"tags":{},"tags_all":{}}}},{"address":"module.project_eks.aws_iam_policy.eks_node_instance_policy","module_address":"module.project_eks","mode":"managed","type":"aws_iam_policy","name":"eks_node_instance_policy","provider_name":"registry.terraform.io/hashicorp/aws","change":{"actions":["no-op"],"before":{"arn":"arn:aws:iam::749670359030:policy/app-udacity-instance-policy","description":"Policy allowing access to udacity resources.","id":"arn:aws:iam::749670359030:policy/app-udacity-instance-policy","name":"app-udacity-instance-policy","name_prefix":"","path":"/","policy":"{\"Statement\":[{\"Action\":\"s3:*\",\"Effect\":\"Allow\",\"Resource\":[\"arn:aws:s3:::*\",\"arn:aws:s3:::*/*\",\"arn:aws:s3:*:*:job/*\"]},{\"Action\":[\"logs:CreateLogGroup\",\"logs:CreateLogStream\",\"logs:PutLogEvents\"],\"Effect\":\"Allow\",\"Resource\":[\"arn:aws:logs:*:*:log-group:*\",\"arn:aws:logs:*:*:log-group:*:*:*\"]},{\"Action\":[\"ecr:BatchCheckLayerAvailability\",\"ecr:BatchGetImage\",\"ecr:DescribeImages\",\"ecr:DescribeRepositories\",\"ecr:GetAuthorizationToken\",\"ecr:GetDownloadUrlForLayer\",\"ecr:GetRepositoryPolicy\",\"ecr:ListImages\"],\"Effect\":\"Allow\",\"Resource\":\"*\"},{\"Action\":[\"sqs:ReceiveMessage\",\"sqs:SendMessage\",\"sqs:SendMessageBatch\",\"sqs:DeleteMessage\",\"sqs:DeleteMessageBatch\",\"sqs:ChangeMessageVisibility\",\"sqs:ChangeMessageVisibilityBatch\"],\"Effect\":\"Allow\",\"Resource\":[\"*\"]},{\"Action\":\"eks:DescribeCluster\",\"Effect\":\"Allow\",\"Resource\":\"*\"}],\"Version\":\"2012-10-17\"}","policy_id":"ANPA25C6V373JTB4NJYBC","tags":{},"tags_all":{"Name":"udacity","Terraform":"true"}},"after":{"arn":"arn:aws:iam::749670359030:policy/app-udacity-instance-policy","description":"Policy allowing access to udacity resources.","id":"arn:aws:iam::749670359030:policy/app-udacity-instance-policy","name":"app-udacity-instance-policy","name_prefix":"","path":"/","policy":"{\"Statement\":[{\"Action\":\"s3:*\",\"Effect\":\"Allow\",\"Resource\":[\"arn:aws:s3:::*\",\"arn:aws:s3:::*/*\",\"arn:aws:s3:*:*:job/*\"]},{\"Action\":[\"logs:CreateLogGroup\",\"logs:CreateLogStream\",\"logs:PutLogEvents\"],\"Effect\":\"Allow\",\"Resource\":[\"arn:aws:logs:*:*:log-group:*\",\"arn:aws:logs:*:*:log-group:*:*:*\"]},{\"Action\":[\"ecr:BatchCheckLayerAvailability\",\"ecr:BatchGetImage\",\"ecr:DescribeImages\",\"ecr:DescribeRepositories\",\"ecr:GetAuthorizationToken\",\"ecr:GetDownloadUrlForLayer\",\"ecr:GetRepositoryPolicy\",\"ecr:ListImages\"],\"Effect\":\"Allow\",\"Resource\":\"*\"},{\"Action\":[\"sqs:ReceiveMessage\",\"sqs:SendMessage\",\"sqs:SendMessageBatch\",\"sqs:DeleteMessage\",\"sqs:DeleteMessageBatch\",\"sqs:ChangeMessageVisibility\",\"sqs:ChangeMessageVisibilityBatch\"],\"Effect\":\"Allow\",\"Resource\":[\"*\"]},{\"Action\":\"eks:DescribeCluster\",\"Effect\":\"Allow\",\"Resource\":\"*\"}],\"Version\":\"2012-10-17\"}","policy_id":"ANPA25C6V373JTB4NJYBC","tags":{},"tags_all":{"Name":"udacity","Terraform":"true"}},"after_unknown":{},"before_sensitive":{"tags":{},"tags_all":{}},"after_sensitive":{"tags":{},"tags_all":{}}}},{"address":"module.project_eks.aws_iam_policy.k8s_auto_scaling","module_address":"module.project_eks","mode":"managed","type":"aws_iam_policy","name":"k8s_auto_scaling","provider_name":"registry.terraform.io/hashicorp/aws","change":{"actions":["no-op"],"before":{"arn":"arn:aws:iam::749670359030:policy/udacity-k8s-autoscale","description":"","id":"arn:aws:iam::749670359030:policy/udacity-k8s-autoscale","name":"udacity-k8s-autoscale","name_prefix":"","path":"/","policy":"{\"Statement\":[{\"Action\":[\"ec2:DescribeLaunchTemplateVersions\",\"autoscaling:TerminateInstanceInAutoScalingGroup\",\"autoscaling:SetDesiredCapacity\",\"autoscaling:DescribeTags\",\"autoscaling:DescribeLaunchConfigurations\",\"autoscaling:DescribeAutoScalingInstances\",\"autoscaling:DescribeAutoScalingGroups\"],\"Effect\":\"Allow\",\"Resource\":\"*\",\"Sid\":\"\"}],\"Version\":\"2012-10-17\"}","policy_id":"ANPA25C6V373ALJK3FZEV","tags":{},"tags_all":{"Name":"udacity","Terraform":"true"}},"after":{"arn":"arn:aws:iam::749670359030:policy/udacity-k8s-autoscale","description":"","id":"arn:aws:iam::749670359030:policy/udacity-k8s-autoscale","name":"udacity-k8s-autoscale","name_prefix":"","path":"/","policy":"{\"Statement\":[{\"Action\":[\"ec2:DescribeLaunchTemplateVersions\",\"autoscaling:TerminateInstanceInAutoScalingGroup\",\"autoscaling:SetDesiredCapacity\",\"autoscaling:DescribeTags\",\"autoscaling:DescribeLaunchConfigurations\",\"autoscaling:DescribeAutoScalingInstances\",\"autoscaling:DescribeAutoScalingGroups\"],\"Effect\":\"Allow\",\"Resource\":\"*\",\"Sid\":\"\"}],\"Version\":\"2012-10-17\"}","policy_id":"ANPA25C6V373ALJK3FZEV","tags":{},"tags_all":{"Name":"udacity","Terraform":"true"}},"after_unknown":{},"before_sensitive":{"tags":{},"tags_all":{}},"after_sensitive":{"tags":{},"tags_all":{}}}},{"address":"module.project_eks.aws_iam_role.cluster_autoscaler","module_address":"module.project_eks","mode":"managed","type":"aws_iam_role","name":"cluster_autoscaler","provider_name":"registry.terraform.io/hashicorp/aws","change":{"actions":["no-op"],"before":{"arn":"arn:aws:iam::749670359030:role/cluster_autoscaler","assume_role_policy":"{\"Statement\":[{\"Action\":\"sts:AssumeRoleWithWebIdentity\",\"Condition\":{\"StringEquals\":{\"oidc.eks.us-east-2.amazonaws.com/id/2E008C10D2E55B026FCD5084ED8E7FB7:sub\":\"system:serviceaccount:kube-system:cluster-autoscaler\"}},\"Effect\":\"Allow\",\"Principal\":{\"Federated\":\"arn:aws:iam::749670359030:oidc-provider/oidc.eks.us-east-2.amazonaws.com/id/2E008C10D2E55B026FCD5084ED8E7FB7\"},\"Sid\":\"\"}],\"Version\":\"2012-10-17\"}","create_date":"2023-05-15T11:45:06Z","description":"","force_detach_policies":false,"id":"cluster_autoscaler","inline_policy":[{"name":"cluster_autoscaler","policy":"{\"Version\":\"2012-10-17\",\"Statement\":[{\"Action\":[\"eks:DescribeNodegroup\",\"ec2:DescribeInstanceTypes\",\"autoscaling:TerminateInstanceInAutoScalingGroup\",\"autoscaling:SetDesiredCapacity\"],\"Condition\":{\"StringEquals\":{\"aws:ResourceTag/k8s.io/cluster-autoscaler/udacity-cluster\":\"owned\"}},\"Effect\":\"Allow\",\"Resource\":\"*\",\"Sid\":\"\"},{\"Action\":[\"ec2:DescribeLaunchTemplateVersions\",\"ec2:DescribeInstanceTypes\",\"autoscaling:TerminateInstanceInAutoScalingGroup\",\"autoscaling:SetDesiredCapacity\",\"autoscaling:DescribeTags\",\"autoscaling:DescribeLaunchConfigurations\",\"autoscaling:DescribeInstances\",\"autoscaling:DescribeAutoScalingInstances\",\"autoscaling:DescribeAutoScalingGroups\"],\"Effect\":\"Allow\",\"Resource\":\"*\",\"Sid\":\"\"}]}"}],"managed_policy_arns":[],"max_session_duration":3600,"name":"cluster_autoscaler","name_prefix":"","path":"/","permissions_boundary":null,"role_last_used":[{"last_used_date":"2023-05-15T18:38:28Z","region":"us-east-2"}],"tags":{},"tags_all":{"Name":"udacity","Terraform":"true"},"unique_id":"AROA25C6V373IKTS4J3OZ"},"after":{"arn":"arn:aws:iam::749670359030:role/cluster_autoscaler","assume_role_policy":"{\"Statement\":[{\"Action\":\"sts:AssumeRoleWithWebIdentity\",\"Condition\":{\"StringEquals\":{\"oidc.eks.us-east-2.amazonaws.com/id/2E008C10D2E55B026FCD5084ED8E7FB7:sub\":\"system:serviceaccount:kube-system:cluster-autoscaler\"}},\"Effect\":\"Allow\",\"Principal\":{\"Federated\":\"arn:aws:iam::749670359030:oidc-provider/oidc.eks.us-east-2.amazonaws.com/id/2E008C10D2E55B026FCD5084ED8E7FB7\"},\"Sid\":\"\"}],\"Version\":\"2012-10-17\"}","create_date":"2023-05-15T11:45:06Z","description":"","force_detach_policies":false,"id":"cluster_autoscaler","inline_policy":[{"name":"cluster_autoscaler","policy":"{\"Version\":\"2012-10-17\",\"Statement\":[{\"Action\":[\"eks:DescribeNodegroup\",\"ec2:DescribeInstanceTypes\",\"autoscaling:TerminateInstanceInAutoScalingGroup\",\"autoscaling:SetDesiredCapacity\"],\"Condition\":{\"StringEquals\":{\"aws:ResourceTag/k8s.io/cluster-autoscaler/udacity-cluster\":\"owned\"}},\"Effect\":\"Allow\",\"Resource\":\"*\",\"Sid\":\"\"},{\"Action\":[\"ec2:DescribeLaunchTemplateVersions\",\"ec2:DescribeInstanceTypes\",\"autoscaling:TerminateInstanceInAutoScalingGroup\",\"autoscaling:SetDesiredCapacity\",\"autoscaling:DescribeTags\",\"autoscaling:DescribeLaunchConfigurations\",\"autoscaling:DescribeInstances\",\"autoscaling:DescribeAutoScalingInstances\",\"autoscaling:DescribeAutoScalingGroups\"],\"Effect\":\"Allow\",\"Resource\":\"*\",\"Sid\":\"\"}]}"}],"managed_policy_arns":[],"max_session_duration":3600,"name":"cluster_autoscaler","name_prefix":"","path":"/","permissions_boundary":null,"role_last_used":[{"last_used_date":"2023-05-15T18:38:28Z","region":"us-east-2"}],"tags":{},"tags_all":{"Name":"udacity","Terraform":"true"},"unique_id":"AROA25C6V373IKTS4J3OZ"},"after_unknown":{},"before_sensitive":{"inline_policy":[{}],"managed_policy_arns":[],"role_last_used":[{}],"tags":{},"tags_all":{}},"after_sensitive":{"inline_policy":[{}],"managed_policy_arns":[],"role_last_used":[{}],"tags":{},"tags_all":{}}}},{"address":"module.project_eks.aws_iam_role.eks_cluster_role","module_address":"module.project_eks","mode":"managed","type":"aws_iam_role","name":"eks_cluster_role","provider_name":"registry.terraform.io/hashicorp/aws","change":{"actions":["no-op"],"before":{"arn":"arn:aws:iam::749670359030:role/app-udacity-eks-cluster-role","assume_role_policy":"{\"Statement\":[{\"Action\":\"sts:AssumeRole\",\"Effect\":\"Allow\",\"Principal\":{\"Service\":\"eks.amazonaws.com\"},\"Sid\":\"\"}],\"Version\":\"2012-10-17\"}","create_date":"2023-05-15T07:25:00Z","description":"","force_detach_policies":false,"id":"app-udacity-eks-cluster-role","inline_policy":[],"managed_policy_arns":["arn:aws:iam::aws:policy/AmazonEKSClusterPolicy","arn:aws:iam::aws:policy/AmazonEKSServicePolicy"],"max_session_duration":3600,"name":"app-udacity-eks-cluster-role","name_prefix":"","path":"/","permissions_boundary":null,"role_last_used":[{"last_used_date":"2023-05-15T18:33:45Z","region":"us-east-2"}],"tags":{},"tags_all":{"Name":"udacity","Terraform":"true"},"unique_id":"AROA25C6V373M63TQU66C"},"after":{"arn":"arn:aws:iam::749670359030:role/app-udacity-eks-cluster-role","assume_role_policy":"{\"Statement\":[{\"Action\":\"sts:AssumeRole\",\"Effect\":\"Allow\",\"Principal\":{\"Service\":\"eks.amazonaws.com\"},\"Sid\":\"\"}],\"Version\":\"2012-10-17\"}","create_date":"2023-05-15T07:25:00Z","description":"","force_detach_policies":false,"id":"app-udacity-eks-cluster-role","inline_policy":[],"managed_policy_arns":["arn:aws:iam::aws:policy/AmazonEKSClusterPolicy","arn:aws:iam::aws:policy/AmazonEKSServicePolicy"],"max_session_duration":3600,"name":"app-udacity-eks-cluster-role","name_prefix":"","path":"/","permissions_boundary":null,"role_last_used":[{"last_used_date":"2023-05-15T18:33:45Z","region":"us-east-2"}],"tags":{},"tags_all":{"Name":"udacity","Terraform":"true"},"unique_id":"AROA25C6V373M63TQU66C"},"after_unknown":{},"before_sensitive":{"inline_policy":[],"managed_policy_arns":[false,false],"role_last_used":[{}],"tags":{},"tags_all":{}},"after_sensitive":{"inline_policy":[],"managed_policy_arns":[false,false],"role_last_used":[{}],"tags":{},"tags_all":{}}}},{"address":"module.project_eks.aws_iam_role.eks_node_cluster_role","module_address":"module.project_eks","mode":"managed","type":"aws_iam_role","name":"eks_node_cluster_role","provider_name":"registry.terraform.io/hashicorp/aws","change":{"actions":["no-op"],"before":{"arn":"arn:aws:iam::749670359030:role/app-udacity-eks-node-role","assume_role_policy":"{\"Statement\":[{\"Action\":\"sts:AssumeRole\",\"Effect\":\"Allow\",\"Principal\":{\"Service\":\"ec2.amazonaws.com\"},\"Sid\":\"\"}],\"Version\":\"2012-10-17\"}","create_date":"2023-05-15T07:25:00Z","description":"","force_detach_policies":false,"id":"app-udacity-eks-node-role","inline_policy":[],"managed_policy_arns":["arn:aws:iam::749670359030:policy/app-udacity-eks-cluster-role-cloudwatch-policy","arn:aws:iam::749670359030:policy/app-udacity-instance-policy","arn:aws:iam::aws:policy/AmazonEC2ContainerRegistryReadOnly","arn:aws:iam::aws:policy/AmazonEKSWorkerNodePolicy","arn:aws:iam::aws:policy/AmazonEKS_CNI_Policy","arn:aws:iam::aws:policy/CloudWatchAgentServerPolicy"],"max_session_duration":3600,"name":"app-udacity-eks-node-role","name_prefix":"","path":"/","permissions_boundary":null,"role_last_used":[{"last_used_date":"2023-05-15T18:34:22Z","region":"us-east-2"}],"tags":{},"tags_all":{"Name":"udacity","Terraform":"true"},"unique_id":"AROA25C6V373F7ULRT5ZU"},"after":{"arn":"arn:aws:iam::749670359030:role/app-udacity-eks-node-role","assume_role_policy":"{\"Statement\":[{\"Action\":\"sts:AssumeRole\",\"Effect\":\"Allow\",\"Principal\":{\"Service\":\"ec2.amazonaws.com\"},\"Sid\":\"\"}],\"Version\":\"2012-10-17\"}","create_date":"2023-05-15T07:25:00Z","description":"","force_detach_policies":false,"id":"app-udacity-eks-node-role","inline_policy":[],"managed_policy_arns":["arn:aws:iam::749670359030:policy/app-udacity-eks-cluster-role-cloudwatch-policy","arn:aws:iam::749670359030:policy/app-udacity-instance-policy","arn:aws:iam::aws:policy/AmazonEC2ContainerRegistryReadOnly","arn:aws:iam::aws:policy/AmazonEKSWorkerNodePolicy","arn:aws:iam::aws:policy/AmazonEKS_CNI_Policy","arn:aws:iam::aws:policy/CloudWatchAgentServerPolicy"],"max_session_duration":3600,"name":"app-udacity-eks-node-role","name_prefix":"","path":"/","permissions_boundary":null,"role_last_used":[{"last_used_date":"2023-05-15T18:34:22Z","region":"us-east-2"}],"tags":{},"tags_all":{"Name":"udacity","Terraform":"true"},"unique_id":"AROA25C6V373F7ULRT5ZU"},"after_unknown":{},"before_sensitive":{"inline_policy":[],"managed_policy_arns":[false,false,false,false,false,false],"role_last_used":[{}],"tags":{},"tags_all":{}},"after_sensitive":{"inline_policy":[],"managed_policy_arns":[false,false,false,false,false,false],"role_last_used":[{}],"tags":{},"tags_all":{}}}},{"address":"module.project_eks.aws_iam_role_policy.cluster_autoscaler","module_address":"module.project_eks","mode":"managed","type":"aws_iam_role_policy","name":"cluster_autoscaler","provider_name":"registry.terraform.io/hashicorp/aws","change":{"actions":["no-op"],"before":{"id":"cluster_autoscaler:cluster_autoscaler","name":"cluster_autoscaler","name_prefix":null,"policy":"{\"Version\":\"2012-10-17\",\"Statement\":[{\"Action\":[\"eks:DescribeNodegroup\",\"ec2:DescribeInstanceTypes\",\"autoscaling:TerminateInstanceInAutoScalingGroup\",\"autoscaling:SetDesiredCapacity\"],\"Condition\":{\"StringEquals\":{\"aws:ResourceTag/k8s.io/cluster-autoscaler/udacity-cluster\":\"owned\"}},\"Effect\":\"Allow\",\"Resource\":\"*\",\"Sid\":\"\"},{\"Action\":[\"ec2:DescribeLaunchTemplateVersions\",\"ec2:DescribeInstanceTypes\",\"autoscaling:TerminateInstanceInAutoScalingGroup\",\"autoscaling:SetDesiredCapacity\",\"autoscaling:DescribeTags\",\"autoscaling:DescribeLaunchConfigurations\",\"autoscaling:DescribeInstances\",\"autoscaling:DescribeAutoScalingInstances\",\"autoscaling:DescribeAutoScalingGroups\"],\"Effect\":\"Allow\",\"Resource\":\"*\",\"Sid\":\"\"}]}","role":"cluster_autoscaler"},"after":{"id":"cluster_autoscaler:cluster_autoscaler","name":"cluster_autoscaler","name_prefix":null,"policy":"{\"Version\":\"2012-10-17\",\"Statement\":[{\"Action\":[\"eks:DescribeNodegroup\",\"ec2:DescribeInstanceTypes\",\"autoscaling:TerminateInstanceInAutoScalingGroup\",\"autoscaling:SetDesiredCapacity\"],\"Condition\":{\"StringEquals\":{\"aws:ResourceTag/k8s.io/cluster-autoscaler/udacity-cluster\":\"owned\"}},\"Effect\":\"Allow\",\"Resource\":\"*\",\"Sid\":\"\"},{\"Action\":[\"ec2:DescribeLaunchTemplateVersions\",\"ec2:DescribeInstanceTypes\",\"autoscaling:TerminateInstanceInAutoScalingGroup\",\"autoscaling:SetDesiredCapacity\",\"autoscaling:DescribeTags\",\"autoscaling:DescribeLaunchConfigurations\",\"autoscaling:DescribeInstances\",\"autoscaling:DescribeAutoScalingInstances\",\"autoscaling:DescribeAutoScalingGroups\"],\"Effect\":\"Allow\",\"Resource\":\"*\",\"Sid\":\"\"}]}","role":"cluster_autoscaler"},"after_unknown":{},"before_sensitive":{},"after_sensitive":{}}},{"address":"module.project_eks.aws_iam_role_policy_attachment.cluster_AmazonEKSCloudwatchPolicy","module_address":"module.project_eks","mode":"managed","type":"aws_iam_role_policy_attachment","name":"cluster_AmazonEKSCloudwatchPolicy","provider_name":"registry.terraform.io/hashicorp/aws","change":{"actions":["no-op"],"before":{"id":"app-udacity-eks-node-role-20230515072501813300000007","policy_arn":"arn:aws:iam::749670359030:policy/app-udacity-eks-cluster-role-cloudwatch-policy","role":"app-udacity-eks-node-role"},"after":{"id":"app-udacity-eks-node-role-20230515072501813300000007","policy_arn":"arn:aws:iam::749670359030:policy/app-udacity-eks-cluster-role-cloudwatch-policy","role":"app-udacity-eks-node-role"},"after_unknown":{},"before_sensitive":{},"after_sensitive":{}}},{"address":"module.project_eks.aws_iam_role_policy_attachment.cluster_AmazonEKSClusterPolicy","module_address":"module.project_eks","mode":"managed","type":"aws_iam_role_policy_attachment","name":"cluster_AmazonEKSClusterPolicy","provider_name":"registry.terraform.io/hashicorp/aws","change":{"actions":["no-op"],"before":{"id":"app-udacity-eks-cluster-role-20230515072502041400000009","policy_arn":"arn:aws:iam::aws:policy/AmazonEKSClusterPolicy","role":"app-udacity-eks-cluster-role"},"after":{"id":"app-udacity-eks-cluster-role-20230515072502041400000009","policy_arn":"arn:aws:iam::aws:policy/AmazonEKSClusterPolicy","role":"app-udacity-eks-cluster-role"},"after_unknown":{},"before_sensitive":{},"after_sensitive":{}}},{"address":"module.project_eks.aws_iam_role_policy_attachment.cluster_AmazonEKSServicePolicy","module_address":"module.project_eks","mode":"managed","type":"aws_iam_role_policy_attachment","name":"cluster_AmazonEKSServicePolicy","provider_name":"registry.terraform.io/hashicorp/aws","change":{"actions":["no-op"],"before":{"id":"app-udacity-eks-cluster-role-20230515072501727500000006","policy_arn":"arn:aws:iam::aws:policy/AmazonEKSServicePolicy","role":"app-udacity-eks-cluster-role"},"after":{"id":"app-udacity-eks-cluster-role-20230515072501727500000006","policy_arn":"arn:aws:iam::aws:policy/AmazonEKSServicePolicy","role":"app-udacity-eks-cluster-role"},"after_unknown":{},"before_sensitive":{},"after_sensitive":{}}},{"address":"module.project_eks.aws_iam_role_policy_attachment.node_AmazonEC2ContainerRegistryReadOnly","module_address":"module.project_eks","mode":"managed","type":"aws_iam_role_policy_attachment","name":"node_AmazonEC2ContainerRegistryReadOnly","provider_name":"registry.terraform.io/hashicorp/aws","change":{"actions":["no-op"],"before":{"id":"app-udacity-eks-node-role-20230515072501655200000005","policy_arn":"arn:aws:iam::aws:policy/AmazonEC2ContainerRegistryReadOnly","role":"app-udacity-eks-node-role"},"after":{"id":"app-udacity-eks-node-role-20230515072501655200000005","policy_arn":"arn:aws:iam::aws:policy/AmazonEC2ContainerRegistryReadOnly","role":"app-udacity-eks-node-role"},"after_unknown":{},"before_sensitive":{},"after_sensitive":{}}},{"address":"module.project_eks.aws_iam_role_policy_attachment.node_AmazonEKSWorkerNodePolicy","module_address":"module.project_eks","mode":"managed","type":"aws_iam_role_policy_attachment","name":"node_AmazonEKSWorkerNodePolicy","provider_name":"registry.terraform.io/hashicorp/aws","change":{"actions":["no-op"],"before":{"id":"app-udacity-eks-node-role-2023051507250209990000000b","policy_arn":"arn:aws:iam::aws:policy/AmazonEKSWorkerNodePolicy","role":"app-udacity-eks-node-role"},"after":{"id":"app-udacity-eks-node-role-2023051507250209990000000b","policy_arn":"arn:aws:iam::aws:policy/AmazonEKSWorkerNodePolicy","role":"app-udacity-eks-node-role"},"after_unknown":{},"before_sensitive":{},"after_sensitive":{}}},{"address":"module.project_eks.aws_iam_role_policy_attachment.node_AmazonEKS_CNI_Policy","module_address":"module.project_eks","mode":"managed","type":"aws_iam_role_policy_attachment","name":"node_AmazonEKS_CNI_Policy","provider_name":"registry.terraform.io/hashicorp/aws","change":{"actions":["no-op"],"before":{"id":"app-udacity-eks-node-role-2023051507250209380000000a","policy_arn":"arn:aws:iam::aws:policy/AmazonEKS_CNI_Policy","role":"app-udacity-eks-node-role"},"after":{"id":"app-udacity-eks-node-role-2023051507250209380000000a","policy_arn":"arn:aws:iam::aws:policy/AmazonEKS_CNI_Policy","role":"app-udacity-eks-node-role"},"after_unknown":{},"before_sensitive":{},"after_sensitive":{}}},{"address":"module.project_eks.aws_iam_role_policy_attachment.node_CloudWatchAgentServerPolicy","module_address":"module.project_eks","mode":"managed","type":"aws_iam_role_policy_attachment","name":"node_CloudWatchAgentServerPolicy","provider_name":"registry.terraform.io/hashicorp/aws","change":{"actions":["no-op"],"before":{"id":"app-udacity-eks-node-role-20230515072501606700000004","policy_arn":"arn:aws:iam::aws:policy/CloudWatchAgentServerPolicy","role":"app-udacity-eks-node-role"},"after":{"id":"app-udacity-eks-node-role-20230515072501606700000004","policy_arn":"arn:aws:iam::aws:policy/CloudWatchAgentServerPolicy","role":"app-udacity-eks-node-role"},"after_unknown":{},"before_sensitive":{},"after_sensitive":{}}},{"address":"module.project_eks.aws_iam_role_policy_attachment.node_harmony_policy_attachment","module_address":"module.project_eks","mode":"managed","type":"aws_iam_role_policy_attachment","name":"node_harmony_policy_attachment","provider_name":"registry.terraform.io/hashicorp/aws","change":{"actions":["no-op"],"before":{"id":"app-udacity-eks-node-role-20230515072501859900000008","policy_arn":"arn:aws:iam::749670359030:policy/app-udacity-instance-policy","role":"app-udacity-eks-node-role"},"after":{"id":"app-udacity-eks-node-role-20230515072501859900000008","policy_arn":"arn:aws:iam::749670359030:policy/app-udacity-instance-policy","role":"app-udacity-eks-node-role"},"after_unknown":{},"before_sensitive":{},"after_sensitive":{}}},{"address":"module.project_eks.helm_release.cluster-autoscaler","module_address":"module.project_eks","mode":"managed","type":"helm_release","name":"cluster-autoscaler","provider_name":"registry.terraform.io/hashicorp/helm","change":{"actions":["no-op"],"before":{"atomic":false,"chart":"cluster-autoscaler","cleanup_on_fail":false,"create_namespace":false,"dependency_update":false,"description":null,"devel":null,"disable_crd_hooks":false,"disable_openapi_validation":false,"disable_webhooks":false,"force_update":false,"id":"cluster-autoscaler","keyring":null,"lint":false,"manifest":null,"max_history":0,"metadata":[{"app_version":"1.23.0","chart":"cluster-autoscaler","name":"cluster-autoscaler","namespace":"kube-system","revision":1,"values":"{\"autoDiscovery\":{\"clusterName\":\"udacity-cluster\"},\"awsRegion\":\"us-east-2\",\"cloudProvider\":\"aws\",\"fullnameOverride\":\"cluster-autoscaler\",\"rbac\":{\"serviceAccount\":{\"annotations\":{\"eks.amazonaws.com/role-arn\":\"arn:aws:iam::749670359030:role/cluster_autoscaler\"},\"name\":\"cluster-autoscaler\"}}}","version":"9.19.4"}],"name":"cluster-autoscaler","namespace":"kube-system","pass_credentials":false,"postrender":[],"recreate_pods":false,"render_subchart_notes":true,"replace":false,"repository":"https://kubernetes.github.io/autoscaler","repository_ca_file":null,"repository_cert_file":null,"repository_key_file":null,"repository_password":null,"repository_username":null,"reset_values":false,"reuse_values":false,"set":[{"name":"autoDiscovery.clusterName","type":"","value":"udacity-cluster"},{"name":"awsRegion","type":"","value":"us-east-2"},{"name":"cloudProvider","type":"","value":"aws"},{"name":"fullnameOverride","type":"","value":"cluster-autoscaler"},{"name":"rbac.serviceAccount.annotations.eks\\.amazonaws\\.com/role-arn","type":"string","value":"arn:aws:iam::749670359030:role/cluster_autoscaler"},{"name":"rbac.serviceAccount.name","type":"","value":"cluster-autoscaler"}],"set_sensitive":[],"skip_crds":false,"status":"deployed","timeout":300,"values":null,"verify":false,"version":"9.19.4","wait":true,"wait_for_jobs":false},"after":{"atomic":false,"chart":"cluster-autoscaler","cleanup_on_fail":false,"create_namespace":false,"dependency_update":false,"description":null,"devel":null,"disable_crd_hooks":false,"disable_openapi_validation":false,"disable_webhooks":false,"force_update":false,"id":"cluster-autoscaler","keyring":null,"lint":false,"manifest":null,"max_history":0,"metadata":[{"app_version":"1.23.0","chart":"cluster-autoscaler","name":"cluster-autoscaler","namespace":"kube-system","revision":1,"values":"{\"autoDiscovery\":{\"clusterName\":\"udacity-cluster\"},\"awsRegion\":\"us-east-2\",\"cloudProvider\":\"aws\",\"fullnameOverride\":\"cluster-autoscaler\",\"rbac\":{\"serviceAccount\":{\"annotations\":{\"eks.amazonaws.com/role-arn\":\"arn:aws:iam::749670359030:role/cluster_autoscaler\"},\"name\":\"cluster-autoscaler\"}}}","version":"9.19.4"}],"name":"cluster-autoscaler","namespace":"kube-system","pass_credentials":false,"postrender":[],"recreate_pods":false,"render_subchart_notes":true,"replace":false,"repository":"https://kubernetes.github.io/autoscaler","repository_ca_file":null,"repository_cert_file":null,"repository_key_file":null,"repository_password":null,"repository_username":null,"reset_values":false,"reuse_values":false,"set":[{"name":"autoDiscovery.clusterName","type":"","value":"udacity-cluster"},{"name":"awsRegion","type":"","value":"us-east-2"},{"name":"cloudProvider","type":"","value":"aws"},{"name":"fullnameOverride","type":"","value":"cluster-autoscaler"},{"name":"rbac.serviceAccount.annotations.eks\\.amazonaws\\.com/role-arn","type":"string","value":"arn:aws:iam::749670359030:role/cluster_autoscaler"},{"name":"rbac.serviceAccount.name","type":"","value":"cluster-autoscaler"}],"set_sensitive":[],"skip_crds":false,"status":"deployed","timeout":300,"values":null,"verify":false,"version":"9.19.4","wait":true,"wait_for_jobs":false},"after_unknown":{},"before_sensitive":{"metadata":[{}],"postrender":[],"repository_password":true,"set":[{},{},{},{},{},{}],"set_sensitive":[]},"after_sensitive":{"metadata":[{}],"postrender":[],"repository_password":true,"set":[{},{},{},{},{},{}],"set_sensitive":[]}}},{"address":"module.vpc.aws_eip.nat[0]","module_address":"module.vpc","mode":"managed","type":"aws_eip","name":"nat","index":0,"provider_name":"registry.terraform.io/hashicorp/aws","change":{"actions":["no-op"],"before":{"address":null,"allocation_id":"eipalloc-00d80daff237d6432","associate_with_private_ip":null,"association_id":"eipassoc-01ec1683be892a933","carrier_ip":"","customer_owned_ip":"","customer_owned_ipv4_pool":"","domain":"vpc","id":"eipalloc-00d80daff237d6432","instance":"","network_border_group":"us-east-2","network_interface":"eni-0eb82cb3a28ab45f8","private_dns":"ip-10-100-10-215.us-east-2.compute.internal","private_ip":"10.100.10.215","public_dns":"ec2-3-141-233-16.us-east-2.compute.amazonaws.com","public_ip":"3.141.233.16","public_ipv4_pool":"amazon","tags":{"Name":"udacity-project-us-east-2a"},"tags_all":{"Name":"udacity-project-us-east-2a","Terraform":"true"},"timeouts":null,"vpc":true},"after":{"address":null,"allocation_id":"eipalloc-00d80daff237d6432","associate_with_private_ip":null,"association_id":"eipassoc-01ec1683be892a933","carrier_ip":"","customer_owned_ip":"","customer_owned_ipv4_pool":"","domain":"vpc","id":"eipalloc-00d80daff237d6432","instance":"","network_border_group":"us-east-2","network_interface":"eni-0eb82cb3a28ab45f8","private_dns":"ip-10-100-10-215.us-east-2.compute.internal","private_ip":"10.100.10.215","public_dns":"ec2-3-141-233-16.us-east-2.compute.amazonaws.com","public_ip":"3.141.233.16","public_ipv4_pool":"amazon","tags":{"Name":"udacity-project-us-east-2a"},"tags_all":{"Name":"udacity-project-us-east-2a","Terraform":"true"},"timeouts":null,"vpc":true},"after_unknown":{},"before_sensitive":{"tags":{},"tags_all":{}},"after_sensitive":{"tags":{},"tags_all":{}}}},{"address":"module.vpc.aws_internet_gateway.this[0]","module_address":"module.vpc","mode":"managed","type":"aws_internet_gateway","name":"this","index":0,"provider_name":"registry.terraform.io/hashicorp/aws","change":{"actions":["no-op"],"before":{"arn":"arn:aws:ec2:us-east-2:749670359030:internet-gateway/igw-07977ad3352d04396","id":"igw-07977ad3352d04396","owner_id":"749670359030","tags":{"Name":"udacity-project"},"tags_all":{"Name":"udacity-project","Terraform":"true"},"timeouts":null,"vpc_id":"vpc-03d1cb8635266e5ec"},"after":{"arn":"arn:aws:ec2:us-east-2:749670359030:internet-gateway/igw-07977ad3352d04396","id":"igw-07977ad3352d04396","owner_id":"749670359030","tags":{"Name":"udacity-project"},"tags_all":{"Name":"udacity-project","Terraform":"true"},"timeouts":null,"vpc_id":"vpc-03d1cb8635266e5ec"},"after_unknown":{},"before_sensitive":{"tags":{},"tags_all":{}},"after_sensitive":{"tags":{},"tags_all":{}}}},{"address":"module.vpc.aws_nat_gateway.this[0]","module_address":"module.vpc","mode":"managed","type":"aws_nat_gateway","name":"this","index":0,"provider_name":"registry.terraform.io/hashicorp/aws","change":{"actions":["create"],"before":null,"after":{"allocation_id":"eipalloc-00d80daff237d6432","connectivity_type":"public","subnet_id":"subnet-07dda607965955cf0","tags":{"Name":"udacity-project-us-east-2a"},"tags_all":{"Name":"udacity-project-us-east-2a","Terraform":"true"}},"after_unknown":{"association_id":true,"id":true,"network_interface_id":true,"private_ip":true,"public_ip":true,"tags":{},"tags_all":{}},"before_sensitive":false,"after_sensitive":{"tags":{},"tags_all":{}}}},{"address":"module.vpc.aws_route.private_nat_gateway[0]","module_address":"module.vpc","mode":"managed","type":"aws_route","name":"private_nat_gateway","index":0,"provider_name":"registry.terraform.io/hashicorp/aws","change":{"actions":["create"],"before":null,"after":{"carrier_gateway_id":null,"core_network_arn":null,"destination_cidr_block":"0.0.0.0/0","destination_ipv6_cidr_block":null,"destination_prefix_list_id":null,"egress_only_gateway_id":null,"gateway_id":null,"local_gateway_id":null,"timeouts":{"create":"5m","delete":null,"update":null},"transit_gateway_id":null,"vpc_endpoint_id":null,"vpc_peering_connection_id":null},"after_unknown":{"id":true,"instance_id":true,"instance_owner_id":true,"nat_gateway_id":true,"network_interface_id":true,"origin":true,"route_table_id":true,"state":true,"timeouts":{}},"before_sensitive":false,"after_sensitive":{"timeouts":{}}}},{"address":"module.vpc.aws_route.private_nat_gateway[1]","module_address":"module.vpc","mode":"managed","type":"aws_route","name":"private_nat_gateway","index":1,"provider_name":"registry.terraform.io/hashicorp/aws","change":{"actions":["create"],"before":null,"after":{"carrier_gateway_id":null,"core_network_arn":null,"destination_cidr_block":"0.0.0.0/0","destination_ipv6_cidr_block":null,"destination_prefix_list_id":null,"egress_only_gateway_id":null,"gateway_id":null,"local_gateway_id":null,"timeouts":{"create":"5m","delete":null,"update":null},"transit_gateway_id":null,"vpc_endpoint_id":null,"vpc_peering_connection_id":null},"after_unknown":{"id":true,"instance_id":true,"instance_owner_id":true,"nat_gateway_id":true,"network_interface_id":true,"origin":true,"route_table_id":true,"state":true,"timeouts":{}},"before_sensitive":false,"after_sensitive":{"timeouts":{}}}},{"address":"module.vpc.aws_route.private_nat_gateway[2]","module_address":"module.vpc","mode":"managed","type":"aws_route","name":"private_nat_gateway","index":2,"provider_name":"registry.terraform.io/hashicorp/aws","change":{"actions":["create"],"before":null,"after":{"carrier_gateway_id":null,"core_network_arn":null,"destination_cidr_block":"0.0.0.0/0","destination_ipv6_cidr_block":null,"destination_prefix_list_id":null,"egress_only_gateway_id":null,"gateway_id":null,"local_gateway_id":null,"timeouts":{"create":"5m","delete":null,"update":null},"transit_gateway_id":null,"vpc_endpoint_id":null,"vpc_peering_connection_id":null},"after_unknown":{"id":true,"instance_id":true,"instance_owner_id":true,"nat_gateway_id":true,"network_interface_id":true,"origin":true,"route_table_id":true,"state":true,"timeouts":{}},"before_sensitive":false,"after_sensitive":{"timeouts":{}}}},{"address":"module.vpc.aws_route.public_internet_gateway[0]","module_address":"module.vpc","mode":"managed","type":"aws_route","name":"public_internet_gateway","index":0,"provider_name":"registry.terraform.io/hashicorp/aws","change":{"actions":["create"],"before":null,"after":{"carrier_gateway_id":null,"core_network_arn":null,"destination_cidr_block":"0.0.0.0/0","destination_ipv6_cidr_block":null,"destination_prefix_list_id":null,"egress_only_gateway_id":null,"gateway_id":"igw-07977ad3352d04396","local_gateway_id":null,"nat_gateway_id":null,"timeouts":{"create":"5m","delete":null,"update":null},"transit_gateway_id":null,"vpc_endpoint_id":null,"vpc_peering_connection_id":null},"after_unknown":{"id":true,"instance_id":true,"instance_owner_id":true,"network_interface_id":true,"origin":true,"route_table_id":true,"state":true,"timeouts":{}},"before_sensitive":false,"after_sensitive":{"timeouts":{}}}},{"address":"module.vpc.aws_route.public_internet_gateway[1]","module_address":"module.vpc","mode":"managed","type":"aws_route","name":"public_internet_gateway","index":1,"provider_name":"registry.terraform.io/hashicorp/aws","change":{"actions":["create"],"before":null,"after":{"carrier_gateway_id":null,"core_network_arn":null,"destination_cidr_block":"0.0.0.0/0","destination_ipv6_cidr_block":null,"destination_prefix_list_id":null,"egress_only_gateway_id":null,"gateway_id":"igw-07977ad3352d04396","local_gateway_id":null,"nat_gateway_id":null,"timeouts":{"create":"5m","delete":null,"update":null},"transit_gateway_id":null,"vpc_endpoint_id":null,"vpc_peering_connection_id":null},"after_unknown":{"id":true,"instance_id":true,"instance_owner_id":true,"network_interface_id":true,"origin":true,"route_table_id":true,"state":true,"timeouts":{}},"before_sensitive":false,"after_sensitive":{"timeouts":{}}}},{"address":"module.vpc.aws_route.public_internet_gateway[2]","module_address":"module.vpc","mode":"managed","type":"aws_route","name":"public_internet_gateway","index":2,"provider_name":"registry.terraform.io/hashicorp/aws","change":{"actions":["create"],"before":null,"after":{"carrier_gateway_id":null,"core_network_arn":null,"destination_cidr_block":"0.0.0.0/0","destination_ipv6_cidr_block":null,"destination_prefix_list_id":null,"egress_only_gateway_id":null,"gateway_id":"igw-07977ad3352d04396","local_gateway_id":null,"nat_gateway_id":null,"timeouts":{"create":"5m","delete":null,"update":null},"transit_gateway_id":null,"vpc_endpoint_id":null,"vpc_peering_connection_id":null},"after_unknown":{"id":true,"instance_id":true,"instance_owner_id":true,"network_interface_id":true,"origin":true,"route_table_id":true,"state":true,"timeouts":{}},"before_sensitive":false,"after_sensitive":{"timeouts":{}}}},{"address":"module.vpc.aws_route_table.private[0]","module_address":"module.vpc","mode":"managed","type":"aws_route_table","name":"private","index":0,"provider_name":"registry.terraform.io/hashicorp/aws","change":{"actions":["create"],"before":null,"after":{"tags":{"Name":"udacity-project-private-us-east-2a"},"tags_all":{"Name":"udacity-project-private-us-east-2a","Terraform":"true"},"timeouts":null,"vpc_id":"vpc-03d1cb8635266e5ec"},"after_unknown":{"arn":true,"id":true,"owner_id":true,"propagating_vgws":true,"route":true,"tags":{},"tags_all":{}},"before_sensitive":false,"after_sensitive":{"propagating_vgws":[],"route":[],"tags":{},"tags_all":{}}}},{"address":"module.vpc.aws_route_table.private[1]","module_address":"module.vpc","mode":"managed","type":"aws_route_table","name":"private","index":1,"provider_name":"registry.terraform.io/hashicorp/aws","change":{"actions":["create"],"before":null,"after":{"tags":{"Name":"udacity-project-private-us-east-2b"},"tags_all":{"Name":"udacity-project-private-us-east-2b","Terraform":"true"},"timeouts":null,"vpc_id":"vpc-03d1cb8635266e5ec"},"after_unknown":{"arn":true,"id":true,"owner_id":true,"propagating_vgws":true,"route":true,"tags":{},"tags_all":{}},"before_sensitive":false,"after_sensitive":{"propagating_vgws":[],"route":[],"tags":{},"tags_all":{}}}},{"address":"module.vpc.aws_route_table.private[2]","module_address":"module.vpc","mode":"managed","type":"aws_route_table","name":"private","index":2,"provider_name":"registry.terraform.io/hashicorp/aws","change":{"actions":["create"],"before":null,"after":{"tags":{"Name":"udacity-project-private-us-east-2c"},"tags_all":{"Name":"udacity-project-private-us-east-2c","Terraform":"true"},"timeouts":null,"vpc_id":"vpc-03d1cb8635266e5ec"},"after_unknown":{"arn":true,"id":true,"owner_id":true,"propagating_vgws":true,"route":true,"tags":{},"tags_all":{}},"before_sensitive":false,"after_sensitive":{"propagating_vgws":[],"route":[],"tags":{},"tags_all":{}}}},{"address":"module.vpc.aws_route_table.public[0]","module_address":"module.vpc","mode":"managed","type":"aws_route_table","name":"public","index":0,"provider_name":"registry.terraform.io/hashicorp/aws","change":{"actions":["create"],"before":null,"after":{"tags":{"Name":"udacity-project-public"},"tags_all":{"Name":"udacity-project-public","Terraform":"true"},"timeouts":null,"vpc_id":"vpc-03d1cb8635266e5ec"},"after_unknown":{"arn":true,"id":true,"owner_id":true,"propagating_vgws":true,"route":true,"tags":{},"tags_all":{}},"before_sensitive":false,"after_sensitive":{"propagating_vgws":[],"route":[],"tags":{},"tags_all":{}}}},{"address":"module.vpc.aws_route_table_association.private[0]","module_address":"module.vpc","mode":"managed","type":"aws_route_table_association","name":"private","index":0,"provider_name":"registry.terraform.io/hashicorp/aws","change":{"actions":["create"],"before":null,"after":{"gateway_id":null,"subnet_id":"subnet-09a36a2e56e6e5845","timeouts":null},"after_unknown":{"id":true,"route_table_id":true},"before_sensitive":false,"after_sensitive":{}}},{"address":"module.vpc.aws_route_table_association.private[1]","module_address":"module.vpc","mode":"managed","type":"aws_route_table_association","name":"private","index":1,"provider_name":"registry.terraform.io/hashicorp/aws","change":{"actions":["create"],"before":null,"after":{"gateway_id":null,"subnet_id":"subnet-0d4c551856d32f0ef","timeouts":null},"after_unknown":{"id":true,"route_table_id":true},"before_sensitive":false,"after_sensitive":{}}},{"address":"module.vpc.aws_route_table_association.private[2]","module_address":"module.vpc","mode":"managed","type":"aws_route_table_association","name":"private","index":2,"provider_name":"registry.terraform.io/hashicorp/aws","change":{"actions":["create"],"before":null,"after":{"gateway_id":null,"subnet_id":"subnet-0e244e6d234aa4081","timeouts":null},"after_unknown":{"id":true,"route_table_id":true},"before_sensitive":false,"after_sensitive":{}}},{"address":"module.vpc.aws_route_table_association.public[0]","module_address":"module.vpc","mode":"managed","type":"aws_route_table_association","name":"public","index":0,"provider_name":"registry.terraform.io/hashicorp/aws","change":{"actions":["create"],"before":null,"after":{"gateway_id":null,"subnet_id":"subnet-07dda607965955cf0","timeouts":null},"after_unknown":{"id":true,"route_table_id":true},"before_sensitive":false,"after_sensitive":{}}},{"address":"module.vpc.aws_route_table_association.public[1]","module_address":"module.vpc","mode":"managed","type":"aws_route_table_association","name":"public","index":1,"provider_name":"registry.terraform.io/hashicorp/aws","change":{"actions":["create"],"before":null,"after":{"gateway_id":null,"subnet_id":"subnet-0c0cb64a89b10417a","timeouts":null},"after_unknown":{"id":true,"route_table_id":true},"before_sensitive":false,"after_sensitive":{}}},{"address":"module.vpc.aws_route_table_association.public[2]","module_address":"module.vpc","mode":"managed","type":"aws_route_table_association","name":"public","index":2,"provider_name":"registry.terraform.io/hashicorp/aws","change":{"actions":["create"],"before":null,"after":{"gateway_id":null,"subnet_id":"subnet-0fc54ab84f74dc33e","timeouts":null},"after_unknown":{"id":true,"route_table_id":true},"before_sensitive":false,"after_sensitive":{}}},{"address":"module.vpc.aws_subnet.private[0]","module_address":"module.vpc","mode":"managed","type":"aws_subnet","name":"private","index":0,"provider_name":"registry.terraform.io/hashicorp/aws","change":{"actions":["no-op"],"before":{"arn":"arn:aws:ec2:us-east-2:749670359030:subnet/subnet-09a36a2e56e6e5845","assign_ipv6_address_on_creation":false,"availability_zone":"us-east-2a","availability_zone_id":"use2-az1","cidr_block":"10.100.1.0/24","customer_owned_ipv4_pool":"","enable_dns64":false,"enable_lni_at_device_index":0,"enable_resource_name_dns_a_record_on_launch":false,"enable_resource_name_dns_aaaa_record_on_launch":false,"id":"subnet-09a36a2e56e6e5845","ipv6_cidr_block":"","ipv6_cidr_block_association_id":"","ipv6_native":false,"map_customer_owned_ip_on_launch":false,"map_public_ip_on_launch":false,"outpost_arn":"","owner_id":"749670359030","private_dns_hostname_type_on_launch":"ip-name","tags":{"Name":"udacity-project-private-us-east-2a","kubernetes.io/role/internal-elb":"1"},"tags_all":{"Name":"udacity-project-private-us-east-2a","Terraform":"true","kubernetes.io/role/internal-elb":"1"},"timeouts":null,"vpc_id":"vpc-03d1cb8635266e5ec"},"after":{"arn":"arn:aws:ec2:us-east-2:749670359030:subnet/subnet-09a36a2e56e6e5845","assign_ipv6_address_on_creation":false,"availability_zone":"us-east-2a","availability_zone_id":"use2-az1","cidr_block":"10.100.1.0/24","customer_owned_ipv4_pool":"","enable_dns64":false,"enable_lni_at_device_index":0,"enable_resource_name_dns_a_record_on_launch":false,"enable_resource_name_dns_aaaa_record_on_launch":false,"id":"subnet-09a36a2e56e6e5845","ipv6_cidr_block":"","ipv6_cidr_block_association_id":"","ipv6_native":false,"map_customer_owned_ip_on_launch":false,"map_public_ip_on_launch":false,"outpost_arn":"","owner_id":"749670359030","private_dns_hostname_type_on_launch":"ip-name","tags":{"Name":"udacity-project-private-us-east-2a","kubernetes.io/role/internal-elb":"1"},"tags_all":{"Name":"udacity-project-private-us-east-2a","Terraform":"true","kubernetes.io/role/internal-elb":"1"},"timeouts":null,"vpc_id":"vpc-03d1cb8635266e5ec"},"after_unknown":{},"before_sensitive":{"tags":{},"tags_all":{}},"after_sensitive":{"tags":{},"tags_all":{}}}},{"address":"module.vpc.aws_subnet.private[1]","module_address":"module.vpc","mode":"managed","type":"aws_subnet","name":"private","index":1,"provider_name":"registry.terraform.io/hashicorp/aws","change":{"actions":["no-op"],"before":{"arn":"arn:aws:ec2:us-east-2:749670359030:subnet/subnet-0d4c551856d32f0ef","assign_ipv6_address_on_creation":false,"availability_zone":"us-east-2b","availability_zone_id":"use2-az2","cidr_block":"10.100.2.0/24","customer_owned_ipv4_pool":"","enable_dns64":false,"enable_lni_at_device_index":0,"enable_resource_name_dns_a_record_on_launch":false,"enable_resource_name_dns_aaaa_record_on_launch":false,"id":"subnet-0d4c551856d32f0ef","ipv6_cidr_block":"","ipv6_cidr_block_association_id":"","ipv6_native":false,"map_customer_owned_ip_on_launch":false,"map_public_ip_on_launch":false,"outpost_arn":"","owner_id":"749670359030","private_dns_hostname_type_on_launch":"ip-name","tags":{"Name":"udacity-project-private-us-east-2b","kubernetes.io/role/internal-elb":"1"},"tags_all":{"Name":"udacity-project-private-us-east-2b","Terraform":"true","kubernetes.io/role/internal-elb":"1"},"timeouts":null,"vpc_id":"vpc-03d1cb8635266e5ec"},"after":{"arn":"arn:aws:ec2:us-east-2:749670359030:subnet/subnet-0d4c551856d32f0ef","assign_ipv6_address_on_creation":false,"availability_zone":"us-east-2b","availability_zone_id":"use2-az2","cidr_block":"10.100.2.0/24","customer_owned_ipv4_pool":"","enable_dns64":false,"enable_lni_at_device_index":0,"enable_resource_name_dns_a_record_on_launch":false,"enable_resource_name_dns_aaaa_record_on_launch":false,"id":"subnet-0d4c551856d32f0ef","ipv6_cidr_block":"","ipv6_cidr_block_association_id":"","ipv6_native":false,"map_customer_owned_ip_on_launch":false,"map_public_ip_on_launch":false,"outpost_arn":"","owner_id":"749670359030","private_dns_hostname_type_on_launch":"ip-name","tags":{"Name":"udacity-project-private-us-east-2b","kubernetes.io/role/internal-elb":"1"},"tags_all":{"Name":"udacity-project-private-us-east-2b","Terraform":"true","kubernetes.io/role/internal-elb":"1"},"timeouts":null,"vpc_id":"vpc-03d1cb8635266e5ec"},"after_unknown":{},"before_sensitive":{"tags":{},"tags_all":{}},"after_sensitive":{"tags":{},"tags_all":{}}}},{"address":"module.vpc.aws_subnet.private[2]","module_address":"module.vpc","mode":"managed","type":"aws_subnet","name":"private","index":2,"provider_name":"registry.terraform.io/hashicorp/aws","change":{"actions":["no-op"],"before":{"arn":"arn:aws:ec2:us-east-2:749670359030:subnet/subnet-0e244e6d234aa4081","assign_ipv6_address_on_creation":false,"availability_zone":"us-east-2c","availability_zone_id":"use2-az3","cidr_block":"10.100.3.0/24","customer_owned_ipv4_pool":"","enable_dns64":false,"enable_lni_at_device_index":0,"enable_resource_name_dns_a_record_on_launch":false,"enable_resource_name_dns_aaaa_record_on_launch":false,"id":"subnet-0e244e6d234aa4081","ipv6_cidr_block":"","ipv6_cidr_block_association_id":"","ipv6_native":false,"map_customer_owned_ip_on_launch":false,"map_public_ip_on_launch":false,"outpost_arn":"","owner_id":"749670359030","private_dns_hostname_type_on_launch":"ip-name","tags":{"Name":"udacity-project-private-us-east-2c","kubernetes.io/role/internal-elb":"1"},"tags_all":{"Name":"udacity-project-private-us-east-2c","Terraform":"true","kubernetes.io/role/internal-elb":"1"},"timeouts":null,"vpc_id":"vpc-03d1cb8635266e5ec"},"after":{"arn":"arn:aws:ec2:us-east-2:749670359030:subnet/subnet-0e244e6d234aa4081","assign_ipv6_address_on_creation":false,"availability_zone":"us-east-2c","availability_zone_id":"use2-az3","cidr_block":"10.100.3.0/24","customer_owned_ipv4_pool":"","enable_dns64":false,"enable_lni_at_device_index":0,"enable_resource_name_dns_a_record_on_launch":false,"enable_resource_name_dns_aaaa_record_on_launch":false,"id":"subnet-0e244e6d234aa4081","ipv6_cidr_block":"","ipv6_cidr_block_association_id":"","ipv6_native":false,"map_customer_owned_ip_on_launch":false,"map_public_ip_on_launch":false,"outpost_arn":"","owner_id":"749670359030","private_dns_hostname_type_on_launch":"ip-name","tags":{"Name":"udacity-project-private-us-east-2c","kubernetes.io/role/internal-elb":"1"},"tags_all":{"Name":"udacity-project-private-us-east-2c","Terraform":"true","kubernetes.io/role/internal-elb":"1"},"timeouts":null,"vpc_id":"vpc-03d1cb8635266e5ec"},"after_unknown":{},"before_sensitive":{"tags":{},"tags_all":{}},"after_sensitive":{"tags":{},"tags_all":{}}}},{"address":"module.vpc.aws_subnet.public[0]","module_address":"module.vpc","mode":"managed","type":"aws_subnet","name":"public","index":0,"provider_name":"registry.terraform.io/hashicorp/aws","change":{"actions":["no-op"],"before":{"arn":"arn:aws:ec2:us-east-2:749670359030:subnet/subnet-07dda607965955cf0","assign_ipv6_address_on_creation":false,"availability_zone":"us-east-2a","availability_zone_id":"use2-az1","cidr_block":"10.100.10.0/24","customer_owned_ipv4_pool":"","enable_dns64":false,"enable_lni_at_device_index":0,"enable_resource_name_dns_a_record_on_launch":false,"enable_resource_name_dns_aaaa_record_on_launch":false,"id":"subnet-07dda607965955cf0","ipv6_cidr_block":"","ipv6_cidr_block_association_id":"","ipv6_native":false,"map_customer_owned_ip_on_launch":false,"map_public_ip_on_launch":true,"outpost_arn":"","owner_id":"749670359030","private_dns_hostname_type_on_launch":"ip-name","tags":{"Name":"udacity-project-public-us-east-2a","kubernetes.io/role/elb":"1"},"tags_all":{"Name":"udacity-project-public-us-east-2a","Terraform":"true","kubernetes.io/role/elb":"1"},"timeouts":null,"vpc_id":"vpc-03d1cb8635266e5ec"},"after":{"arn":"arn:aws:ec2:us-east-2:749670359030:subnet/subnet-07dda607965955cf0","assign_ipv6_address_on_creation":false,"availability_zone":"us-east-2a","availability_zone_id":"use2-az1","cidr_block":"10.100.10.0/24","customer_owned_ipv4_pool":"","enable_dns64":false,"enable_lni_at_device_index":0,"enable_resource_name_dns_a_record_on_launch":false,"enable_resource_name_dns_aaaa_record_on_launch":false,"id":"subnet-07dda607965955cf0","ipv6_cidr_block":"","ipv6_cidr_block_association_id":"","ipv6_native":false,"map_customer_owned_ip_on_launch":false,"map_public_ip_on_launch":true,"outpost_arn":"","owner_id":"749670359030","private_dns_hostname_type_on_launch":"ip-name","tags":{"Name":"udacity-project-public-us-east-2a","kubernetes.io/role/elb":"1"},"tags_all":{"Name":"udacity-project-public-us-east-2a","Terraform":"true","kubernetes.io/role/elb":"1"},"timeouts":null,"vpc_id":"vpc-03d1cb8635266e5ec"},"after_unknown":{},"before_sensitive":{"tags":{},"tags_all":{}},"after_sensitive":{"tags":{},"tags_all":{}}}},{"address":"module.vpc.aws_subnet.public[1]","module_address":"module.vpc","mode":"managed","type":"aws_subnet","name":"public","index":1,"provider_name":"registry.terraform.io/hashicorp/aws","change":{"actions":["no-op"],"before":{"arn":"arn:aws:ec2:us-east-2:749670359030:subnet/subnet-0c0cb64a89b10417a","assign_ipv6_address_on_creation":false,"availability_zone":"us-east-2b","availability_zone_id":"use2-az2","cidr_block":"10.100.11.0/24","customer_owned_ipv4_pool":"","enable_dns64":false,"enable_lni_at_device_index":0,"enable_resource_name_dns_a_record_on_launch":false,"enable_resource_name_dns_aaaa_record_on_launch":false,"id":"subnet-0c0cb64a89b10417a","ipv6_cidr_block":"","ipv6_cidr_block_association_id":"","ipv6_native":false,"map_customer_owned_ip_on_launch":false,"map_public_ip_on_launch":true,"outpost_arn":"","owner_id":"749670359030","private_dns_hostname_type_on_launch":"ip-name","tags":{"Name":"udacity-project-public-us-east-2b","kubernetes.io/role/elb":"1"},"tags_all":{"Name":"udacity-project-public-us-east-2b","Terraform":"true","kubernetes.io/role/elb":"1"},"timeouts":null,"vpc_id":"vpc-03d1cb8635266e5ec"},"after":{"arn":"arn:aws:ec2:us-east-2:749670359030:subnet/subnet-0c0cb64a89b10417a","assign_ipv6_address_on_creation":false,"availability_zone":"us-east-2b","availability_zone_id":"use2-az2","cidr_block":"10.100.11.0/24","customer_owned_ipv4_pool":"","enable_dns64":false,"enable_lni_at_device_index":0,"enable_resource_name_dns_a_record_on_launch":false,"enable_resource_name_dns_aaaa_record_on_launch":false,"id":"subnet-0c0cb64a89b10417a","ipv6_cidr_block":"","ipv6_cidr_block_association_id":"","ipv6_native":false,"map_customer_owned_ip_on_launch":false,"map_public_ip_on_launch":true,"outpost_arn":"","owner_id":"749670359030","private_dns_hostname_type_on_launch":"ip-name","tags":{"Name":"udacity-project-public-us-east-2b","kubernetes.io/role/elb":"1"},"tags_all":{"Name":"udacity-project-public-us-east-2b","Terraform":"true","kubernetes.io/role/elb":"1"},"timeouts":null,"vpc_id":"vpc-03d1cb8635266e5ec"},"after_unknown":{},"before_sensitive":{"tags":{},"tags_all":{}},"after_sensitive":{"tags":{},"tags_all":{}}}},{"address":"module.vpc.aws_subnet.public[2]","module_address":"module.vpc","mode":"managed","type":"aws_subnet","name":"public","index":2,"provider_name":"registry.terraform.io/hashicorp/aws","change":{"actions":["no-op"],"before":{"arn":"arn:aws:ec2:us-east-2:749670359030:subnet/subnet-0fc54ab84f74dc33e","assign_ipv6_address_on_creation":false,"availability_zone":"us-east-2c","availability_zone_id":"use2-az3","cidr_block":"10.100.12.0/24","customer_owned_ipv4_pool":"","enable_dns64":false,"enable_lni_at_device_index":0,"enable_resource_name_dns_a_record_on_launch":false,"enable_resource_name_dns_aaaa_record_on_launch":false,"id":"subnet-0fc54ab84f74dc33e","ipv6_cidr_block":"","ipv6_cidr_block_association_id":"","ipv6_native":false,"map_customer_owned_ip_on_launch":false,"map_public_ip_on_launch":true,"outpost_arn":"","owner_id":"749670359030","private_dns_hostname_type_on_launch":"ip-name","tags":{"Name":"udacity-project-public-us-east-2c","kubernetes.io/role/elb":"1"},"tags_all":{"Name":"udacity-project-public-us-east-2c","Terraform":"true","kubernetes.io/role/elb":"1"},"timeouts":null,"vpc_id":"vpc-03d1cb8635266e5ec"},"after":{"arn":"arn:aws:ec2:us-east-2:749670359030:subnet/subnet-0fc54ab84f74dc33e","assign_ipv6_address_on_creation":false,"availability_zone":"us-east-2c","availability_zone_id":"use2-az3","cidr_block":"10.100.12.0/24","customer_owned_ipv4_pool":"","enable_dns64":false,"enable_lni_at_device_index":0,"enable_resource_name_dns_a_record_on_launch":false,"enable_resource_name_dns_aaaa_record_on_launch":false,"id":"subnet-0fc54ab84f74dc33e","ipv6_cidr_block":"","ipv6_cidr_block_association_id":"","ipv6_native":false,"map_customer_owned_ip_on_launch":false,"map_public_ip_on_launch":true,"outpost_arn":"","owner_id":"749670359030","private_dns_hostname_type_on_launch":"ip-name","tags":{"Name":"udacity-project-public-us-east-2c","kubernetes.io/role/elb":"1"},"tags_all":{"Name":"udacity-project-public-us-east-2c","Terraform":"true","kubernetes.io/role/elb":"1"},"timeouts":null,"vpc_id":"vpc-03d1cb8635266e5ec"},"after_unknown":{},"before_sensitive":{"tags":{},"tags_all":{}},"after_sensitive":{"tags":{},"tags_all":{}}}},{"address":"module.vpc.aws_vpc.this","module_address":"module.vpc","mode":"managed","type":"aws_vpc","name":"this","provider_name":"registry.terraform.io/hashicorp/aws","change":{"actions":["no-op"],"before":{"arn":"arn:aws:ec2:us-east-2:749670359030:vpc/vpc-03d1cb8635266e5ec","assign_generated_ipv6_cidr_block":false,"cidr_block":"10.100.0.0/16","default_network_acl_id":"acl-08b6c1b53fb5d7ab0","default_route_table_id":"rtb-0a2a8e0d526e0b3b4","default_security_group_id":"sg-04985490df8b297d7","dhcp_options_id":"dopt-0a017acd8dc59edfa","enable_classiclink":false,"enable_classiclink_dns_support":false,"enable_dns_hostnames":true,"enable_dns_support":true,"enable_network_address_usage_metrics":false,"id":"vpc-03d1cb8635266e5ec","instance_tenancy":"default","ipv4_ipam_pool_id":null,"ipv4_netmask_length":null,"ipv6_association_id":"","ipv6_cidr_block":"","ipv6_cidr_block_network_border_group":"","ipv6_ipam_pool_id":"","ipv6_netmask_length":0,"main_route_table_id":"rtb-0a2a8e0d526e0b3b4","owner_id":"749670359030","tags":{"Name":"udacity-project"},"tags_all":{"Name":"udacity-project","Terraform":"true"}},"after":{"arn":"arn:aws:ec2:us-east-2:749670359030:vpc/vpc-03d1cb8635266e5ec","assign_generated_ipv6_cidr_block":false,"cidr_block":"10.100.0.0/16","default_network_acl_id":"acl-08b6c1b53fb5d7ab0","default_route_table_id":"rtb-0a2a8e0d526e0b3b4","default_security_group_id":"sg-04985490df8b297d7","dhcp_options_id":"dopt-0a017acd8dc59edfa","enable_classiclink":false,"enable_classiclink_dns_support":false,"enable_dns_hostnames":true,"enable_dns_support":true,"enable_network_address_usage_metrics":false,"id":"vpc-03d1cb8635266e5ec","instance_tenancy":"default","ipv4_ipam_pool_id":null,"ipv4_netmask_length":null,"ipv6_association_id":"","ipv6_cidr_block":"","ipv6_cidr_block_network_border_group":"","ipv6_ipam_pool_id":"","ipv6_netmask_length":0,"main_route_table_id":"rtb-0a2a8e0d526e0b3b4","owner_id":"749670359030","tags":{"Name":"udacity-project"},"tags_all":{"Name":"udacity-project","Terraform":"true"}},"after_unknown":{},"before_sensitive":{"tags":{},"tags_all":{}},"after_sensitive":{"tags":{},"tags_all":{}}}}],"output_changes":{"account_id":{"actions":["no-op"],"before":"749670359030","after":"749670359030","after_unknown":false,"before_sensitive":false,"after_sensitive":false},"caller_arn":{"actions":["no-op"],"before":"arn:aws:iam::749670359030:user/admin","after":"arn:aws:iam::749670359030:user/admin","after_unknown":false,"before_sensitive":false,"after_sensitive":false},"caller_user":{"actions":["no-op"],"before":"AIDA25C6V373D7LVGQZZG","after":"AIDA25C6V373D7LVGQZZG","after_unknown":false,"before_sensitive":false,"after_sensitive":false}},"prior_state":{"format_version":"1.0","terraform_version":"1.3.6","values":{"outputs":{"account_id":{"sensitive":false,"value":"749670359030","type":"string"},"caller_arn":{"sensitive":false,"value":"arn:aws:iam::749670359030:user/admin","type":"string"},"caller_user":{"sensitive":false,"value":"AIDA25C6V373D7LVGQZZG","type":"string"}},"root_module":{"resources":[{"address":"data.aws_ami.amazon_linux_2","mode":"data","type":"aws_ami","name":"amazon_linux_2","provider_name":"registry.terraform.io/hashicorp/aws","schema_version":0,"values":{"architecture":"x86_64","arn":"arn:aws:ec2:us-east-2::image/ami-04148302a14f7d12b","block_device_mappings":[{"device_name":"/dev/xvda","ebs":{"delete_on_termination":"true","encrypted":"false","iops":"0","snapshot_id":"snap-00ddcaba08b3886a1","throughput":"0","volume_size":"8","volume_type":"gp2"},"no_device":"","virtual_name":""}],"boot_mode":"","creation_date":"2023-05-05T19:27:33.000Z","deprecation_time":"2025-05-05T19:27:33.000Z","description":"Amazon Linux 2 AMI 2.0.20230504.1 x86_64 HVM gp2","ena_support":true,"executable_users":null,"filter":[{"name":"name","values":["amzn2-ami-hvm*"]},{"name":"owner-alias","values":["amazon"]}],"hypervisor":"xen","id":"ami-04148302a14f7d12b","image_id":"ami-04148302a14f7d12b","image_location":"amazon/amzn2-ami-hvm-2.0.20230504.1-x86_64-gp2","image_owner_alias":"amazon","image_type":"machine","imds_support":"","include_deprecated":false,"kernel_id":"","most_recent":true,"name":"amzn2-ami-hvm-2.0.20230504.1-x86_64-gp2","name_regex":null,"owner_id":"137112412989","owners":["amazon"],"platform":"","platform_details":"Linux/UNIX","product_codes":[],"public":true,"ramdisk_id":"","root_device_name":"/dev/xvda","root_device_type":"ebs","root_snapshot_id":"snap-00ddcaba08b3886a1","sriov_net_support":"simple","state":"available","state_reason":{"code":"UNSET","message":"UNSET"},"tags":{},"timeouts":null,"tpm_support":"","usage_operation":"RunInstances","virtualization_type":"hvm"},"sensitive_values":{"block_device_mappings":[{"ebs":{}}],"filter":[{"values":[false]},{"values":[false]}],"owners":[false],"product_codes":[],"state_reason":{},"tags":{}}},{"address":"data.aws_caller_identity.current","mode":"data","type":"aws_caller_identity","name":"current","provider_name":"registry.terraform.io/hashicorp/aws","schema_version":0,"values":{"account_id":"749670359030","arn":"arn:aws:iam::749670359030:user/admin","id":"749670359030","user_id":"AIDA25C6V373D7LVGQZZG"},"sensitive_values":{}},{"address":"data.aws_eks_cluster.cluster","mode":"data","type":"aws_eks_cluster","name":"cluster","provider_name":"registry.terraform.io/hashicorp/aws","schema_version":0,"values":{"arn":"arn:aws:eks:us-east-2:749670359030:cluster/udacity-cluster","certificate_authority":[{"data":"LS0tLS1CRUdJTiBDRVJUSUZJQ0FURS0tLS0tCk1JSUMvakNDQWVhZ0F3SUJBZ0lCQURBTkJna3Foa2lHOXcwQkFRc0ZBREFWTVJNd0VRWURWUVFERXdwcmRXSmwKY201bGRHVnpNQjRYRFRJek1EVXhOVEEzTXpJME1Wb1hEVE16TURVeE1qQTNNekkwTVZvd0ZURVRNQkVHQTFVRQpBeE1LYTNWaVpYSnVaWFJsY3pDQ0FTSXdEUVlKS29aSWh2Y05BUUVCQlFBRGdnRVBBRENDQVFvQ2dnRUJBTjRzCmkzWlFiZnZBMVErUU9qTTJEVkZnY3RyYVBQS2laTUVyODZwSU1PakxjNHczeSt1a21qemZOc3R1cy9BakwwSnIKckUxRlE3c2w2Y2NDZmdXNkxtcWtqNGFZdFFYcU1MQ2tEZ09JSXRob2hrZHFRekpaNTRJcGI1VFJYRXNadVpoVgpFZ2RXZ0MyV0pCNTZlRWdRSVJ6K1B2S3IzRW1zZWtzRSs0UFRKdXQrT2o0L0I3QlM2STdHTGdwdm1ybFdFY2U1CnE5OUJoNjMxSGVPSEgybjdNZDIrT1VLc1ZkR0k0WFIvNy9WaEpCR2h5UkJYR2hSMjF2RG5Hb1hWTllOK2ZaNEcKVXovMUF5Z3B6Rmkxd1ZTYUZ2eEw0azc1ZnMyRXNKY3c1VmZZZUJTam9lYVorNXpWQnZmeUloblFUOG4yTmljcQpIMDVuM21jUDdYeEFDMFo2WlNFQ0F3RUFBYU5aTUZjd0RnWURWUjBQQVFIL0JBUURBZ0trTUE4R0ExVWRFd0VCCi93UUZNQU1CQWY4d0hRWURWUjBPQkJZRUZIbDJ0dFcwY2tORVhsVzE2YWU3RGhUVWF5RVpNQlVHQTFVZEVRUU8KTUF5Q0NtdDFZbVZ5Ym1WMFpYTXdEUVlKS29aSWh2Y05BUUVMQlFBRGdnRUJBRzVxMWc0TXM2T2xxM3JOc2YvSApwK0xET2Naek1NL2E3R2hKejJjV0hrVm1GZUFBL0pOV3lxWk1seGwzL1d6bVBKOXdhaWVyaDdZUXcyS01RWU95CmlEUVV3VDJ6TldLWUlkbk9rZ3h2c2ZmNmk0YnlER2lFUzFKa1RpNlk0NjBuK2tRektIZGQwdGZSeUltSVhucDQKM1d0NVFRZ3d1b1IzYnFHdDFVenN1a1pDNEpXSm5OeUgyMUJOQlJjbTUwVEVuYXcyR1BxWS95RlRnd0xHT3N1VwpLKy9DMzVnalFncXlSVWk4YUlkRFBSZmsxRGp1QXNaR1h5bGhsbkt4dU10RDI0aFlHZm83akVUU2FsMkJYSGE4CkIxdHRROXlScmpBWjRqOVNEaUp3Rk9iTlFpKzZmMUdHOFQxTFlpTkRhOWFvK2R1MXM2aXMrNEJnNGU4b2NqSWkKdGp3PQotLS0tLUVORCBDRVJUSUZJQ0FURS0tLS0tCg=="}],"cluster_id":null,"created_at":"2023-05-15 07:27:08.354 +0000 UTC","enabled_cluster_log_types":[],"endpoint":"https://2E008C10D2E55B026FCD5084ED8E7FB7.sk1.us-east-2.eks.amazonaws.com","id":"udacity-cluster","identity":[{"oidc":[{"issuer":"https://oidc.eks.us-east-2.amazonaws.com/id/2E008C10D2E55B026FCD5084ED8E7FB7"}]}],"kubernetes_network_config":[{"ip_family":"ipv4","service_ipv4_cidr":"172.20.0.0/16","service_ipv6_cidr":""}],"name":"udacity-cluster","outpost_config":[],"platform_version":"eks.2","role_arn":"arn:aws:iam::749670359030:role/app-udacity-eks-cluster-role","status":"ACTIVE","tags":{"Name":"udacity","Terraform":"true"},"version":"1.26","vpc_config":[{"cluster_security_group_id":"sg-00264decef8e10bb0","endpoint_private_access":false,"endpoint_public_access":true,"public_access_cidrs":["0.0.0.0/0"],"security_group_ids":[],"subnet_ids":["subnet-09a36a2e56e6e5845","subnet-0d4c551856d32f0ef","subnet-0e244e6d234aa4081"],"vpc_id":"vpc-03d1cb8635266e5ec"}]},"sensitive_values":{"certificate_authority":[{}],"enabled_cluster_log_types":[],"identity":[{"oidc":[{}]}],"kubernetes_network_config":[{}],"outpost_config":[],"tags":{},"vpc_config":[{"public_access_cidrs":[false],"security_group_ids":[],"subnet_ids":[false,false,false]}]}},{"address":"data.aws_eks_cluster_auth.cluster","mode":"data","type":"aws_eks_cluster_auth","name":"cluster","provider_name":"registry.terraform.io/hashicorp/aws","schema_version":0,"values":{"id":"udacity-cluster","name":"udacity-cluster","token":"k8s-aws-v1.aHR0cHM6Ly9zdHMuYW1hem9uYXdzLmNvbS8_QWN0aW9uPUdldENhbGxlcklkZW50aXR5JlZlcnNpb249MjAxMS0wNi0xNSZYLUFtei1BbGdvcml0aG09QVdTNC1ITUFDLVNIQTI1NiZYLUFtei1DcmVkZW50aWFsPUFLSUEyNUM2VjM3M0pIUFNHQ1ZJJTJGMjAyMzA1MTUlMkZ1cy1lYXN0LTElMkZzdHMlMkZhd3M0X3JlcXVlc3QmWC1BbXotRGF0ZT0yMDIzMDUxNVQxODU3MDRaJlgtQW16LUV4cGlyZXM9MCZYLUFtei1TaWduZWRIZWFkZXJzPWhvc3QlM0J4LWs4cy1hd3MtaWQmWC1BbXotU2lnbmF0dXJlPWQ3MWMwYmYxZTc5MmFjZTc5NjMzZTNkZGExMTU1YjkzNGY1MjVjYTAyNjBmYzUwODIyZGVmOThjNzY2MTljNGM"},"sensitive_values":{}},{"address":"kubernetes_namespace.udacity","mode":"managed","type":"kubernetes_namespace","name":"udacity","provider_name":"registry.terraform.io/hashicorp/kubernetes","schema_version":0,"values":{"id":"udacity","metadata":[{"annotations":{},"generate_name":"","generation":0,"labels":{},"name":"udacity","resource_version":"121223","uid":"19dfdf58-3893-4983-a063-fcc79178655a"}],"timeouts":null},"sensitive_values":{"metadata":[{"annotations":{},"labels":{}}]},"depends_on":["data.aws_caller_identity.current","data.aws_eks_cluster.cluster","data.aws_eks_cluster_auth.cluster","module.project_eks.aws_eks_cluster.cluster","module.project_eks.aws_eks_node_group.node","module.project_eks.aws_iam_openid_connect_provider.oidc","module.project_eks.aws_iam_policy.eks_cluster_role_cloudwatch_policy","module.project_eks.aws_iam_policy.eks_node_instance_policy","module.project_eks.aws_iam_policy.k8s_auto_scaling","module.project_eks.aws_iam_role.cluster_autoscaler","module.project_eks.aws_iam_role.eks_cluster_role","module.project_eks.aws_iam_role.eks_node_cluster_role","module.project_eks.aws_iam_role_policy.cluster_autoscaler","module.project_eks.aws_iam_role_policy_attachment.cluster_AmazonEKSCloudwatchPolicy","module.project_eks.aws_iam_role_policy_attachment.cluster_AmazonEKSClusterPolicy","module.project_eks.aws_iam_role_policy_attachment.cluster_AmazonEKSServicePolicy","module.project_eks.aws_iam_role_policy_attachment.node_AmazonEC2ContainerRegistryReadOnly","module.project_eks.aws_iam_role_policy_attachment.node_AmazonEKSWorkerNodePolicy","module.project_eks.aws_iam_role_policy_attachment.node_AmazonEKS_CNI_Policy","module.project_eks.aws_iam_role_policy_attachment.node_CloudWatchAgentServerPolicy","module.project_eks.aws_iam_role_policy_attachment.node_harmony_policy_attachment","module.project_eks.data.aws_eks_cluster.cluster","module.project_eks.data.aws_eks_cluster_auth.cluster","module.project_eks.data.aws_iam_policy_document.assume_role_policy","module.project_eks.data.aws_iam_policy_document.cluster_autoscale","module.project_eks.data.aws_iam_policy_document.eks_assume_role_policy","module.project_eks.data.aws_iam_policy_document.eks_node_assume_role_policy","module.project_eks.data.aws_iam_policy_document.k8s_auto_scaling","module.project_eks.data.aws_region.current","module.project_eks.data.tls_certificate.example","module.project_eks.helm_release.cluster-autoscaler","module.vpc.aws_subnet.private","module.vpc.aws_vpc.this"]}],"child_modules":[{"resources":[{"address":"module.project_eks.aws_eks_cluster.cluster","mode":"managed","type":"aws_eks_cluster","name":"cluster","provider_name":"registry.terraform.io/hashicorp/aws","schema_version":0,"values":{"arn":"arn:aws:eks:us-east-2:749670359030:cluster/udacity-cluster","certificate_authority":[{"data":"LS0tLS1CRUdJTiBDRVJUSUZJQ0FURS0tLS0tCk1JSUMvakNDQWVhZ0F3SUJBZ0lCQURBTkJna3Foa2lHOXcwQkFRc0ZBREFWTVJNd0VRWURWUVFERXdwcmRXSmwKY201bGRHVnpNQjRYRFRJek1EVXhOVEEzTXpJME1Wb1hEVE16TURVeE1qQTNNekkwTVZvd0ZURVRNQkVHQTFVRQpBeE1LYTNWaVpYSnVaWFJsY3pDQ0FTSXdEUVlKS29aSWh2Y05BUUVCQlFBRGdnRVBBRENDQVFvQ2dnRUJBTjRzCmkzWlFiZnZBMVErUU9qTTJEVkZnY3RyYVBQS2laTUVyODZwSU1PakxjNHczeSt1a21qemZOc3R1cy9BakwwSnIKckUxRlE3c2w2Y2NDZmdXNkxtcWtqNGFZdFFYcU1MQ2tEZ09JSXRob2hrZHFRekpaNTRJcGI1VFJYRXNadVpoVgpFZ2RXZ0MyV0pCNTZlRWdRSVJ6K1B2S3IzRW1zZWtzRSs0UFRKdXQrT2o0L0I3QlM2STdHTGdwdm1ybFdFY2U1CnE5OUJoNjMxSGVPSEgybjdNZDIrT1VLc1ZkR0k0WFIvNy9WaEpCR2h5UkJYR2hSMjF2RG5Hb1hWTllOK2ZaNEcKVXovMUF5Z3B6Rmkxd1ZTYUZ2eEw0azc1ZnMyRXNKY3c1VmZZZUJTam9lYVorNXpWQnZmeUloblFUOG4yTmljcQpIMDVuM21jUDdYeEFDMFo2WlNFQ0F3RUFBYU5aTUZjd0RnWURWUjBQQVFIL0JBUURBZ0trTUE4R0ExVWRFd0VCCi93UUZNQU1CQWY4d0hRWURWUjBPQkJZRUZIbDJ0dFcwY2tORVhsVzE2YWU3RGhUVWF5RVpNQlVHQTFVZEVRUU8KTUF5Q0NtdDFZbVZ5Ym1WMFpYTXdEUVlKS29aSWh2Y05BUUVMQlFBRGdnRUJBRzVxMWc0TXM2T2xxM3JOc2YvSApwK0xET2Naek1NL2E3R2hKejJjV0hrVm1GZUFBL0pOV3lxWk1seGwzL1d6bVBKOXdhaWVyaDdZUXcyS01RWU95CmlEUVV3VDJ6TldLWUlkbk9rZ3h2c2ZmNmk0YnlER2lFUzFKa1RpNlk0NjBuK2tRektIZGQwdGZSeUltSVhucDQKM1d0NVFRZ3d1b1IzYnFHdDFVenN1a1pDNEpXSm5OeUgyMUJOQlJjbTUwVEVuYXcyR1BxWS95RlRnd0xHT3N1VwpLKy9DMzVnalFncXlSVWk4YUlkRFBSZmsxRGp1QXNaR1h5bGhsbkt4dU10RDI0aFlHZm83akVUU2FsMkJYSGE4CkIxdHRROXlScmpBWjRqOVNEaUp3Rk9iTlFpKzZmMUdHOFQxTFlpTkRhOWFvK2R1MXM2aXMrNEJnNGU4b2NqSWkKdGp3PQotLS0tLUVORCBDRVJUSUZJQ0FURS0tLS0tCg=="}],"cluster_id":null,"created_at":"2023-05-15 07:27:08.354 +0000 UTC","enabled_cluster_log_types":[],"encryption_config":[],"endpoint":"https://2E008C10D2E55B026FCD5084ED8E7FB7.sk1.us-east-2.eks.amazonaws.com","id":"udacity-cluster","identity":[{"oidc":[{"issuer":"https://oidc.eks.us-east-2.amazonaws.com/id/2E008C10D2E55B026FCD5084ED8E7FB7"}]}],"kubernetes_network_config":[{"ip_family":"ipv4","service_ipv4_cidr":"172.20.0.0/16","service_ipv6_cidr":""}],"name":"udacity-cluster","outpost_config":[],"platform_version":"eks.2","role_arn":"arn:aws:iam::749670359030:role/app-udacity-eks-cluster-role","status":"ACTIVE","tags":{},"tags_all":{"Name":"udacity","Terraform":"true"},"timeouts":null,"version":"1.26","vpc_config":[{"cluster_security_group_id":"sg-00264decef8e10bb0","endpoint_private_access":false,"endpoint_public_access":true,"public_access_cidrs":["0.0.0.0/0"],"security_group_ids":[],"subnet_ids":["subnet-09a36a2e56e6e5845","subnet-0d4c551856d32f0ef","subnet-0e244e6d234aa4081"],"vpc_id":"vpc-03d1cb8635266e5ec"}]},"sensitive_values":{"certificate_authority":[{}],"enabled_cluster_log_types":[],"encryption_config":[],"identity":[{"oidc":[{}]}],"kubernetes_network_config":[{}],"outpost_config":[],"tags":{},"tags_all":{},"vpc_config":[{"public_access_cidrs":[false],"security_group_ids":[],"subnet_ids":[false,false,false]}]},"depends_on":["module.project_eks.aws_iam_role.eks_cluster_role","module.project_eks.aws_iam_role_policy_attachment.cluster_AmazonEKSClusterPolicy","module.project_eks.aws_iam_role_policy_attachment.cluster_AmazonEKSServicePolicy","module.project_eks.data.aws_iam_policy_document.eks_assume_role_policy","module.vpc.aws_subnet.private","module.vpc.aws_vpc.this"]},{"address":"module.project_eks.aws_eks_node_group.node","mode":"managed","type":"aws_eks_node_group","name":"node","provider_name":"registry.terraform.io/hashicorp/aws","schema_version":0,"values":{"ami_type":"AL2_x86_64","arn":"arn:aws:eks:us-east-2:749670359030:nodegroup/udacity-cluster/app-udacity-node-group/08c40f2b-d000-42a5-77ac-838f39c7c30b","capacity_type":"ON_DEMAND","cluster_name":"udacity-cluster","disk_size":20,"force_update_version":null,"id":"udacity-cluster:app-udacity-node-group","instance_types":["t3.medium"],"labels":{},"launch_template":[],"node_group_name":"app-udacity-node-group","node_group_name_prefix":"","node_role_arn":"arn:aws:iam::749670359030:role/app-udacity-eks-node-role","release_version":"1.26.2-20230509","remote_access":[],"resources":[{"autoscaling_groups":[{"name":"eks-app-udacity-node-group-08c40f2b-d000-42a5-77ac-838f39c7c30b"}],"remote_access_security_group_id":""}],"scaling_config":[{"desired_size":3,"max_size":3,"min_size":1}],"status":"ACTIVE","subnet_ids":["subnet-09a36a2e56e6e5845","subnet-0d4c551856d32f0ef","subnet-0e244e6d234aa4081"],"tags":{"Name":"eks-udacity-nodes"},"tags_all":{"Name":"eks-udacity-nodes","Terraform":"true"},"taint":[],"timeouts":null,"update_config":[{"max_unavailable":1,"max_unavailable_percentage":0}],"version":"1.26"},"sensitive_values":{"instance_types":[false],"labels":{},"launch_template":[],"remote_access":[],"resources":[{"autoscaling_groups":[{}]}],"scaling_config":[{}],"subnet_ids":[false,false,false],"tags":{},"tags_all":{},"taint":[],"update_config":[{}]},"depends_on":["module.project_eks.aws_eks_cluster.cluster","module.project_eks.aws_iam_policy.eks_node_instance_policy","module.project_eks.aws_iam_role.eks_cluster_role","module.project_eks.aws_iam_role.eks_node_cluster_role","module.project_eks.aws_iam_role_policy_attachment.cluster_AmazonEKSClusterPolicy","module.project_eks.aws_iam_role_policy_attachment.cluster_AmazonEKSServicePolicy","module.project_eks.aws_iam_role_policy_attachment.node_AmazonEC2ContainerRegistryReadOnly","module.project_eks.aws_iam_role_policy_attachment.node_AmazonEKSWorkerNodePolicy","module.project_eks.aws_iam_role_policy_attachment.node_AmazonEKS_CNI_Policy","module.project_eks.aws_iam_role_policy_attachment.node_harmony_policy_attachment","module.project_eks.data.aws_iam_policy_document.eks_assume_role_policy","module.project_eks.data.aws_iam_policy_document.eks_node_assume_role_policy","module.vpc.aws_subnet.private","module.vpc.aws_vpc.this"]},{"address":"module.project_eks.aws_iam_openid_connect_provider.oidc","mode":"managed","type":"aws_iam_openid_connect_provider","name":"oidc","provider_name":"registry.terraform.io/hashicorp/aws","schema_version":0,"values":{"arn":"arn:aws:iam::749670359030:oidc-provider/oidc.eks.us-east-2.amazonaws.com/id/2E008C10D2E55B026FCD5084ED8E7FB7","client_id_list":["sts.amazonaws.com"],"id":"arn:aws:iam::749670359030:oidc-provider/oidc.eks.us-east-2.amazonaws.com/id/2E008C10D2E55B026FCD5084ED8E7FB7","tags":{},"tags_all":{"Name":"udacity","Terraform":"true"},"thumbprint_list":["9e99a48a9960b14926bb7f3b02e22da2b0ab7280"],"url":"oidc.eks.us-east-2.amazonaws.com/id/2E008C10D2E55B026FCD5084ED8E7FB7"},"sensitive_values":{"client_id_list":[false],"tags":{},"tags_all":{},"thumbprint_list":[false]},"depends_on":["module.project_eks.aws_eks_cluster.cluster","module.project_eks.aws_iam_role.eks_cluster_role","module.project_eks.aws_iam_role_policy_attachment.cluster_AmazonEKSClusterPolicy","module.project_eks.aws_iam_role_policy_attachment.cluster_AmazonEKSServicePolicy","module.project_eks.data.aws_iam_policy_document.eks_assume_role_policy","module.project_eks.data.tls_certificate.example","module.vpc.aws_subnet.private","module.vpc.aws_vpc.this"]},{"address":"module.project_eks.aws_iam_policy.eks_cluster_role_cloudwatch_policy","mode":"managed","type":"aws_iam_policy","name":"eks_cluster_role_cloudwatch_policy","provider_name":"registry.terraform.io/hashicorp/aws","schema_version":0,"values":{"arn":"arn:aws:iam::749670359030:policy/app-udacity-eks-cluster-role-cloudwatch-policy","description":"Policy allowing cloudwatch access to udacity resources.","id":"arn:aws:iam::749670359030:policy/app-udacity-eks-cluster-role-cloudwatch-policy","name":"app-udacity-eks-cluster-role-cloudwatch-policy","name_prefix":"","path":"/","policy":"{\"Statement\":[{\"Action\":[\"cloudwatch:*\",\"logs:DescribeLogGroups\",\"logs:DescribeLogStreams\",\"logs:CreateLogGroup\",\"logs:CreateLogStream\",\"logs:PutLogEvents\"],\"Effect\":\"Allow\",\"Resource\":\"*\"}],\"Version\":\"2012-10-17\"}","policy_id":"ANPA25C6V373DFRATV74I","tags":{},"tags_all":{"Name":"udacity","Terraform":"true"}},"sensitive_values":{"tags":{},"tags_all":{}}},{"address":"module.project_eks.aws_iam_policy.eks_node_instance_policy","mode":"managed","type":"aws_iam_policy","name":"eks_node_instance_policy","provider_name":"registry.terraform.io/hashicorp/aws","schema_version":0,"values":{"arn":"arn:aws:iam::749670359030:policy/app-udacity-instance-policy","description":"Policy allowing access to udacity resources.","id":"arn:aws:iam::749670359030:policy/app-udacity-instance-policy","name":"app-udacity-instance-policy","name_prefix":"","path":"/","policy":"{\"Statement\":[{\"Action\":\"s3:*\",\"Effect\":\"Allow\",\"Resource\":[\"arn:aws:s3:::*\",\"arn:aws:s3:::*/*\",\"arn:aws:s3:*:*:job/*\"]},{\"Action\":[\"logs:CreateLogGroup\",\"logs:CreateLogStream\",\"logs:PutLogEvents\"],\"Effect\":\"Allow\",\"Resource\":[\"arn:aws:logs:*:*:log-group:*\",\"arn:aws:logs:*:*:log-group:*:*:*\"]},{\"Action\":[\"ecr:BatchCheckLayerAvailability\",\"ecr:BatchGetImage\",\"ecr:DescribeImages\",\"ecr:DescribeRepositories\",\"ecr:GetAuthorizationToken\",\"ecr:GetDownloadUrlForLayer\",\"ecr:GetRepositoryPolicy\",\"ecr:ListImages\"],\"Effect\":\"Allow\",\"Resource\":\"*\"},{\"Action\":[\"sqs:ReceiveMessage\",\"sqs:SendMessage\",\"sqs:SendMessageBatch\",\"sqs:DeleteMessage\",\"sqs:DeleteMessageBatch\",\"sqs:ChangeMessageVisibility\",\"sqs:ChangeMessageVisibilityBatch\"],\"Effect\":\"Allow\",\"Resource\":[\"*\"]},{\"Action\":\"eks:DescribeCluster\",\"Effect\":\"Allow\",\"Resource\":\"*\"}],\"Version\":\"2012-10-17\"}","policy_id":"ANPA25C6V373JTB4NJYBC","tags":{},"tags_all":{"Name":"udacity","Terraform":"true"}},"sensitive_values":{"tags":{},"tags_all":{}}},{"address":"module.project_eks.aws_iam_policy.k8s_auto_scaling","mode":"managed","type":"aws_iam_policy","name":"k8s_auto_scaling","provider_name":"registry.terraform.io/hashicorp/aws","schema_version":0,"values":{"arn":"arn:aws:iam::749670359030:policy/udacity-k8s-autoscale","description":"","id":"arn:aws:iam::749670359030:policy/udacity-k8s-autoscale","name":"udacity-k8s-autoscale","name_prefix":"","path":"/","policy":"{\"Statement\":[{\"Action\":[\"ec2:DescribeLaunchTemplateVersions\",\"autoscaling:TerminateInstanceInAutoScalingGroup\",\"autoscaling:SetDesiredCapacity\",\"autoscaling:DescribeTags\",\"autoscaling:DescribeLaunchConfigurations\",\"autoscaling:DescribeAutoScalingInstances\",\"autoscaling:DescribeAutoScalingGroups\"],\"Effect\":\"Allow\",\"Resource\":\"*\",\"Sid\":\"\"}],\"Version\":\"2012-10-17\"}","policy_id":"ANPA25C6V373ALJK3FZEV","tags":{},"tags_all":{"Name":"udacity","Terraform":"true"}},"sensitive_values":{"tags":{},"tags_all":{}},"depends_on":["module.project_eks.data.aws_iam_policy_document.k8s_auto_scaling"]},{"address":"module.project_eks.aws_iam_role.cluster_autoscaler","mode":"managed","type":"aws_iam_role","name":"cluster_autoscaler","provider_name":"registry.terraform.io/hashicorp/aws","schema_version":0,"values":{"arn":"arn:aws:iam::749670359030:role/cluster_autoscaler","assume_role_policy":"{\"Statement\":[{\"Action\":\"sts:AssumeRoleWithWebIdentity\",\"Condition\":{\"StringEquals\":{\"oidc.eks.us-east-2.amazonaws.com/id/2E008C10D2E55B026FCD5084ED8E7FB7:sub\":\"system:serviceaccount:kube-system:cluster-autoscaler\"}},\"Effect\":\"Allow\",\"Principal\":{\"Federated\":\"arn:aws:iam::749670359030:oidc-provider/oidc.eks.us-east-2.amazonaws.com/id/2E008C10D2E55B026FCD5084ED8E7FB7\"},\"Sid\":\"\"}],\"Version\":\"2012-10-17\"}","create_date":"2023-05-15T11:45:06Z","description":"","force_detach_policies":false,"id":"cluster_autoscaler","inline_policy":[{"name":"cluster_autoscaler","policy":"{\"Version\":\"2012-10-17\",\"Statement\":[{\"Action\":[\"eks:DescribeNodegroup\",\"ec2:DescribeInstanceTypes\",\"autoscaling:TerminateInstanceInAutoScalingGroup\",\"autoscaling:SetDesiredCapacity\"],\"Condition\":{\"StringEquals\":{\"aws:ResourceTag/k8s.io/cluster-autoscaler/udacity-cluster\":\"owned\"}},\"Effect\":\"Allow\",\"Resource\":\"*\",\"Sid\":\"\"},{\"Action\":[\"ec2:DescribeLaunchTemplateVersions\",\"ec2:DescribeInstanceTypes\",\"autoscaling:TerminateInstanceInAutoScalingGroup\",\"autoscaling:SetDesiredCapacity\",\"autoscaling:DescribeTags\",\"autoscaling:DescribeLaunchConfigurations\",\"autoscaling:DescribeInstances\",\"autoscaling:DescribeAutoScalingInstances\",\"autoscaling:DescribeAutoScalingGroups\"],\"Effect\":\"Allow\",\"Resource\":\"*\",\"Sid\":\"\"}]}"}],"managed_policy_arns":[],"max_session_duration":3600,"name":"cluster_autoscaler","name_prefix":"","path":"/","permissions_boundary":null,"role_last_used":[{"last_used_date":"2023-05-15T18:38:28Z","region":"us-east-2"}],"tags":{},"tags_all":{"Name":"udacity","Terraform":"true"},"unique_id":"AROA25C6V373IKTS4J3OZ"},"sensitive_values":{"inline_policy":[{}],"managed_policy_arns":[],"role_last_used":[{}],"tags":{},"tags_all":{}},"depends_on":["module.project_eks.aws_eks_cluster.cluster","module.project_eks.aws_iam_openid_connect_provider.oidc","module.project_eks.aws_iam_role.eks_cluster_role","module.project_eks.aws_iam_role_policy_attachment.cluster_AmazonEKSClusterPolicy","module.project_eks.aws_iam_role_policy_attachment.cluster_AmazonEKSServicePolicy","module.project_eks.data.aws_iam_policy_document.assume_role_policy","module.project_eks.data.aws_iam_policy_document.eks_assume_role_policy","module.project_eks.data.tls_certificate.example","module.vpc.aws_subnet.private","module.vpc.aws_vpc.this"]},{"address":"module.project_eks.aws_iam_role.eks_cluster_role","mode":"managed","type":"aws_iam_role","name":"eks_cluster_role","provider_name":"registry.terraform.io/hashicorp/aws","schema_version":0,"values":{"arn":"arn:aws:iam::749670359030:role/app-udacity-eks-cluster-role","assume_role_policy":"{\"Statement\":[{\"Action\":\"sts:AssumeRole\",\"Effect\":\"Allow\",\"Principal\":{\"Service\":\"eks.amazonaws.com\"},\"Sid\":\"\"}],\"Version\":\"2012-10-17\"}","create_date":"2023-05-15T07:25:00Z","description":"","force_detach_policies":false,"id":"app-udacity-eks-cluster-role","inline_policy":[],"managed_policy_arns":["arn:aws:iam::aws:policy/AmazonEKSClusterPolicy","arn:aws:iam::aws:policy/AmazonEKSServicePolicy"],"max_session_duration":3600,"name":"app-udacity-eks-cluster-role","name_prefix":"","path":"/","permissions_boundary":null,"role_last_used":[{"last_used_date":"2023-05-15T18:33:45Z","region":"us-east-2"}],"tags":{},"tags_all":{"Name":"udacity","Terraform":"true"},"unique_id":"AROA25C6V373M63TQU66C"},"sensitive_values":{"inline_policy":[],"managed_policy_arns":[false,false],"role_last_used":[{}],"tags":{},"tags_all":{}},"depends_on":["module.project_eks.data.aws_iam_policy_document.eks_assume_role_policy"]},{"address":"module.project_eks.aws_iam_role.eks_node_cluster_role","mode":"managed","type":"aws_iam_role","name":"eks_node_cluster_role","provider_name":"registry.terraform.io/hashicorp/aws","schema_version":0,"values":{"arn":"arn:aws:iam::749670359030:role/app-udacity-eks-node-role","assume_role_policy":"{\"Statement\":[{\"Action\":\"sts:AssumeRole\",\"Effect\":\"Allow\",\"Principal\":{\"Service\":\"ec2.amazonaws.com\"},\"Sid\":\"\"}],\"Version\":\"2012-10-17\"}","create_date":"2023-05-15T07:25:00Z","description":"","force_detach_policies":false,"id":"app-udacity-eks-node-role","inline_policy":[],"managed_policy_arns":["arn:aws:iam::749670359030:policy/app-udacity-eks-cluster-role-cloudwatch-policy","arn:aws:iam::749670359030:policy/app-udacity-instance-policy","arn:aws:iam::aws:policy/AmazonEC2ContainerRegistryReadOnly","arn:aws:iam::aws:policy/AmazonEKSWorkerNodePolicy","arn:aws:iam::aws:policy/AmazonEKS_CNI_Policy","arn:aws:iam::aws:policy/CloudWatchAgentServerPolicy"],"max_session_duration":3600,"name":"app-udacity-eks-node-role","name_prefix":"","path":"/","permissions_boundary":null,"role_last_used":[{"last_used_date":"2023-05-15T18:34:22Z","region":"us-east-2"}],"tags":{},"tags_all":{"Name":"udacity","Terraform":"true"},"unique_id":"AROA25C6V373F7ULRT5ZU"},"sensitive_values":{"inline_policy":[],"managed_policy_arns":[false,false,false,false,false,false],"role_last_used":[{}],"tags":{},"tags_all":{}},"depends_on":["module.project_eks.data.aws_iam_policy_document.eks_node_assume_role_policy"]},{"address":"module.project_eks.aws_iam_role_policy.cluster_autoscaler","mode":"managed","type":"aws_iam_role_policy","name":"cluster_autoscaler","provider_name":"registry.terraform.io/hashicorp/aws","schema_version":0,"values":{"id":"cluster_autoscaler:cluster_autoscaler","name":"cluster_autoscaler","name_prefix":null,"policy":"{\"Version\":\"2012-10-17\",\"Statement\":[{\"Action\":[\"eks:DescribeNodegroup\",\"ec2:DescribeInstanceTypes\",\"autoscaling:TerminateInstanceInAutoScalingGroup\",\"autoscaling:SetDesiredCapacity\"],\"Condition\":{\"StringEquals\":{\"aws:ResourceTag/k8s.io/cluster-autoscaler/udacity-cluster\":\"owned\"}},\"Effect\":\"Allow\",\"Resource\":\"*\",\"Sid\":\"\"},{\"Action\":[\"ec2:DescribeLaunchTemplateVersions\",\"ec2:DescribeInstanceTypes\",\"autoscaling:TerminateInstanceInAutoScalingGroup\",\"autoscaling:SetDesiredCapacity\",\"autoscaling:DescribeTags\",\"autoscaling:DescribeLaunchConfigurations\",\"autoscaling:DescribeInstances\",\"autoscaling:DescribeAutoScalingInstances\",\"autoscaling:DescribeAutoScalingGroups\"],\"Effect\":\"Allow\",\"Resource\":\"*\",\"Sid\":\"\"}]}","role":"cluster_autoscaler"},"sensitive_values":{},"depends_on":["module.project_eks.aws_eks_cluster.cluster","module.project_eks.aws_iam_openid_connect_provider.oidc","module.project_eks.aws_iam_role.cluster_autoscaler","module.project_eks.aws_iam_role.eks_cluster_role","module.project_eks.aws_iam_role_policy_attachment.cluster_AmazonEKSClusterPolicy","module.project_eks.aws_iam_role_policy_attachment.cluster_AmazonEKSServicePolicy","module.project_eks.data.aws_iam_policy_document.assume_role_policy","module.project_eks.data.aws_iam_policy_document.cluster_autoscale","module.project_eks.data.aws_iam_policy_document.eks_assume_role_policy","module.project_eks.data.tls_certificate.example","module.vpc.aws_subnet.private","module.vpc.aws_vpc.this"]},{"address":"module.project_eks.aws_iam_role_policy_attachment.cluster_AmazonEKSCloudwatchPolicy","mode":"managed","type":"aws_iam_role_policy_attachment","name":"cluster_AmazonEKSCloudwatchPolicy","provider_name":"registry.terraform.io/hashicorp/aws","schema_version":0,"values":{"id":"app-udacity-eks-node-role-20230515072501813300000007","policy_arn":"arn:aws:iam::749670359030:policy/app-udacity-eks-cluster-role-cloudwatch-policy","role":"app-udacity-eks-node-role"},"sensitive_values":{},"depends_on":["module.project_eks.aws_iam_policy.eks_cluster_role_cloudwatch_policy","module.project_eks.aws_iam_role.eks_node_cluster_role","module.project_eks.data.aws_iam_policy_document.eks_node_assume_role_policy"]},{"address":"module.project_eks.aws_iam_role_policy_attachment.cluster_AmazonEKSClusterPolicy","mode":"managed","type":"aws_iam_role_policy_attachment","name":"cluster_AmazonEKSClusterPolicy","provider_name":"registry.terraform.io/hashicorp/aws","schema_version":0,"values":{"id":"app-udacity-eks-cluster-role-20230515072502041400000009","policy_arn":"arn:aws:iam::aws:policy/AmazonEKSClusterPolicy","role":"app-udacity-eks-cluster-role"},"sensitive_values":{},"depends_on":["module.project_eks.aws_iam_role.eks_cluster_role","module.project_eks.data.aws_iam_policy_document.eks_assume_role_policy"]},{"address":"module.project_eks.aws_iam_role_policy_attachment.cluster_AmazonEKSServicePolicy","mode":"managed","type":"aws_iam_role_policy_attachment","name":"cluster_AmazonEKSServicePolicy","provider_name":"registry.terraform.io/hashicorp/aws","schema_version":0,"values":{"id":"app-udacity-eks-cluster-role-20230515072501727500000006","policy_arn":"arn:aws:iam::aws:policy/AmazonEKSServicePolicy","role":"app-udacity-eks-cluster-role"},"sensitive_values":{},"depends_on":["module.project_eks.aws_iam_role.eks_cluster_role","module.project_eks.data.aws_iam_policy_document.eks_assume_role_policy"]},{"address":"module.project_eks.aws_iam_role_policy_attachment.node_AmazonEC2ContainerRegistryReadOnly","mode":"managed","type":"aws_iam_role_policy_attachment","name":"node_AmazonEC2ContainerRegistryReadOnly","provider_name":"registry.terraform.io/hashicorp/aws","schema_version":0,"values":{"id":"app-udacity-eks-node-role-20230515072501655200000005","policy_arn":"arn:aws:iam::aws:policy/AmazonEC2ContainerRegistryReadOnly","role":"app-udacity-eks-node-role"},"sensitive_values":{},"depends_on":["module.project_eks.aws_iam_role.eks_node_cluster_role","module.project_eks.data.aws_iam_policy_document.eks_node_assume_role_policy"]},{"address":"module.project_eks.aws_iam_role_policy_attachment.node_AmazonEKSWorkerNodePolicy","mode":"managed","type":"aws_iam_role_policy_attachment","name":"node_AmazonEKSWorkerNodePolicy","provider_name":"registry.terraform.io/hashicorp/aws","schema_version":0,"values":{"id":"app-udacity-eks-node-role-2023051507250209990000000b","policy_arn":"arn:aws:iam::aws:policy/AmazonEKSWorkerNodePolicy","role":"app-udacity-eks-node-role"},"sensitive_values":{},"depends_on":["module.project_eks.aws_iam_role.eks_node_cluster_role","module.project_eks.data.aws_iam_policy_document.eks_node_assume_role_policy"]},{"address":"module.project_eks.aws_iam_role_policy_attachment.node_AmazonEKS_CNI_Policy","mode":"managed","type":"aws_iam_role_policy_attachment","name":"node_AmazonEKS_CNI_Policy","provider_name":"registry.terraform.io/hashicorp/aws","schema_version":0,"values":{"id":"app-udacity-eks-node-role-2023051507250209380000000a","policy_arn":"arn:aws:iam::aws:policy/AmazonEKS_CNI_Policy","role":"app-udacity-eks-node-role"},"sensitive_values":{},"depends_on":["module.project_eks.aws_iam_role.eks_node_cluster_role","module.project_eks.data.aws_iam_policy_document.eks_node_assume_role_policy"]},{"address":"module.project_eks.aws_iam_role_policy_attachment.node_CloudWatchAgentServerPolicy","mode":"managed","type":"aws_iam_role_policy_attachment","name":"node_CloudWatchAgentServerPolicy","provider_name":"registry.terraform.io/hashicorp/aws","schema_version":0,"values":{"id":"app-udacity-eks-node-role-20230515072501606700000004","policy_arn":"arn:aws:iam::aws:policy/CloudWatchAgentServerPolicy","role":"app-udacity-eks-node-role"},"sensitive_values":{},"depends_on":["module.project_eks.aws_iam_role.eks_node_cluster_role","module.project_eks.data.aws_iam_policy_document.eks_node_assume_role_policy"]},{"address":"module.project_eks.aws_iam_role_policy_attachment.node_harmony_policy_attachment","mode":"managed","type":"aws_iam_role_policy_attachment","name":"node_harmony_policy_attachment","provider_name":"registry.terraform.io/hashicorp/aws","schema_version":0,"values":{"id":"app-udacity-eks-node-role-20230515072501859900000008","policy_arn":"arn:aws:iam::749670359030:policy/app-udacity-instance-policy","role":"app-udacity-eks-node-role"},"sensitive_values":{},"depends_on":["module.project_eks.aws_iam_policy.eks_node_instance_policy","module.project_eks.aws_iam_role.eks_node_cluster_role","module.project_eks.data.aws_iam_policy_document.eks_node_assume_role_policy"]},{"address":"module.project_eks.data.aws_eks_cluster.cluster","mode":"data","type":"aws_eks_cluster","name":"cluster","provider_name":"registry.terraform.io/hashicorp/aws","schema_version":0,"values":{"arn":"arn:aws:eks:us-east-2:749670359030:cluster/udacity-cluster","certificate_authority":[{"data":"LS0tLS1CRUdJTiBDRVJUSUZJQ0FURS0tLS0tCk1JSUMvakNDQWVhZ0F3SUJBZ0lCQURBTkJna3Foa2lHOXcwQkFRc0ZBREFWTVJNd0VRWURWUVFERXdwcmRXSmwKY201bGRHVnpNQjRYRFRJek1EVXhOVEEzTXpJME1Wb1hEVE16TURVeE1qQTNNekkwTVZvd0ZURVRNQkVHQTFVRQpBeE1LYTNWaVpYSnVaWFJsY3pDQ0FTSXdEUVlKS29aSWh2Y05BUUVCQlFBRGdnRVBBRENDQVFvQ2dnRUJBTjRzCmkzWlFiZnZBMVErUU9qTTJEVkZnY3RyYVBQS2laTUVyODZwSU1PakxjNHczeSt1a21qemZOc3R1cy9BakwwSnIKckUxRlE3c2w2Y2NDZmdXNkxtcWtqNGFZdFFYcU1MQ2tEZ09JSXRob2hrZHFRekpaNTRJcGI1VFJYRXNadVpoVgpFZ2RXZ0MyV0pCNTZlRWdRSVJ6K1B2S3IzRW1zZWtzRSs0UFRKdXQrT2o0L0I3QlM2STdHTGdwdm1ybFdFY2U1CnE5OUJoNjMxSGVPSEgybjdNZDIrT1VLc1ZkR0k0WFIvNy9WaEpCR2h5UkJYR2hSMjF2RG5Hb1hWTllOK2ZaNEcKVXovMUF5Z3B6Rmkxd1ZTYUZ2eEw0azc1ZnMyRXNKY3c1VmZZZUJTam9lYVorNXpWQnZmeUloblFUOG4yTmljcQpIMDVuM21jUDdYeEFDMFo2WlNFQ0F3RUFBYU5aTUZjd0RnWURWUjBQQVFIL0JBUURBZ0trTUE4R0ExVWRFd0VCCi93UUZNQU1CQWY4d0hRWURWUjBPQkJZRUZIbDJ0dFcwY2tORVhsVzE2YWU3RGhUVWF5RVpNQlVHQTFVZEVRUU8KTUF5Q0NtdDFZbVZ5Ym1WMFpYTXdEUVlKS29aSWh2Y05BUUVMQlFBRGdnRUJBRzVxMWc0TXM2T2xxM3JOc2YvSApwK0xET2Naek1NL2E3R2hKejJjV0hrVm1GZUFBL0pOV3lxWk1seGwzL1d6bVBKOXdhaWVyaDdZUXcyS01RWU95CmlEUVV3VDJ6TldLWUlkbk9rZ3h2c2ZmNmk0YnlER2lFUzFKa1RpNlk0NjBuK2tRektIZGQwdGZSeUltSVhucDQKM1d0NVFRZ3d1b1IzYnFHdDFVenN1a1pDNEpXSm5OeUgyMUJOQlJjbTUwVEVuYXcyR1BxWS95RlRnd0xHT3N1VwpLKy9DMzVnalFncXlSVWk4YUlkRFBSZmsxRGp1QXNaR1h5bGhsbkt4dU10RDI0aFlHZm83akVUU2FsMkJYSGE4CkIxdHRROXlScmpBWjRqOVNEaUp3Rk9iTlFpKzZmMUdHOFQxTFlpTkRhOWFvK2R1MXM2aXMrNEJnNGU4b2NqSWkKdGp3PQotLS0tLUVORCBDRVJUSUZJQ0FURS0tLS0tCg=="}],"cluster_id":null,"created_at":"2023-05-15 07:27:08.354 +0000 UTC","enabled_cluster_log_types":[],"endpoint":"https://2E008C10D2E55B026FCD5084ED8E7FB7.sk1.us-east-2.eks.amazonaws.com","id":"udacity-cluster","identity":[{"oidc":[{"issuer":"https://oidc.eks.us-east-2.amazonaws.com/id/2E008C10D2E55B026FCD5084ED8E7FB7"}]}],"kubernetes_network_config":[{"ip_family":"ipv4","service_ipv4_cidr":"172.20.0.0/16","service_ipv6_cidr":""}],"name":"udacity-cluster","outpost_config":[],"platform_version":"eks.2","role_arn":"arn:aws:iam::749670359030:role/app-udacity-eks-cluster-role","status":"ACTIVE","tags":{"Name":"udacity","Terraform":"true"},"version":"1.26","vpc_config":[{"cluster_security_group_id":"sg-00264decef8e10bb0","endpoint_private_access":false,"endpoint_public_access":true,"public_access_cidrs":["0.0.0.0/0"],"security_group_ids":[],"subnet_ids":["subnet-09a36a2e56e6e5845","subnet-0d4c551856d32f0ef","subnet-0e244e6d234aa4081"],"vpc_id":"vpc-03d1cb8635266e5ec"}]},"sensitive_values":{"certificate_authority":[{}],"enabled_cluster_log_types":[],"identity":[{"oidc":[{}]}],"kubernetes_network_config":[{}],"outpost_config":[],"tags":{},"vpc_config":[{"public_access_cidrs":[false],"security_group_ids":[],"subnet_ids":[false,false,false]}]}},{"address":"module.project_eks.data.aws_eks_cluster_auth.cluster","mode":"data","type":"aws_eks_cluster_auth","name":"cluster","provider_name":"registry.terraform.io/hashicorp/aws","schema_version":0,"values":{"id":"udacity-cluster","name":"udacity-cluster","token":"k8s-aws-v1.aHR0cHM6Ly9zdHMuYW1hem9uYXdzLmNvbS8_QWN0aW9uPUdldENhbGxlcklkZW50aXR5JlZlcnNpb249MjAxMS0wNi0xNSZYLUFtei1BbGdvcml0aG09QVdTNC1ITUFDLVNIQTI1NiZYLUFtei1DcmVkZW50aWFsPUFLSUEyNUM2VjM3M0pIUFNHQ1ZJJTJGMjAyMzA1MTUlMkZ1cy1lYXN0LTElMkZzdHMlMkZhd3M0X3JlcXVlc3QmWC1BbXotRGF0ZT0yMDIzMDUxNVQxODU3MDRaJlgtQW16LUV4cGlyZXM9MCZYLUFtei1TaWduZWRIZWFkZXJzPWhvc3QlM0J4LWs4cy1hd3MtaWQmWC1BbXotU2lnbmF0dXJlPWQ3MWMwYmYxZTc5MmFjZTc5NjMzZTNkZGExMTU1YjkzNGY1MjVjYTAyNjBmYzUwODIyZGVmOThjNzY2MTljNGM"},"sensitive_values":{}},{"address":"module.project_eks.data.aws_iam_policy_document.assume_role_policy","mode":"data","type":"aws_iam_policy_document","name":"assume_role_policy","provider_name":"registry.terraform.io/hashicorp/aws","schema_version":0,"values":{"id":"2367145943","json":"{\n  \"Version\": \"2012-10-17\",\n  \"Statement\": [\n    {\n      \"Sid\": \"\",\n      \"Effect\": \"Allow\",\n      \"Action\": \"sts:AssumeRoleWithWebIdentity\",\n      \"Principal\": {\n        \"Federated\": \"arn:aws:iam::749670359030:oidc-provider/oidc.eks.us-east-2.amazonaws.com/id/2E008C10D2E55B026FCD5084ED8E7FB7\"\n      },\n      \"Condition\": {\n        \"StringEquals\": {\n          \"oidc.eks.us-east-2.amazonaws.com/id/2E008C10D2E55B026FCD5084ED8E7FB7:sub\": \"system:serviceaccount:kube-system:cluster-autoscaler\"\n        }\n      }\n    }\n  ]\n}","override_json":null,"override_policy_documents":null,"policy_id":null,"source_json":null,"source_policy_documents":null,"statement":[{"actions":["sts:AssumeRoleWithWebIdentity"],"condition":[{"test":"StringEquals","values":["system:serviceaccount:kube-system:cluster-autoscaler"],"variable":"oidc.eks.us-east-2.amazonaws.com/id/2E008C10D2E55B026FCD5084ED8E7FB7:sub"}],"effect":"Allow","not_actions":[],"not_principals":[],"not_resources":[],"principals":[{"identifiers":["arn:aws:iam::749670359030:oidc-provider/oidc.eks.us-east-2.amazonaws.com/id/2E008C10D2E55B026FCD5084ED8E7FB7"],"type":"Federated"}],"resources":[],"sid":""}],"version":"2012-10-17"},"sensitive_values":{"statement":[{"actions":[false],"condition":[{"values":[false]}],"not_actions":[],"not_principals":[],"not_resources":[],"principals":[{"identifiers":[false]}],"resources":[]}]}},{"address":"module.project_eks.data.aws_iam_policy_document.cluster_autoscale","mode":"data","type":"aws_iam_policy_document","name":"cluster_autoscale","provider_name":"registry.terraform.io/hashicorp/aws","schema_version":0,"values":{"id":"1123112276","json":"{\n  \"Version\": \"2012-10-17\",\n  \"Statement\": [\n    {\n      \"Sid\": \"\",\n      \"Effect\": \"Allow\",\n      \"Action\": [\n        \"eks:DescribeNodegroup\",\n        \"ec2:DescribeInstanceTypes\",\n        \"autoscaling:TerminateInstanceInAutoScalingGroup\",\n        \"autoscaling:SetDesiredCapacity\"\n      ],\n      \"Resource\": \"*\",\n      \"Condition\": {\n        \"StringEquals\": {\n          \"aws:ResourceTag/k8s.io/cluster-autoscaler/udacity-cluster\": \"owned\"\n        }\n      }\n    },\n    {\n      \"Sid\": \"\",\n      \"Effect\": \"Allow\",\n      \"Action\": [\n        \"ec2:DescribeLaunchTemplateVersions\",\n        \"ec2:DescribeInstanceTypes\",\n        \"autoscaling:TerminateInstanceInAutoScalingGroup\",\n        \"autoscaling:SetDesiredCapacity\",\n        \"autoscaling:DescribeTags\",\n        \"autoscaling:DescribeLaunchConfigurations\",\n        \"autoscaling:DescribeInstances\",\n        \"autoscaling:DescribeAutoScalingInstances\",\n        \"autoscaling:DescribeAutoScalingGroups\"\n      ],\n      \"Resource\": \"*\"\n    }\n  ]\n}","override_json":null,"override_policy_documents":null,"policy_id":null,"source_json":null,"source_policy_documents":null,"statement":[{"actions":["autoscaling:SetDesiredCapacity","autoscaling:TerminateInstanceInAutoScalingGroup","ec2:DescribeInstanceTypes","eks:DescribeNodegroup"],"condition":[{"test":"StringEquals","values":["owned"],"variable":"aws:ResourceTag/k8s.io/cluster-autoscaler/udacity-cluster"}],"effect":"Allow","not_actions":[],"not_principals":[],"not_resources":[],"principals":[],"resources":["*"],"sid":""},{"actions":["autoscaling:DescribeAutoScalingGroups","autoscaling:DescribeAutoScalingInstances","autoscaling:DescribeInstances","autoscaling:DescribeLaunchConfigurations","autoscaling:DescribeTags","autoscaling:SetDesiredCapacity","autoscaling:TerminateInstanceInAutoScalingGroup","ec2:DescribeInstanceTypes","ec2:DescribeLaunchTemplateVersions"],"condition":[],"effect":"Allow","not_actions":[],"not_principals":[],"not_resources":[],"principals":[],"resources":["*"],"sid":""}],"version":"2012-10-17"},"sensitive_values":{"statement":[{"actions":[false,false,false,false],"condition":[{"values":[false]}],"not_actions":[],"not_principals":[],"not_resources":[],"principals":[],"resources":[false]},{"actions":[false,false,false,false,false,false,false,false,false],"condition":[],"not_actions":[],"not_principals":[],"not_resources":[],"principals":[],"resources":[false]}]}},{"address":"module.project_eks.data.aws_iam_policy_document.eks_assume_role_policy","mode":"data","type":"aws_iam_policy_document","name":"eks_assume_role_policy","provider_name":"registry.terraform.io/hashicorp/aws","schema_version":0,"values":{"id":"189502314","json":"{\n  \"Version\": \"2012-10-17\",\n  \"Statement\": [\n    {\n      \"Sid\": \"\",\n      \"Effect\": \"Allow\",\n      \"Action\": \"sts:AssumeRole\",\n      \"Principal\": {\n        \"Service\": \"eks.amazonaws.com\"\n      }\n    }\n  ]\n}","override_json":null,"override_policy_documents":null,"policy_id":null,"source_json":null,"source_policy_documents":null,"statement":[{"actions":["sts:AssumeRole"],"condition":[],"effect":"Allow","not_actions":[],"not_principals":[],"not_resources":[],"principals":[{"identifiers":["eks.amazonaws.com"],"type":"Service"}],"resources":[],"sid":""}],"version":"2012-10-17"},"sensitive_values":{"statement":[{"actions":[false],"condition":[],"not_actions":[],"not_principals":[],"not_resources":[],"principals":[{"identifiers":[false]}],"resources":[]}]}},{"address":"module.project_eks.data.aws_iam_policy_document.eks_node_assume_role_policy","mode":"data","type":"aws_iam_policy_document","name":"eks_node_assume_role_policy","provider_name":"registry.terraform.io/hashicorp/aws","schema_version":0,"values":{"id":"1903849331","json":"{\n  \"Version\": \"2012-10-17\",\n  \"Statement\": [\n    {\n      \"Sid\": \"\",\n      \"Effect\": \"Allow\",\n      \"Action\": \"sts:AssumeRole\",\n      \"Principal\": {\n        \"Service\": \"ec2.amazonaws.com\"\n      }\n    }\n  ]\n}","override_json":null,"override_policy_documents":null,"policy_id":null,"source_json":null,"source_policy_documents":null,"statement":[{"actions":["sts:AssumeRole"],"condition":[],"effect":"Allow","not_actions":[],"not_principals":[],"not_resources":[],"principals":[{"identifiers":["ec2.amazonaws.com"],"type":"Service"}],"resources":[],"sid":""}],"version":"2012-10-17"},"sensitive_values":{"statement":[{"actions":[false],"condition":[],"not_actions":[],"not_principals":[],"not_resources":[],"principals":[{"identifiers":[false]}],"resources":[]}]}},{"address":"module.project_eks.data.aws_iam_policy_document.k8s_auto_scaling","mode":"data","type":"aws_iam_policy_document","name":"k8s_auto_scaling","provider_name":"registry.terraform.io/hashicorp/aws","schema_version":0,"values":{"id":"1342303187","json":"{\n  \"Version\": \"2012-10-17\",\n  \"Statement\": [\n    {\n      \"Sid\": \"\",\n      \"Effect\": \"Allow\",\n      \"Action\": [\n        \"ec2:DescribeLaunchTemplateVersions\",\n        \"autoscaling:TerminateInstanceInAutoScalingGroup\",\n        \"autoscaling:SetDesiredCapacity\",\n        \"autoscaling:DescribeTags\",\n        \"autoscaling:DescribeLaunchConfigurations\",\n        \"autoscaling:DescribeAutoScalingInstances\",\n        \"autoscaling:DescribeAutoScalingGroups\"\n      ],\n      \"Resource\": \"*\"\n    }\n  ]\n}","override_json":null,"override_policy_documents":null,"policy_id":null,"source_json":null,"source_policy_documents":null,"statement":[{"actions":["autoscaling:DescribeAutoScalingGroups","autoscaling:DescribeAutoScalingInstances","autoscaling:DescribeLaunchConfigurations","autoscaling:DescribeTags","autoscaling:SetDesiredCapacity","autoscaling:TerminateInstanceInAutoScalingGroup","ec2:DescribeLaunchTemplateVersions"],"condition":[],"effect":"Allow","not_actions":[],"not_principals":[],"not_resources":[],"principals":[],"resources":["*"],"sid":""}],"version":"2012-10-17"},"sensitive_values":{"statement":[{"actions":[false,false,false,false,false,false,false],"condition":[],"not_actions":[],"not_principals":[],"not_resources":[],"principals":[],"resources":[false]}]}},{"address":"module.project_eks.data.aws_region.current","mode":"data","type":"aws_region","name":"current","provider_name":"registry.terraform.io/hashicorp/aws","schema_version":0,"values":{"description":"US East (Ohio)","endpoint":"ec2.us-east-2.amazonaws.com","id":"us-east-2","name":"us-east-2"},"sensitive_values":{}},{"address":"module.project_eks.data.tls_certificate.example","mode":"data","type":"tls_certificate","name":"example","provider_name":"registry.terraform.io/hashicorp/tls","schema_version":0,"values":{"certificates":[{"cert_pem":"-----BEGIN CERTIFICATE-----\nMIIEdTCCA12gAwIBAgIJAKcOSkw0grd/MA0GCSqGSIb3DQEBCwUAMGgxCzAJBgNV\nBAYTAlVTMSUwIwYDVQQKExxTdGFyZmllbGQgVGVjaG5vbG9naWVzLCBJbmMuMTIw\nMAYDVQQLEylTdGFyZmllbGQgQ2xhc3MgMiBDZXJ0aWZpY2F0aW9uIEF1dGhvcml0\neTAeFw0wOTA5MDIwMDAwMDBaFw0zNDA2MjgxNzM5MTZaMIGYMQswCQYDVQQGEwJV\nUzEQMA4GA1UECBMHQXJpem9uYTETMBEGA1UEBxMKU2NvdHRzZGFsZTElMCMGA1UE\nChMcU3RhcmZpZWxkIFRlY2hub2xvZ2llcywgSW5jLjE7MDkGA1UEAxMyU3RhcmZp\nZWxkIFNlcnZpY2VzIFJvb3QgQ2VydGlmaWNhdGUgQXV0aG9yaXR5IC0gRzIwggEi\nMA0GCSqGSIb3DQEBAQUAA4IBDwAwggEKAoIBAQDVDDrEKvlO4vW+GZdfjohTsR8/\ny8+fIBNtKTrID30892t2OGPZNmCom15cAICyL1l/9of5JUOG52kbUpqQ4XHj2C0N\nTm/2yEnZtvMaVq4rtnQU68/7JuMauh2WLmo7WJSJR1b/JaCTcFOD2oR0FMNnngRo\nOt+OQFodSk7PQ5E751bWAHDLUu57fa4657wx+UX2wmDPE1kCK4DMNEffud6QZW0C\nzyyRpqbn3oUYSXxmTqM6bam17jQuug0DuDPfR+uxa40l2ZvOgdFFRjKWcIfeAg5J\nQ4W2bHO7ZOphQazJ1FTfhy/HIrImzJ9ZVGif/L4qL8RVHHVAYBeFAlU5i38FAgMB\nAAGjgfAwge0wDwYDVR0TAQH/BAUwAwEB/zAOBgNVHQ8BAf8EBAMCAYYwHQYDVR0O\nBBYEFJxfAN+qAdcwKziIorhtSpzyEZGDMB8GA1UdIwQYMBaAFL9ft9HO3R+G9FtV\nrNzXEMIOqYjnME8GCCsGAQUFBwEBBEMwQTAcBggrBgEFBQcwAYYQaHR0cDovL28u\nc3MyLnVzLzAhBggrBgEFBQcwAoYVaHR0cDovL3guc3MyLnVzL3guY2VyMCYGA1Ud\nHwQfMB0wG6AZoBeGFWh0dHA6Ly9zLnNzMi51cy9yLmNybDARBgNVHSAECjAIMAYG\nBFUdIAAwDQYJKoZIhvcNAQELBQADggEBACMd44pXyn3pF3lM8R5V/cxTbj5HD9/G\nVfKyBDbtgB9TxF00KGu+x1X8Z+rLP3+QsjPNG1gQggL4+C/1E2DUBc7xgQjB3ad1\nl08YuW3e95ORCLp+QCztweq7dp4zBncdDQh/U90bZKuCJ/Fp1U1ervShw3WnWEQt\n8jxwmKy6abaVd38PMV4s/KCHOkdp8Hlf9BRUpJVeEXgSYCfOn8J3/yNTd126/+pZ\n59vPr5KW7ySaNRB6nJHGDn2Z9j8Z3/VyVOEVqQdZe4O/Ui5GjLIAZHYcSNPYeehu\nVsyuLAOQ1xk4meTKCRlb/weWsKh/NEnfVqn3sF/tM+2MR7cwA130A4w=\n-----END CERTIFICATE-----\n","is_ca":true,"issuer":"OU=Starfield Class 2 Certification Authority,O=Starfield Technologies\\, Inc.,C=US","not_after":"2034-06-28T17:39:16Z","not_before":"2009-09-02T00:00:00Z","public_key_algorithm":"RSA","serial_number":"12037640545166866303","sha1_fingerprint":"9e99a48a9960b14926bb7f3b02e22da2b0ab7280","signature_algorithm":"SHA256-RSA","subject":"CN=Starfield Services Root Certificate Authority - G2,O=Starfield Technologies\\, Inc.,L=Scottsdale,ST=Arizona,C=US","version":3},{"cert_pem":"-----BEGIN CERTIFICATE-----\nMIIEkjCCA3qgAwIBAgITBn+USionzfP6wq4rAfkI7rnExjANBgkqhkiG9w0BAQsF\nADCBmDELMAkGA1UEBhMCVVMxEDAOBgNVBAgTB0FyaXpvbmExEzARBgNVBAcTClNj\nb3R0c2RhbGUxJTAjBgNVBAoTHFN0YXJmaWVsZCBUZWNobm9sb2dpZXMsIEluYy4x\nOzA5BgNVBAMTMlN0YXJmaWVsZCBTZXJ2aWNlcyBSb290IENlcnRpZmljYXRlIEF1\ndGhvcml0eSAtIEcyMB4XDTE1MDUyNTEyMDAwMFoXDTM3MTIzMTAxMDAwMFowOTEL\nMAkGA1UEBhMCVVMxDzANBgNVBAoTBkFtYXpvbjEZMBcGA1UEAxMQQW1hem9uIFJv\nb3QgQ0EgMTCCASIwDQYJKoZIhvcNAQEBBQADggEPADCCAQoCggEBALJ4gHHKeNXj\nca9HgFB0fW7Y14h29Jlo91ghYPl0hAEvrAIthtOgQ3pOsqTQNroBvo3bSMgHFzZM\n9O6II8c+6zf1tRn4SWiw3te5djgdYZ6k/oI2peVKVuRF4fn9tBb6dNqcmzU5L/qw\nIFAGbHrQgLKm+a/sRxmPUDgH3KKHOVj4utWp+UhnMJbulHheb4mjUcAwhmahRWa6\nVOujw5H5SNz/0egwLX0tdHA114gk957EWW67c4cX8jJGKLhD+rcdqsq08p8kDi1L\n93FcXmn/6pUCyziKrlA4b9v7LWIbxcceVOF34GfID5yHI9Y/QCB/IIDEgEw+OyQm\njgSubJrIqg0CAwEAAaOCATEwggEtMA8GA1UdEwEB/wQFMAMBAf8wDgYDVR0PAQH/\nBAQDAgGGMB0GA1UdDgQWBBSEGMyFNOy8DJSULghZnMeyEE4KCDAfBgNVHSMEGDAW\ngBScXwDfqgHXMCs4iKK4bUqc8hGRgzB4BggrBgEFBQcBAQRsMGowLgYIKwYBBQUH\nMAGGImh0dHA6Ly9vY3NwLnJvb3RnMi5hbWF6b250cnVzdC5jb20wOAYIKwYBBQUH\nMAKGLGh0dHA6Ly9jcnQucm9vdGcyLmFtYXpvbnRydXN0LmNvbS9yb290ZzIuY2Vy\nMD0GA1UdHwQ2MDQwMqAwoC6GLGh0dHA6Ly9jcmwucm9vdGcyLmFtYXpvbnRydXN0\nLmNvbS9yb290ZzIuY3JsMBEGA1UdIAQKMAgwBgYEVR0gADANBgkqhkiG9w0BAQsF\nAAOCAQEAYjdCXLwQtT6LLOkMm2xF4gcAevnFWAu5CIw+7bMlPLVvUOTNNWqnkzSW\nMiGpSESrnO09tKpzbeR/FoCJbM8oAxiDR3mjEH4wW6w7sGDgd9QIpuEdfF7Au/ma\neyKdpwAJfqxGF4PcnCZXmTA5YpaP7dreqsXMGz7KQ2hsVxa81Q4gLv7/wmpdLqBK\nbRRYh5TmOTFffHPLkIhqhBGWJ6bt2YFGpn6jcgAKUj6DiAdjd4lpFw85hdKrCEVN\n0FE6/V1dN2RMfjCyVSRCnTawXZwXgWHxyvkQAiSr6w10kY17RSlQOYiypok1JR4U\nakcjMS9cmvqtmg5iUaQqqcT5NJ0hGA==\n-----END CERTIFICATE-----\n","is_ca":true,"issuer":"CN=Starfield Services Root Certificate Authority - G2,O=Starfield Technologies\\, Inc.,L=Scottsdale,ST=Arizona,C=US","not_after":"2037-12-31T01:00:00Z","not_before":"2015-05-25T12:00:00Z","public_key_algorithm":"RSA","serial_number":"144918191876577076464031512351042010504348870","sha1_fingerprint":"06b25927c42a721631c1efd9431e648fa62e1e39","signature_algorithm":"SHA256-RSA","subject":"CN=Amazon Root CA 1,O=Amazon,C=US","version":3},{"cert_pem":"-----BEGIN CERTIFICATE-----\nMIIEXjCCA0agAwIBAgITB3MSSkvL1E7HtTvq8ZSELToPoTANBgkqhkiG9w0BAQsF\nADA5MQswCQYDVQQGEwJVUzEPMA0GA1UEChMGQW1hem9uMRkwFwYDVQQDExBBbWF6\nb24gUm9vdCBDQSAxMB4XDTIyMDgyMzIyMjUzMFoXDTMwMDgyMzIyMjUzMFowPDEL\nMAkGA1UEBhMCVVMxDzANBgNVBAoTBkFtYXpvbjEcMBoGA1UEAxMTQW1hem9uIFJT\nQSAyMDQ4IE0wMjCCASIwDQYJKoZIhvcNAQEBBQADggEPADCCAQoCggEBALtDGMZa\nqHneKei1by6+pUPPLljTB143Si6VpEWPc6mSkFhZb/6qrkZyoHlQLbDYnI2D7hD0\nsdzEqfnuAjIsuXQLG3A8TvX6V3oFNBFVe8NlLJHvBseKY88saLwufxkZVwk74g4n\nWlNMXzla9Y5F3wwRHwMVH443xGz6UtGSZSqQ94eFx5X7Tlqt8whi8qCaKdZ5rNak\n+r9nUThOeClqFd4oXych//Rc7Y0eX1KNWHYSI1Nk31mYgiK3JvH063g+K9tHA63Z\neTgKgndlh+WI+zv7i44HepRZjA1FYwYZ9Vv/9UkC5Yz8/yU65fgjaE+wVHM4e/Yy\nC2osrPWE7gJ+dXMCAwEAAaOCAVowggFWMBIGA1UdEwEB/wQIMAYBAf8CAQAwDgYD\nVR0PAQH/BAQDAgGGMB0GA1UdJQQWMBQGCCsGAQUFBwMBBggrBgEFBQcDAjAdBgNV\nHQ4EFgQUwDFSzVpQw4J8dHHOy+mc+XrrguIwHwYDVR0jBBgwFoAUhBjMhTTsvAyU\nlC4IWZzHshBOCggwewYIKwYBBQUHAQEEbzBtMC8GCCsGAQUFBzABhiNodHRwOi8v\nb2NzcC5yb290Y2ExLmFtYXpvbnRydXN0LmNvbTA6BggrBgEFBQcwAoYuaHR0cDov\nL2NydC5yb290Y2ExLmFtYXpvbnRydXN0LmNvbS9yb290Y2ExLmNlcjA/BgNVHR8E\nODA2MDSgMqAwhi5odHRwOi8vY3JsLnJvb3RjYTEuYW1hem9udHJ1c3QuY29tL3Jv\nb3RjYTEuY3JsMBMGA1UdIAQMMAowCAYGZ4EMAQIBMA0GCSqGSIb3DQEBCwUAA4IB\nAQAtTi6Fs0Azfi+iwm7jrz+CSxHH+uHl7Law3MQSXVtR8RV53PtR6r/6gNpqlzdo\nZq4FKbADi1v9Bun8RY8D51uedRfjsbeodizeBB8nXmeyD33Ep7VATj4ozcd31YFV\nfgRhvTSxNrrTlNpWkUk0m3BMPv8sg381HhA6uEYokE5q9uws/3YkKqRiEz3TsaWm\nJqIRZhMbgAfp7O7FUwFIb7UIspogZSKxPIWJpxiPo3TcBambbVtQOcNRWz5qCQdD\nslI2yayq0n2TXoHyNCLEH8rpsJRVILFsg0jc7BaFrMnF462+ajSehgj12IidNeRN\n4zl+EoNaWdpnWndvSpAEkq2P\n-----END CERTIFICATE-----\n","is_ca":true,"issuer":"CN=Amazon Root CA 1,O=Amazon,C=US","not_after":"2030-08-23T22:25:30Z","not_before":"2022-08-23T22:25:30Z","public_key_algorithm":"RSA","serial_number":"166129353110899469622597955040406457904926625","sha1_fingerprint":"414a2060b738c635cc7fc243e052615592830c53","signature_algorithm":"SHA256-RSA","subject":"CN=Amazon RSA 2048 M02,O=Amazon,C=US","version":3},{"cert_pem":"-----BEGIN CERTIFICATE-----\nMIIF6zCCBNOgAwIBAgIQCW0HKsD5GyURhyXex/rJlDANBgkqhkiG9w0BAQsFADA8\nMQswCQYDVQQGEwJVUzEPMA0GA1UEChMGQW1hem9uMRwwGgYDVQQDExNBbWF6b24g\nUlNBIDIwNDggTTAyMB4XDTIzMDQxMzAwMDAwMFoXDTI0MDUxMTIzNTk1OVowKzEp\nMCcGA1UEAxMgb2lkYy5la3MudXMtZWFzdC0yLmFtYXpvbmF3cy5jb20wggEiMA0G\nCSqGSIb3DQEBAQUAA4IBDwAwggEKAoIBAQDFjpgGGZXhdQjDyOrcdG5smK5hX+5G\ngfT1SmaI+ttfDfYOl6k6SNApnXIKaYTAS6SZkbX14Ikp6/xpdiOIMZnuU08tEihb\nbmRTbBEWvRQtLSW+6QqyGdQYbkMC+S5q5hS8nnQIZXmYG0hldZIOfGE37jj/TKM9\nKisasWNxrIIsDlrmtHbeEoEOBaAOWPU/DWG8jWxbme8JNdEqnFNT76vvZIsY28AH\n8khP9vHpUSW635UgyGJNspd3u8svAN7Mv+vje8cJfaI+K+YtTrMmv49vMjpciu80\ngrjoBvBotIw1ZLsO1XFElIodcC4i2rWJ22xwJwlplFR9ud+X3xLYwSlzAgMBAAGj\nggL4MIIC9DAfBgNVHSMEGDAWgBTAMVLNWlDDgnx0cc7L6Zz5euuC4jAdBgNVHQ4E\nFgQU1DecnBH1rlrQI8PdHaTE45L5DncwKwYDVR0RBCQwIoIgb2lkYy5la3MudXMt\nZWFzdC0yLmFtYXpvbmF3cy5jb20wDgYDVR0PAQH/BAQDAgWgMB0GA1UdJQQWMBQG\nCCsGAQUFBwMBBggrBgEFBQcDAjA7BgNVHR8ENDAyMDCgLqAshipodHRwOi8vY3Js\nLnIybTAyLmFtYXpvbnRydXN0LmNvbS9yMm0wMi5jcmwwEwYDVR0gBAwwCjAIBgZn\ngQwBAgEwdQYIKwYBBQUHAQEEaTBnMC0GCCsGAQUFBzABhiFodHRwOi8vb2NzcC5y\nMm0wMi5hbWF6b250cnVzdC5jb20wNgYIKwYBBQUHMAKGKmh0dHA6Ly9jcnQucjJt\nMDIuYW1hem9udHJ1c3QuY29tL3IybTAyLmNlcjAMBgNVHRMBAf8EAjAAMIIBfQYK\nKwYBBAHWeQIEAgSCAW0EggFpAWcAdgDuzdBk1dsazsVct520zROiModGfLzs3sNR\nSFlGcR+1mwAAAYd3+NcOAAAEAwBHMEUCIQCHlY1qn7DzoNygWAqzugUh3g8dQz1K\nsP7VJmC7KhFkJQIgVhwGTwHSZiGLzOX5CzjcJpyFmyIqUyb3/+XiX3vfQlAAdgBz\n2Z6JG0yWeKAgfUed5rLGHNBRXnEZKoxrgBB6wXdytQAAAYd3+Nd1AAAEAwBHMEUC\nIFHrqAO8h/PdQOJk5qIf1akhiStvW69TTF/aJj6C0UJyAiEAuA22o6QXSrPh5rql\nVoCHsge+mKYDzwJg29+Fy6cpeKAAdQBIsONr2qZHNA/lagL6nTDrHFIBy1bdLIHZ\nu7+rOdiEcwAAAYd3+NdEAAAEAwBGMEQCIAaaInHj+uB4m5+kAMHYOt2+sJE1eZwX\nz4WxsIDzbUUEAiBOFyx457aAais5MtZjTqbykHXcG9W53sTJZL53Cy+P6zANBgkq\nhkiG9w0BAQsFAAOCAQEAN2+1CFNDLKW98g93twLkdqsVtUmJ3vXEw8owl4rjc/V+\nRuBI09tvC3MF1MVB9kT/xXWR2QZuBySV9b5+OcdKyqMVBjIWOgHXHcz4BKqJkANZ\nS09ZZoQMBsh06C3Yk5KsoBxACzE5ckYKlPiWjAwo8TAV6gmcZNictd/EkmsXyouE\nUD8sCokEMwCCpuSXcSlphq4L1DFKLrKGzADJUu0wdRkgYTMGBotGc6MKbO02nHK8\nGB7IVWYcnDGqLCNozwvm3a0UXefvEveEYPd007obW1Ey9QBeP7k7HZbVUJ9atSBq\nftsPG6h15OEALUVj6KfPperD32nSQ0ptbKVQR/9ybQ==\n-----END CERTIFICATE-----\n","is_ca":false,"issuer":"CN=Amazon RSA 2048 M02,O=Amazon,C=US","not_after":"2024-05-11T23:59:59Z","not_before":"2023-04-13T00:00:00Z","public_key_algorithm":"RSA","serial_number":"12529157683816862830909118128615770516","sha1_fingerprint":"50879ea7f7c29dd615269e559fb061b46bdd3dbe","signature_algorithm":"SHA256-RSA","subject":"CN=oidc.eks.us-east-2.amazonaws.com","version":3}],"content":null,"id":"7c72bb110518075cbb071e57d125fc3aa17238d9","url":"https://oidc.eks.us-east-2.amazonaws.com/id/2E008C10D2E55B026FCD5084ED8E7FB7","verify_chain":true},"sensitive_values":{"certificates":[{},{},{},{}]}},{"address":"module.project_eks.helm_release.cluster-autoscaler","mode":"managed","type":"helm_release","name":"cluster-autoscaler","provider_name":"registry.terraform.io/hashicorp/helm","schema_version":1,"values":{"atomic":false,"chart":"cluster-autoscaler","cleanup_on_fail":false,"create_namespace":false,"dependency_update":false,"description":null,"devel":null,"disable_crd_hooks":false,"disable_openapi_validation":false,"disable_webhooks":false,"force_update":false,"id":"cluster-autoscaler","keyring":null,"lint":false,"manifest":null,"max_history":0,"metadata":[{"app_version":"1.23.0","chart":"cluster-autoscaler","name":"cluster-autoscaler","namespace":"kube-system","revision":1,"values":"{\"autoDiscovery\":{\"clusterName\":\"udacity-cluster\"},\"awsRegion\":\"us-east-2\",\"cloudProvider\":\"aws\",\"fullnameOverride\":\"cluster-autoscaler\",\"rbac\":{\"serviceAccount\":{\"annotations\":{\"eks.amazonaws.com/role-arn\":\"arn:aws:iam::749670359030:role/cluster_autoscaler\"},\"name\":\"cluster-autoscaler\"}}}","version":"9.19.4"}],"name":"cluster-autoscaler","namespace":"kube-system","pass_credentials":false,"postrender":[],"recreate_pods":false,"render_subchart_notes":true,"replace":false,"repository":"https://kubernetes.github.io/autoscaler","repository_ca_file":null,"repository_cert_file":null,"repository_key_file":null,"repository_password":null,"repository_username":null,"reset_values":false,"reuse_values":false,"set":[{"name":"autoDiscovery.clusterName","type":"","value":"udacity-cluster"},{"name":"awsRegion","type":"","value":"us-east-2"},{"name":"cloudProvider","type":"","value":"aws"},{"name":"fullnameOverride","type":"","value":"cluster-autoscaler"},{"name":"rbac.serviceAccount.annotations.eks\\.amazonaws\\.com/role-arn","type":"string","value":"arn:aws:iam::749670359030:role/cluster_autoscaler"},{"name":"rbac.serviceAccount.name","type":"","value":"cluster-autoscaler"}],"set_sensitive":[],"skip_crds":false,"status":"deployed","timeout":300,"values":null,"verify":false,"version":"9.19.4","wait":true,"wait_for_jobs":false},"sensitive_values":{"metadata":[{}],"postrender":[],"set":[{},{},{},{},{},{}],"set_sensitive":[]},"depends_on":["module.project_eks.aws_eks_cluster.cluster","module.project_eks.aws_iam_openid_connect_provider.oidc","module.project_eks.aws_iam_role.cluster_autoscaler","module.project_eks.aws_iam_role.eks_cluster_role","module.project_eks.aws_iam_role_policy_attachment.cluster_AmazonEKSClusterPolicy","module.project_eks.aws_iam_role_policy_attachment.cluster_AmazonEKSServicePolicy","module.project_eks.data.aws_eks_cluster.cluster","module.project_eks.data.aws_eks_cluster_auth.cluster","module.project_eks.data.aws_iam_policy_document.assume_role_policy","module.project_eks.data.aws_iam_policy_document.eks_assume_role_policy","module.project_eks.data.aws_region.current","module.project_eks.data.tls_certificate.example","module.vpc.aws_subnet.private","module.vpc.aws_vpc.this"]}],"address":"module.project_eks"},{"resources":[{"address":"module.vpc.aws_eip.nat[0]","mode":"managed","type":"aws_eip","name":"nat","index":0,"provider_name":"registry.terraform.io/hashicorp/aws","schema_version":0,"values":{"address":null,"allocation_id":"eipalloc-00d80daff237d6432","associate_with_private_ip":null,"association_id":"eipassoc-01ec1683be892a933","carrier_ip":"","customer_owned_ip":"","customer_owned_ipv4_pool":"","domain":"vpc","id":"eipalloc-00d80daff237d6432","instance":"","network_border_group":"us-east-2","network_interface":"eni-0eb82cb3a28ab45f8","private_dns":"ip-10-100-10-215.us-east-2.compute.internal","private_ip":"10.100.10.215","public_dns":"ec2-3-141-233-16.us-east-2.compute.amazonaws.com","public_ip":"3.141.233.16","public_ipv4_pool":"amazon","tags":{"Name":"udacity-project-us-east-2a"},"tags_all":{"Name":"udacity-project-us-east-2a","Terraform":"true"},"timeouts":null,"vpc":true},"sensitive_values":{"tags":{},"tags_all":{}}},{"address":"module.vpc.aws_internet_gateway.this[0]","mode":"managed","type":"aws_internet_gateway","name":"this","index":0,"provider_name":"registry.terraform.io/hashicorp/aws","schema_version":0,"values":{"arn":"arn:aws:ec2:us-east-2:749670359030:internet-gateway/igw-07977ad3352d04396","id":"igw-07977ad3352d04396","owner_id":"749670359030","tags":{"Name":"udacity-project"},"tags_all":{"Name":"udacity-project","Terraform":"true"},"timeouts":null,"vpc_id":"vpc-03d1cb8635266e5ec"},"sensitive_values":{"tags":{},"tags_all":{}},"depends_on":["module.vpc.aws_vpc.this"]},{"address":"module.vpc.aws_subnet.private[0]","mode":"managed","type":"aws_subnet","name":"private","index":0,"provider_name":"registry.terraform.io/hashicorp/aws","schema_version":1,"values":{"arn":"arn:aws:ec2:us-east-2:749670359030:subnet/subnet-09a36a2e56e6e5845","assign_ipv6_address_on_creation":false,"availability_zone":"us-east-2a","availability_zone_id":"use2-az1","cidr_block":"10.100.1.0/24","customer_owned_ipv4_pool":"","enable_dns64":false,"enable_lni_at_device_index":0,"enable_resource_name_dns_a_record_on_launch":false,"enable_resource_name_dns_aaaa_record_on_launch":false,"id":"subnet-09a36a2e56e6e5845","ipv6_cidr_block":"","ipv6_cidr_block_association_id":"","ipv6_native":false,"map_customer_owned_ip_on_launch":false,"map_public_ip_on_launch":false,"outpost_arn":"","owner_id":"749670359030","private_dns_hostname_type_on_launch":"ip-name","tags":{"Name":"udacity-project-private-us-east-2a","kubernetes.io/role/internal-elb":"1"},"tags_all":{"Name":"udacity-project-private-us-east-2a","Terraform":"true","kubernetes.io/role/internal-elb":"1"},"timeouts":null,"vpc_id":"vpc-03d1cb8635266e5ec"},"sensitive_values":{"tags":{},"tags_all":{}},"depends_on":["module.vpc.aws_vpc.this"]},{"address":"module.vpc.aws_subnet.private[1]","mode":"managed","type":"aws_subnet","name":"private","index":1,"provider_name":"registry.terraform.io/hashicorp/aws","schema_version":1,"values":{"arn":"arn:aws:ec2:us-east-2:749670359030:subnet/subnet-0d4c551856d32f0ef","assign_ipv6_address_on_creation":false,"availability_zone":"us-east-2b","availability_zone_id":"use2-az2","cidr_block":"10.100.2.0/24","customer_owned_ipv4_pool":"","enable_dns64":false,"enable_lni_at_device_index":0,"enable_resource_name_dns_a_record_on_launch":false,"enable_resource_name_dns_aaaa_record_on_launch":false,"id":"subnet-0d4c551856d32f0ef","ipv6_cidr_block":"","ipv6_cidr_block_association_id":"","ipv6_native":false,"map_customer_owned_ip_on_launch":false,"map_public_ip_on_launch":false,"outpost_arn":"","owner_id":"749670359030","private_dns_hostname_type_on_launch":"ip-name","tags":{"Name":"udacity-project-private-us-east-2b","kubernetes.io/role/internal-elb":"1"},"tags_all":{"Name":"udacity-project-private-us-east-2b","Terraform":"true","kubernetes.io/role/internal-elb":"1"},"timeouts":null,"vpc_id":"vpc-03d1cb8635266e5ec"},"sensitive_values":{"tags":{},"tags_all":{}},"depends_on":["module.vpc.aws_vpc.this"]},{"address":"module.vpc.aws_subnet.private[2]","mode":"managed","type":"aws_subnet","name":"private","index":2,"provider_name":"registry.terraform.io/hashicorp/aws","schema_version":1,"values":{"arn":"arn:aws:ec2:us-east-2:749670359030:subnet/subnet-0e244e6d234aa4081","assign_ipv6_address_on_creation":false,"availability_zone":"us-east-2c","availability_zone_id":"use2-az3","cidr_block":"10.100.3.0/24","customer_owned_ipv4_pool":"","enable_dns64":false,"enable_lni_at_device_index":0,"enable_resource_name_dns_a_record_on_launch":false,"enable_resource_name_dns_aaaa_record_on_launch":false,"id":"subnet-0e244e6d234aa4081","ipv6_cidr_block":"","ipv6_cidr_block_association_id":"","ipv6_native":false,"map_customer_owned_ip_on_launch":false,"map_public_ip_on_launch":false,"outpost_arn":"","owner_id":"749670359030","private_dns_hostname_type_on_launch":"ip-name","tags":{"Name":"udacity-project-private-us-east-2c","kubernetes.io/role/internal-elb":"1"},"tags_all":{"Name":"udacity-project-private-us-east-2c","Terraform":"true","kubernetes.io/role/internal-elb":"1"},"timeouts":null,"vpc_id":"vpc-03d1cb8635266e5ec"},"sensitive_values":{"tags":{},"tags_all":{}},"depends_on":["module.vpc.aws_vpc.this"]},{"address":"module.vpc.aws_subnet.public[0]","mode":"managed","type":"aws_subnet","name":"public","index":0,"provider_name":"registry.terraform.io/hashicorp/aws","schema_version":1,"values":{"arn":"arn:aws:ec2:us-east-2:749670359030:subnet/subnet-07dda607965955cf0","assign_ipv6_address_on_creation":false,"availability_zone":"us-east-2a","availability_zone_id":"use2-az1","cidr_block":"10.100.10.0/24","customer_owned_ipv4_pool":"","enable_dns64":false,"enable_lni_at_device_index":0,"enable_resource_name_dns_a_record_on_launch":false,"enable_resource_name_dns_aaaa_record_on_launch":false,"id":"subnet-07dda607965955cf0","ipv6_cidr_block":"","ipv6_cidr_block_association_id":"","ipv6_native":false,"map_customer_owned_ip_on_launch":false,"map_public_ip_on_launch":true,"outpost_arn":"","owner_id":"749670359030","private_dns_hostname_type_on_launch":"ip-name","tags":{"Name":"udacity-project-public-us-east-2a","kubernetes.io/role/elb":"1"},"tags_all":{"Name":"udacity-project-public-us-east-2a","Terraform":"true","kubernetes.io/role/elb":"1"},"timeouts":null,"vpc_id":"vpc-03d1cb8635266e5ec"},"sensitive_values":{"tags":{},"tags_all":{}},"depends_on":["module.vpc.aws_vpc.this"]},{"address":"module.vpc.aws_subnet.public[1]","mode":"managed","type":"aws_subnet","name":"public","index":1,"provider_name":"registry.terraform.io/hashicorp/aws","schema_version":1,"values":{"arn":"arn:aws:ec2:us-east-2:749670359030:subnet/subnet-0c0cb64a89b10417a","assign_ipv6_address_on_creation":false,"availability_zone":"us-east-2b","availability_zone_id":"use2-az2","cidr_block":"10.100.11.0/24","customer_owned_ipv4_pool":"","enable_dns64":false,"enable_lni_at_device_index":0,"enable_resource_name_dns_a_record_on_launch":false,"enable_resource_name_dns_aaaa_record_on_launch":false,"id":"subnet-0c0cb64a89b10417a","ipv6_cidr_block":"","ipv6_cidr_block_association_id":"","ipv6_native":false,"map_customer_owned_ip_on_launch":false,"map_public_ip_on_launch":true,"outpost_arn":"","owner_id":"749670359030","private_dns_hostname_type_on_launch":"ip-name","tags":{"Name":"udacity-project-public-us-east-2b","kubernetes.io/role/elb":"1"},"tags_all":{"Name":"udacity-project-public-us-east-2b","Terraform":"true","kubernetes.io/role/elb":"1"},"timeouts":null,"vpc_id":"vpc-03d1cb8635266e5ec"},"sensitive_values":{"tags":{},"tags_all":{}},"depends_on":["module.vpc.aws_vpc.this"]},{"address":"module.vpc.aws_subnet.public[2]","mode":"managed","type":"aws_subnet","name":"public","index":2,"provider_name":"registry.terraform.io/hashicorp/aws","schema_version":1,"values":{"arn":"arn:aws:ec2:us-east-2:749670359030:subnet/subnet-0fc54ab84f74dc33e","assign_ipv6_address_on_creation":false,"availability_zone":"us-east-2c","availability_zone_id":"use2-az3","cidr_block":"10.100.12.0/24","customer_owned_ipv4_pool":"","enable_dns64":false,"enable_lni_at_device_index":0,"enable_resource_name_dns_a_record_on_launch":false,"enable_resource_name_dns_aaaa_record_on_launch":false,"id":"subnet-0fc54ab84f74dc33e","ipv6_cidr_block":"","ipv6_cidr_block_association_id":"","ipv6_native":false,"map_customer_owned_ip_on_launch":false,"map_public_ip_on_launch":true,"outpost_arn":"","owner_id":"749670359030","private_dns_hostname_type_on_launch":"ip-name","tags":{"Name":"udacity-project-public-us-east-2c","kubernetes.io/role/elb":"1"},"tags_all":{"Name":"udacity-project-public-us-east-2c","Terraform":"true","kubernetes.io/role/elb":"1"},"timeouts":null,"vpc_id":"vpc-03d1cb8635266e5ec"},"sensitive_values":{"tags":{},"tags_all":{}},"depends_on":["module.vpc.aws_vpc.this"]},{"address":"module.vpc.aws_vpc.this","mode":"managed","type":"aws_vpc","name":"this","provider_name":"registry.terraform.io/hashicorp/aws","schema_version":1,"values":{"arn":"arn:aws:ec2:us-east-2:749670359030:vpc/vpc-03d1cb8635266e5ec","assign_generated_ipv6_cidr_block":false,"cidr_block":"10.100.0.0/16","default_network_acl_id":"acl-08b6c1b53fb5d7ab0","default_route_table_id":"rtb-0a2a8e0d526e0b3b4","default_security_group_id":"sg-04985490df8b297d7","dhcp_options_id":"dopt-0a017acd8dc59edfa","enable_classiclink":false,"enable_classiclink_dns_support":false,"enable_dns_hostnames":true,"enable_dns_support":true,"enable_network_address_usage_metrics":false,"id":"vpc-03d1cb8635266e5ec","instance_tenancy":"default","ipv4_ipam_pool_id":null,"ipv4_netmask_length":null,"ipv6_association_id":"","ipv6_cidr_block":"","ipv6_cidr_block_network_border_group":"","ipv6_ipam_pool_id":"","ipv6_netmask_length":0,"main_route_table_id":"rtb-0a2a8e0d526e0b3b4","owner_id":"749670359030","tags":{"Name":"udacity-project"},"tags_all":{"Name":"udacity-project","Terraform":"true"}},"sensitive_values":{"tags":{},"tags_all":{}}}],"address":"module.vpc"}]}}},"configuration":{"provider_config":{"aws":{"name":"aws","full_name":"registry.terraform.io/hashicorp/aws","expressions":{"default_tags":[{"tags":{"references":["local.tags"]}}],"region":{"constant_value":"us-east-2"}}},"helm":{"name":"helm","full_name":"registry.terraform.io/hashicorp/helm","expressions":{"kubernetes":[{"cluster_ca_certificate":{"references":["data.aws_eks_cluster.cluster.certificate_authority[0].data","data.aws_eks_cluster.cluster.certificate_authority[0]","data.aws_eks_cluster.cluster.certificate_authority","data.aws_eks_cluster.cluster"]},"host":{"references":["data.aws_eks_cluster.cluster.endpoint","data.aws_eks_cluster.cluster"]},"token":{"references":["data.aws_eks_cluster_auth.cluster.token","data.aws_eks_cluster_auth.cluster"]}}]}},"kubernetes":{"name":"kubernetes","full_name":"registry.terraform.io/hashicorp/kubernetes","expressions":{"cluster_ca_certificate":{"references":["data.aws_eks_cluster.cluster.certificate_authority[0].data","data.aws_eks_cluster.cluster.certificate_authority[0]","data.aws_eks_cluster.cluster.certificate_authority","data.aws_eks_cluster.cluster"]},"config_path":{"constant_value":"~/.kube/config"},"host":{"references":["data.aws_eks_cluster.cluster.endpoint","data.aws_eks_cluster.cluster"]},"token":{"references":["data.aws_eks_cluster_auth.cluster.token","data.aws_eks_cluster_auth.cluster"]}}},"module.project_eks:helm":{"name":"helm","full_name":"registry.terraform.io/hashicorp/helm","module_address":"module.project_eks","expressions":{"kubernetes":[{"cluster_ca_certificate":{"references":["data.aws_eks_cluster.cluster.certificate_authority[0].data","data.aws_eks_cluster.cluster.certificate_authority[0]","data.aws_eks_cluster.cluster.certificate_authority","data.aws_eks_cluster.cluster"]},"host":{"references":["data.aws_eks_cluster.cluster.endpoint","data.aws_eks_cluster.cluster"]},"token":{"references":["data.aws_eks_cluster_auth.cluster.token","data.aws_eks_cluster_auth.cluster"]}}]}},"module.project_eks:tls":{"name":"tls","full_name":"registry.terraform.io/hashicorp/tls","module_address":"module.project_eks"}},"root_module":{"outputs":{"account_id":{"expression":{"references":["data.aws_caller_identity.current.account_id","data.aws_caller_identity.current"]}},"caller_arn":{"expression":{"references":["data.aws_caller_identity.current.arn","data.aws_caller_identity.current"]}},"caller_user":{"expression":{"references":["data.aws_caller_identity.current.user_id","data.aws_caller_identity.current"]}}},"resources":[{"address":"aws_route53_record.blue","mode":"managed","type":"aws_route53_record","name":"blue","provider_config_key":"aws","expressions":{"name":{"constant_value":"blue-green"},"records":{"references":["kubernetes_service.blue.status[0].load_balancer[0].ingress[0].hostname","kubernetes_service.blue.status[0].load_balancer[0].ingress[0]","kubernetes_service.blue.status[0].load_balancer[0].ingress","kubernetes_service.blue.status[0].load_balancer[0]","kubernetes_service.blue.status[0].load_balancer","kubernetes_service.blue.status[0]","kubernetes_service.blue.status","kubernetes_service.blue"]},"set_identifier":{"constant_value":"blue"},"ttl":{"constant_value":"5"},"type":{"constant_value":"CNAME"},"weighted_routing_policy":[{"weight":{"constant_value":0}}],"zone_id":{"references":["aws_route53_zone.private_dns.id","aws_route53_zone.private_dns"]}},"schema_version":2},{"address":"aws_route53_record.green","mode":"managed","type":"aws_route53_record","name":"green","provider_config_key":"aws","expressions":{"name":{"constant_value":"blue-green"},"records":{"references":["kubernetes_service.green.status[0].load_balancer[0].ingress[0].hostname","kubernetes_service.green.status[0].load_balancer[0].ingress[0]","kubernetes_service.green.status[0].load_balancer[0].ingress","kubernetes_service.green.status[0].load_balancer[0]","kubernetes_service.green.status[0].load_balancer","kubernetes_service.green.status[0]","kubernetes_service.green.status","kubernetes_service.green"]},"set_identifier":{"constant_value":"green"},"ttl":{"constant_value":"5"},"type":{"constant_value":"CNAME"},"weighted_routing_policy":[{"weight":{"constant_value":2}}],"zone_id":{"references":["aws_route53_zone.private_dns.id","aws_route53_zone.private_dns"]}},"schema_version":2},{"address":"aws_route53_zone.private_dns","mode":"managed","type":"aws_route53_zone","name":"private_dns","provider_config_key":"aws","expressions":{"comment":{"constant_value":"DNS for Udacity Projects"},"name":{"constant_value":"udacityproject.com"},"vpc":[{"vpc_id":{"references":["module.vpc.vpc_id","module.vpc"]}}]},"schema_version":0},{"address":"aws_security_group.ssh_access","mode":"managed","type":"aws_security_group","name":"ssh_access","provider_config_key":"aws","expressions":{"description":{"constant_value":"Allow SSH inbound traffic"},"egress":{"constant_value":[{"cidr_blocks":["0.0.0.0/0"],"description":"","from_port":80,"ipv6_cidr_blocks":["::/0"],"prefix_list_ids":[],"protocol":"tcp","security_groups":[],"self":false,"to_port":80}]},"ingress":{"constant_value":[{"cidr_blocks":["0.0.0.0/0"],"description":"","from_port":22,"ipv6_cidr_blocks":["::/0"],"prefix_list_ids":[],"protocol":"tcp","security_groups":[],"self":false,"to_port":22}]},"name":{"constant_value":"ssh-access"},"tags":{"constant_value":{"Name":"ssh_access"}},"vpc_id":{"references":["module.vpc.vpc_id","module.vpc"]}},"schema_version":1},{"address":"helm_release.metrics","mode":"managed","type":"helm_release","name":"metrics","provider_config_key":"helm","expressions":{"chart":{"constant_value":"metrics-server"},"name":{"constant_value":"metrics-server"},"namespace":{"constant_value":"kube-system"},"repository":{"constant_value":"https://kubernetes-sigs.github.io/metrics-server/"},"version":{"constant_value":"3.8.2"}},"schema_version":1,"depends_on":["module.project_eks"]},{"address":"kubernetes_namespace.udacity","mode":"managed","type":"kubernetes_namespace","name":"udacity","provider_config_key":"kubernetes","expressions":{"metadata":[{"name":{"references":["local.name"]}}]},"schema_version":0,"depends_on":["module.project_eks"]},{"address":"kubernetes_service.blue","mode":"managed","type":"kubernetes_service","name":"blue","provider_config_key":"kubernetes","expressions":{"metadata":[{"annotations":{"constant_value":{"service.beta.kubernetes.io/aws-load-balancer-nlb-target-type":"ip","service.beta.kubernetes.io/aws-load-balancer-type":"nlb"}},"name":{"constant_value":"blue-svc"},"namespace":{"references":["local.name"]}}],"spec":[{"port":[{"port":{"constant_value":80},"target_port":{"constant_value":80}}],"selector":{"constant_value":{"app":"blue"}},"type":{"constant_value":"LoadBalancer"}}]},"schema_version":1,"depends_on":["module.project_eks"]},{"address":"kubernetes_service.green","mode":"managed","type":"kubernetes_service","name":"green","provider_config_key":"kubernetes","expressions":{"metadata":[{"annotations":{"constant_value":{"service.beta.kubernetes.io/aws-load-balancer-nlb-target-type":"ip","service.beta.kubernetes.io/aws-load-balancer-type":"nlb"}},"name":{"constant_value":"green-svc"},"namespace":{"references":["local.name"]}}],"spec":[{"port":[{"port":{"constant_value":80},"target_port":{"constant_value":80}}],"selector":{"constant_value":{"app":"green"}},"type":{"constant_value":"LoadBalancer"}}]},"schema_version":1,"depends_on":["module.project_eks"]},{"address":"data.aws_ami.amazon_linux_2","mode":"data","type":"aws_ami","name":"amazon_linux_2","provider_config_key":"aws","expressions":{"filter":[{"name":{"constant_value":"owner-alias"},"values":{"constant_value":["amazon"]}},{"name":{"constant_value":"name"},"values":{"constant_value":["amzn2-ami-hvm*"]}}],"most_recent":{"constant_value":true},"owners":{"constant_value":["amazon"]}},"schema_version":0},{"address":"data.aws_caller_identity.current","mode":"data","type":"aws_caller_identity","name":"current","provider_config_key":"aws","schema_version":0},{"address":"data.aws_eks_cluster.cluster","mode":"data","type":"aws_eks_cluster","name":"cluster","provider_config_key":"aws","expressions":{"name":{"references":["module.project_eks.cluster_id","module.project_eks"]}},"schema_version":0},{"address":"data.aws_eks_cluster_auth.cluster","mode":"data","type":"aws_eks_cluster_auth","name":"cluster","provider_config_key":"aws","expressions":{"name":{"references":["module.project_eks.cluster_id","module.project_eks"]}},"schema_version":0}],"module_calls":{"ec2_instance":{"source":"terraform-aws-modules/ec2-instance/aws","expressions":{"ami":{"references":["data.aws_ami.amazon_linux_2.id","data.aws_ami.amazon_linux_2"]},"instance_type":{"constant_value":"t2.micro"},"name":{"constant_value":"curl-instance"},"subnet_id":{"references":["module.vpc.public_subnet_ids[0]","module.vpc.public_subnet_ids","module.vpc"]},"vpc_security_group_ids":{"references":["aws_security_group.ssh_access.id","aws_security_group.ssh_access"]}},"module":{"outputs":{"arn":{"expression":{"references":["aws_instance.this[0].arn","aws_instance.this[0]","aws_instance.this","aws_spot_instance_request.this[0].arn","aws_spot_instance_request.this[0]","aws_spot_instance_request.this"]},"description":"The ARN of the instance"},"capacity_reservation_specification":{"expression":{"references":["aws_instance.this[0].capacity_reservation_specification","aws_instance.this[0]","aws_instance.this","aws_spot_instance_request.this[0].capacity_reservation_specification","aws_spot_instance_request.this[0]","aws_spot_instance_request.this"]},"description":"Capacity reservation specification of the instance"},"id":{"expression":{"references":["aws_instance.this[0].id","aws_instance.this[0]","aws_instance.this","aws_spot_instance_request.this[0].id","aws_spot_instance_request.this[0]","aws_spot_instance_request.this"]},"description":"The ID of the instance"},"instance_state":{"expression":{"references":["aws_instance.this[0].instance_state","aws_instance.this[0]","aws_instance.this","aws_spot_instance_request.this[0].instance_state","aws_spot_instance_request.this[0]","aws_spot_instance_request.this"]},"description":"The state of the instance. One of: `pending`, `running`, `shutting-down`, `terminated`, `stopping`, `stopped`"},"ipv6_addresses":{"expression":{"references":["aws_instance.this[0].ipv6_addresses","aws_instance.this[0]","aws_instance.this"]},"description":"The IPv6 address assigned to the instance, if applicable."},"outpost_arn":{"expression":{"references":["aws_instance.this[0].outpost_arn","aws_instance.this[0]","aws_instance.this","aws_spot_instance_request.this[0].outpost_arn","aws_spot_instance_request.this[0]","aws_spot_instance_request.this"]},"description":"The ARN of the Outpost the instance is assigned to"},"password_data":{"expression":{"references":["aws_instance.this[0].password_data","aws_instance.this[0]","aws_instance.this","aws_spot_instance_request.this[0].password_data","aws_spot_instance_request.this[0]","aws_spot_instance_request.this"]},"description":"Base-64 encoded encrypted password data for the instance. Useful for getting the administrator password for instances running Microsoft Windows. This attribute is only exported if `get_password_data` is true"},"primary_network_interface_id":{"expression":{"references":["aws_instance.this[0].primary_network_interface_id","aws_instance.this[0]","aws_instance.this","aws_spot_instance_request.this[0].primary_network_interface_id","aws_spot_instance_request.this[0]","aws_spot_instance_request.this"]},"description":"The ID of the instance's primary network interface"},"private_dns":{"expression":{"references":["aws_instance.this[0].private_dns","aws_instance.this[0]","aws_instance.this","aws_spot_instance_request.this[0].private_dns","aws_spot_instance_request.this[0]","aws_spot_instance_request.this"]},"description":"The private DNS name assigned to the instance. Can only be used inside the Amazon EC2, and only available if you've enabled DNS hostnames for your VPC"},"private_ip":{"expression":{"references":["aws_instance.this[0].private_ip","aws_instance.this[0]","aws_instance.this","aws_spot_instance_request.this[0].private_ip","aws_spot_instance_request.this[0]","aws_spot_instance_request.this"]},"description":"The private IP address assigned to the instance."},"public_dns":{"expression":{"references":["aws_instance.this[0].public_dns","aws_instance.this[0]","aws_instance.this","aws_spot_instance_request.this[0].public_dns","aws_spot_instance_request.this[0]","aws_spot_instance_request.this"]},"description":"The public DNS name assigned to the instance. For EC2-VPC, this is only available if you've enabled DNS hostnames for your VPC"},"public_ip":{"expression":{"references":["aws_instance.this[0].public_ip","aws_instance.this[0]","aws_instance.this","aws_spot_instance_request.this[0].public_ip","aws_spot_instance_request.this[0]","aws_spot_instance_request.this"]},"description":"The public IP address assigned to the instance, if applicable. NOTE: If you are using an aws_eip with your instance, you should refer to the EIP's address directly and not use `public_ip` as this field will change after the EIP is attached"},"spot_bid_status":{"expression":{"references":["aws_spot_instance_request.this[0].spot_bid_status","aws_spot_instance_request.this[0]","aws_spot_instance_request.this"]},"description":"The current bid status of the Spot Instance Request"},"spot_instance_id":{"expression":{"references":["aws_spot_instance_request.this[0].spot_instance_id","aws_spot_instance_request.this[0]","aws_spot_instance_request.this"]},"description":"The Instance ID (if any) that is currently fulfilling the Spot Instance request"},"spot_request_state":{"expression":{"references":["aws_spot_instance_request.this[0].spot_request_state","aws_spot_instance_request.this[0]","aws_spot_instance_request.this"]},"description":"The current request state of the Spot Instance Request"},"tags_all":{"expression":{"references":["aws_instance.this[0].tags_all","aws_instance.this[0]","aws_instance.this","aws_spot_instance_request.this[0].tags_all","aws_spot_instance_request.this[0]","aws_spot_instance_request.this"]},"description":"A map of tags assigned to the resource, including those inherited from the provider default_tags configuration block"}},"resources":[{"address":"aws_instance.this","mode":"managed","type":"aws_instance","name":"this","provider_config_key":"aws","expressions":{"ami":{"references":["var.ami"]},"associate_public_ip_address":{"references":["var.associate_public_ip_address"]},"availability_zone":{"references":["var.availability_zone"]},"cpu_core_count":{"references":["var.cpu_core_count"]},"cpu_threads_per_core":{"references":["var.cpu_threads_per_core"]},"credit_specification":[{"cpu_credits":{"references":["local.is_t_instance_type","var.cpu_credits"]}}],"disable_api_termination":{"references":["var.disable_api_termination"]},"ebs_optimized":{"references":["var.ebs_optimized"]},"enclave_options":[{"enabled":{"references":["var.enclave_options_enabled"]}}],"get_password_data":{"references":["var.get_password_data"]},"hibernation":{"references":["var.hibernation"]},"host_id":{"references":["var.host_id"]},"iam_instance_profile":{"references":["var.iam_instance_profile"]},"instance_initiated_shutdown_behavior":{"references":["var.instance_initiated_shutdown_behavior"]},"instance_type":{"references":["var.instance_type"]},"ipv6_address_count":{"references":["var.ipv6_address_count"]},"ipv6_addresses":{"references":["var.ipv6_addresses"]},"key_name":{"references":["var.key_name"]},"monitoring":{"references":["var.monitoring"]},"placement_group":{"references":["var.placement_group"]},"private_ip":{"references":["var.private_ip"]},"secondary_private_ips":{"references":["var.secondary_private_ips"]},"source_dest_check":{"references":["var.network_interface","var.source_dest_check"]},"subnet_id":{"references":["var.subnet_id"]},"tags":{"references":["var.name","var.tags"]},"tenancy":{"references":["var.tenancy"]},"timeouts":{"create":{"references":["var.timeouts"]},"delete":{"references":["var.timeouts"]},"update":{"references":["var.timeouts"]}},"user_data":{"references":["var.user_data"]},"user_data_base64":{"references":["var.user_data_base64"]},"volume_tags":{"references":["var.enable_volume_tags","var.name","var.volume_tags"]},"vpc_security_group_ids":{"references":["var.vpc_security_group_ids"]}},"schema_version":1,"count_expression":{"references":["local.create","var.create_spot_instance"]}},{"address":"aws_spot_instance_request.this","mode":"managed","type":"aws_spot_instance_request","name":"this","provider_config_key":"aws","expressions":{"ami":{"references":["var.ami"]},"associate_public_ip_address":{"references":["var.associate_public_ip_address"]},"availability_zone":{"references":["var.availability_zone"]},"block_duration_minutes":{"references":["var.spot_block_duration_minutes"]},"cpu_core_count":{"references":["var.cpu_core_count"]},"cpu_threads_per_core":{"references":["var.cpu_threads_per_core"]},"credit_specification":[{"cpu_credits":{"references":["local.is_t_instance_type","var.cpu_credits"]}}],"disable_api_termination":{"references":["var.disable_api_termination"]},"ebs_optimized":{"references":["var.ebs_optimized"]},"enclave_options":[{"enabled":{"references":["var.enclave_options_enabled"]}}],"get_password_data":{"references":["var.get_password_data"]},"hibernation":{"references":["var.hibernation"]},"host_id":{"references":["var.host_id"]},"iam_instance_profile":{"references":["var.iam_instance_profile"]},"instance_initiated_shutdown_behavior":{"references":["var.instance_initiated_shutdown_behavior"]},"instance_interruption_behavior":{"references":["var.spot_instance_interruption_behavior"]},"instance_type":{"references":["var.instance_type"]},"ipv6_address_count":{"references":["var.ipv6_address_count"]},"ipv6_addresses":{"references":["var.ipv6_addresses"]},"key_name":{"references":["var.key_name"]},"launch_group":{"references":["var.spot_launch_group"]},"monitoring":{"references":["var.monitoring"]},"placement_group":{"references":["var.placement_group"]},"private_ip":{"references":["var.private_ip"]},"secondary_private_ips":{"references":["var.secondary_private_ips"]},"source_dest_check":{"references":["var.network_interface","var.source_dest_check"]},"spot_price":{"references":["var.spot_price"]},"spot_type":{"references":["var.spot_type"]},"subnet_id":{"references":["var.subnet_id"]},"tags":{"references":["var.name","var.tags"]},"tenancy":{"references":["var.tenancy"]},"timeouts":{"create":{"references":["var.timeouts"]},"delete":{"references":["var.timeouts"]}},"user_data":{"references":["var.user_data"]},"user_data_base64":{"references":["var.user_data_base64"]},"valid_from":{"references":["var.spot_valid_from"]},"valid_until":{"references":["var.spot_valid_until"]},"volume_tags":{"references":["var.enable_volume_tags","var.name","var.volume_tags"]},"vpc_security_group_ids":{"references":["var.vpc_security_group_ids"]},"wait_for_fulfillment":{"references":["var.spot_wait_for_fulfillment"]}},"schema_version":0,"count_expression":{"references":["local.create","var.create_spot_instance"]}}],"variables":{"ami":{"default":"","description":"ID of AMI to use for the instance"},"associate_public_ip_address":{"default":null,"description":"Whether to associate a public IP address with an instance in a VPC"},"availability_zone":{"default":null,"description":"AZ to start the instance in"},"capacity_reservation_specification":{"default":null,"description":"Describes an instance's Capacity Reservation targeting option"},"cpu_core_count":{"default":null,"description":"Sets the number of CPU cores for an instance."},"cpu_credits":{"default":null,"description":"The credit option for CPU usage (unlimited or standard)"},"cpu_threads_per_core":{"default":null,"description":"Sets the number of CPU threads per core for an instance (has no effect unless cpu_core_count is also set)."},"create":{"default":true,"description":"Whether to create an instance"},"create_spot_instance":{"default":false,"description":"Depicts if the instance is a spot instance"},"disable_api_termination":{"default":null,"description":"If true, enables EC2 Instance Termination Protection"},"ebs_block_device":{"default":[],"description":"Additional EBS block devices to attach to the instance"},"ebs_optimized":{"default":null,"description":"If true, the launched EC2 instance will be EBS-optimized"},"enable_volume_tags":{"default":true,"description":"Whether to enable volume tags (if enabled it conflicts with root_block_device tags)"},"enclave_options_enabled":{"default":null,"description":"Whether Nitro Enclaves will be enabled on the instance. Defaults to `false`"},"ephemeral_block_device":{"default":[],"description":"Customize Ephemeral (also known as Instance Store) volumes on the instance"},"get_password_data":{"default":null,"description":"If true, wait for password data to become available and retrieve it."},"hibernation":{"default":null,"description":"If true, the launched EC2 instance will support hibernation"},"host_id":{"default":null,"description":"ID of a dedicated host that the instance will be assigned to. Use when an instance is to be launched on a specific dedicated host"},"iam_instance_profile":{"default":null,"description":"IAM Instance Profile to launch the instance with. Specified as the name of the Instance Profile"},"instance_initiated_shutdown_behavior":{"default":null,"description":"Shutdown behavior for the instance. Amazon defaults this to stop for EBS-backed instances and terminate for instance-store instances. Cannot be set on instance-store instance"},"instance_type":{"default":"t3.micro","description":"The type of instance to start"},"ipv6_address_count":{"default":null,"description":"A number of IPv6 addresses to associate with the primary network interface. Amazon EC2 chooses the IPv6 addresses from the range of your subnet"},"ipv6_addresses":{"default":null,"description":"Specify one or more IPv6 addresses from the range of the subnet to associate with the primary network interface"},"key_name":{"default":null,"description":"Key name of the Key Pair to use for the instance; which can be managed using the `aws_key_pair` resource"},"launch_template":{"default":null,"description":"Specifies a Launch Template to configure the instance. Parameters configured on this resource will override the corresponding parameters in the Launch Template"},"metadata_options":{"default":{},"description":"Customize the metadata options of the instance"},"monitoring":{"default":false,"description":"If true, the launched EC2 instance will have detailed monitoring enabled"},"name":{"default":"","description":"Name to be used on EC2 instance created"},"network_interface":{"default":[],"description":"Customize network interfaces to be attached at instance boot time"},"placement_group":{"default":null,"description":"The Placement Group to start the instance in"},"private_ip":{"default":null,"description":"Private IP address to associate with the instance in a VPC"},"putin_khuylo":{"default":true,"description":"Do you agree that Putin doesn't respect Ukrainian sovereignty and territorial integrity? More info: https://en.wikipedia.org/wiki/Putin_khuylo!"},"root_block_device":{"default":[],"description":"Customize details about the root block device of the instance. See Block Devices below for details"},"secondary_private_ips":{"default":null,"description":"A list of secondary private IPv4 addresses to assign to the instance's primary network interface (eth0) in a VPC. Can only be assigned to the primary network interface (eth0) attached at instance creation, not a pre-existing network interface i.e. referenced in a `network_interface block`"},"source_dest_check":{"default":true,"description":"Controls if traffic is routed to the instance when the destination address does not match the instance. Used for NAT or VPNs."},"spot_block_duration_minutes":{"default":null,"description":"The required duration for the Spot instances, in minutes. This value must be a multiple of 60 (60, 120, 180, 240, 300, or 360)"},"spot_instance_interruption_behavior":{"default":null,"description":"Indicates Spot instance behavior when it is interrupted. Valid values are `terminate`, `stop`, or `hibernate`"},"spot_launch_group":{"default":null,"description":"A launch group is a group of spot instances that launch together and terminate together. If left empty instances are launched and terminated individually"},"spot_price":{"default":null,"description":"The maximum price to request on the spot market. Defaults to on-demand price"},"spot_type":{"default":null,"description":"If set to one-time, after the instance is terminated, the spot request will be closed. Default `persistent`"},"spot_valid_from":{"default":null,"description":"The start date and time of the request, in UTC RFC3339 format(for example, YYYY-MM-DDTHH:MM:SSZ)"},"spot_valid_until":{"default":null,"description":"The end date and time of the request, in UTC RFC3339 format(for example, YYYY-MM-DDTHH:MM:SSZ)"},"spot_wait_for_fulfillment":{"default":null,"description":"If set, Terraform will wait for the Spot Request to be fulfilled, and will throw an error if the timeout of 10m is reached"},"subnet_id":{"default":null,"description":"The VPC Subnet ID to launch in"},"tags":{"default":{},"description":"A mapping of tags to assign to the resource"},"tenancy":{"default":null,"description":"The tenancy of the instance (if the instance is running in a VPC). Available values: default, dedicated, host."},"timeouts":{"default":{},"description":"Define maximum timeout for creating, updating, and deleting EC2 instance resources"},"user_data":{"default":null,"description":"The user data to provide when launching the instance. Do not pass gzip-compressed data via this argument; see user_data_base64 instead."},"user_data_base64":{"default":null,"description":"Can be used instead of user_data to pass base64-encoded binary data directly. Use this instead of user_data whenever the value is not a valid UTF-8 string. For example, gzip-encoded user data must be base64-encoded and passed via this argument to avoid corruption."},"volume_tags":{"default":{},"description":"A mapping of tags to assign to the devices created by the instance at launch time"},"vpc_security_group_ids":{"default":null,"description":"A list of security group IDs to associate with"}}},"version_constraint":"~\u003e 3.0"},"project_eks":{"source":"./modules/eks","expressions":{"account":{"references":["data.aws_caller_identity.current.account_id","data.aws_caller_identity.current"]},"name":{"references":["local.name"]},"nodes_desired_size":{"constant_value":3},"nodes_max_size":{"constant_value":3},"nodes_min_size":{"constant_value":1},"private_subnet_ids":{"references":["module.vpc.private_subnet_ids","module.vpc"]},"vpc_id":{"references":["module.vpc.vpc_id","module.vpc"]}},"module":{"outputs":{"cluster_id":{"expression":{"references":["aws_eks_cluster.cluster.id","aws_eks_cluster.cluster"]}},"cluster_name":{"expression":{"references":["aws_eks_cluster.cluster.name","aws_eks_cluster.cluster"]}}},"resources":[{"address":"aws_eks_cluster.cluster","mode":"managed","type":"aws_eks_cluster","name":"cluster","provider_config_key":"aws","expressions":{"name":{"references":["var.name"]},"role_arn":{"references":["aws_iam_role.eks_cluster_role.arn","aws_iam_role.eks_cluster_role"]},"version":{"constant_value":"1.26"},"vpc_config":[{"subnet_ids":{"references":["var.private_subnet_ids"]}}]},"schema_version":0,"depends_on":["aws_iam_role_policy_attachment.cluster_AmazonEKSClusterPolicy","aws_iam_role_policy_attachment.cluster_AmazonEKSServicePolicy"]},{"address":"aws_eks_node_group.node","mode":"managed","type":"aws_eks_node_group","name":"node","provider_config_key":"aws","expressions":{"cluster_name":{"references":["aws_eks_cluster.cluster.name","aws_eks_cluster.cluster"]},"instance_types":{"references":["var.instance_type"]},"node_group_name":{"references":["var.name"]},"node_role_arn":{"references":["aws_iam_role.eks_node_cluster_role.arn","aws_iam_role.eks_node_cluster_role"]},"scaling_config":[{"desired_size":{"references":["var.nodes_desired_size"]},"max_size":{"references":["var.nodes_max_size"]},"min_size":{"references":["var.nodes_min_size"]}}],"subnet_ids":{"references":["var.private_subnet_ids"]},"tags":{"references":["var.name"]}},"schema_version":0,"depends_on":["aws_iam_role_policy_attachment.node_AmazonEKSWorkerNodePolicy","aws_iam_role_policy_attachment.node_AmazonEKS_CNI_Policy","aws_iam_role_policy_attachment.node_AmazonEC2ContainerRegistryReadOnly","aws_iam_role_policy_attachment.node_harmony_policy_attachment"]},{"address":"aws_iam_openid_connect_provider.oidc","mode":"managed","type":"aws_iam_openid_connect_provider","name":"oidc","provider_config_key":"aws","expressions":{"client_id_list":{"constant_value":["sts.amazonaws.com"]},"thumbprint_list":{"references":["data.tls_certificate.example.certificates[0].sha1_fingerprint","data.tls_certificate.example.certificates[0]","data.tls_certificate.example.certificates","data.tls_certificate.example"]},"url":{"references":["aws_eks_cluster.cluster.identity[0].oidc[0].issuer","aws_eks_cluster.cluster.identity[0].oidc[0]","aws_eks_cluster.cluster.identity[0].oidc","aws_eks_cluster.cluster.identity[0]","aws_eks_cluster.cluster.identity","aws_eks_cluster.cluster"]}},"schema_version":0},{"address":"aws_iam_policy.eks_cluster_role_cloudwatch_policy","mode":"managed","type":"aws_iam_policy","name":"eks_cluster_role_cloudwatch_policy","provider_config_key":"aws","expressions":{"description":{"references":["var.name"]},"name":{"references":["var.name"]},"policy":{"constant_value":"{\n  \"Version\": \"2012-10-17\",\n  \"Statement\": [\n    {\n      \"Effect\": \"Allow\",\n      \"Action\": [\n        \"cloudwatch:*\",\n        \"logs:DescribeLogGroups\",\n        \"logs:DescribeLogStreams\",\n        \"logs:CreateLogGroup\",\n        \"logs:CreateLogStream\",\n        \"logs:PutLogEvents\"\n      ],\n      \"Resource\": \"*\"\n    }\n  ]\n}\n"}},"schema_version":0},{"address":"aws_iam_policy.eks_node_instance_policy","mode":"managed","type":"aws_iam_policy","name":"eks_node_instance_policy","provider_config_key":"aws","expressions":{"description":{"references":["var.name"]},"name":{"references":["var.name"]},"policy":{"constant_value":"{\n  \"Version\": \"2012-10-17\",\n  \"Statement\": [\n    {\n      \"Effect\": \"Allow\",\n      \"Action\": \"s3:*\",\n      \"Resource\": [\n          \"arn:aws:s3:::*\",\n          \"arn:aws:s3:::*/*\",\n          \"arn:aws:s3:*:*:job/*\"\n      ]\n    },\n    {\n      \"Effect\": \"Allow\",\n      \"Action\": [\n          \"logs:CreateLogGroup\",\n          \"logs:CreateLogStream\",\n          \"logs:PutLogEvents\"\n      ],\n      \"Resource\": [\n          \"arn:aws:logs:*:*:log-group:*\",\n          \"arn:aws:logs:*:*:log-group:*:*:*\"\n      ]\n    },\n    {\n      \"Effect\": \"Allow\",\n      \"Action\": [\n          \"ecr:BatchCheckLayerAvailability\",\n          \"ecr:BatchGetImage\",\n          \"ecr:DescribeImages\",\n          \"ecr:DescribeRepositories\",\n          \"ecr:GetAuthorizationToken\",\n          \"ecr:GetDownloadUrlForLayer\",\n          \"ecr:GetRepositoryPolicy\",\n          \"ecr:ListImages\"\n      ],\n      \"Resource\": \"*\"\n    },\n    {\n      \"Effect\": \"Allow\",\n      \"Action\": [\n        \"sqs:ReceiveMessage\",\n        \"sqs:SendMessage\",\n        \"sqs:SendMessageBatch\",\n        \"sqs:DeleteMessage\",\n        \"sqs:DeleteMessageBatch\",\n        \"sqs:ChangeMessageVisibility\",\n        \"sqs:ChangeMessageVisibilityBatch\"\n      ],\n      \"Resource\": [\n          \"*\"\n      ]\n    },\n    {\n      \"Effect\": \"Allow\",\n      \"Action\": \"eks:DescribeCluster\",\n      \"Resource\": \"*\"\n    }\n  ]\n}\n"}},"schema_version":0},{"address":"aws_iam_policy.k8s_auto_scaling","mode":"managed","type":"aws_iam_policy","name":"k8s_auto_scaling","provider_config_key":"aws","expressions":{"name":{"references":["var.name"]},"path":{"constant_value":"/"},"policy":{"references":["data.aws_iam_policy_document.k8s_auto_scaling.json","data.aws_iam_policy_document.k8s_auto_scaling"]}},"schema_version":0},{"address":"aws_iam_role.cluster_autoscaler","mode":"managed","type":"aws_iam_role","name":"cluster_autoscaler","provider_config_key":"aws","expressions":{"assume_role_policy":{"references":["data.aws_iam_policy_document.assume_role_policy.json","data.aws_iam_policy_document.assume_role_policy"]},"name":{"constant_value":"cluster_autoscaler"}},"schema_version":0},{"address":"aws_iam_role.eks_cluster_role","mode":"managed","type":"aws_iam_role","name":"eks_cluster_role","provider_config_key":"aws","expressions":{"assume_role_policy":{"references":["data.aws_iam_policy_document.eks_assume_role_policy.json","data.aws_iam_policy_document.eks_assume_role_policy"]},"name":{"references":["var.name"]}},"schema_version":0},{"address":"aws_iam_role.eks_node_cluster_role","mode":"managed","type":"aws_iam_role","name":"eks_node_cluster_role","provider_config_key":"aws","expressions":{"assume_role_policy":{"references":["data.aws_iam_policy_document.eks_node_assume_role_policy.json","data.aws_iam_policy_document.eks_node_assume_role_policy"]},"name":{"references":["var.name"]}},"schema_version":0},{"address":"aws_iam_role_policy.cluster_autoscaler","mode":"managed","type":"aws_iam_role_policy","name":"cluster_autoscaler","provider_config_key":"aws","expressions":{"name":{"constant_value":"cluster_autoscaler"},"policy":{"references":["data.aws_iam_policy_document.cluster_autoscale.json","data.aws_iam_policy_document.cluster_autoscale"]},"role":{"references":["aws_iam_role.cluster_autoscaler.id","aws_iam_role.cluster_autoscaler"]}},"schema_version":0},{"address":"aws_iam_role_policy_attachment.cluster_AmazonEKSCloudwatchPolicy","mode":"managed","type":"aws_iam_role_policy_attachment","name":"cluster_AmazonEKSCloudwatchPolicy","provider_config_key":"aws","expressions":{"policy_arn":{"references":["aws_iam_policy.eks_cluster_role_cloudwatch_policy.arn","aws_iam_policy.eks_cluster_role_cloudwatch_policy"]},"role":{"references":["aws_iam_role.eks_node_cluster_role.name","aws_iam_role.eks_node_cluster_role"]}},"schema_version":0},{"address":"aws_iam_role_policy_attachment.cluster_AmazonEKSClusterPolicy","mode":"managed","type":"aws_iam_role_policy_attachment","name":"cluster_AmazonEKSClusterPolicy","provider_config_key":"aws","expressions":{"policy_arn":{"constant_value":"arn:aws:iam::aws:policy/AmazonEKSClusterPolicy"},"role":{"references":["aws_iam_role.eks_cluster_role.name","aws_iam_role.eks_cluster_role"]}},"schema_version":0},{"address":"aws_iam_role_policy_attachment.cluster_AmazonEKSServicePolicy","mode":"managed","type":"aws_iam_role_policy_attachment","name":"cluster_AmazonEKSServicePolicy","provider_config_key":"aws","expressions":{"policy_arn":{"constant_value":"arn:aws:iam::aws:policy/AmazonEKSServicePolicy"},"role":{"references":["aws_iam_role.eks_cluster_role.name","aws_iam_role.eks_cluster_role"]}},"schema_version":0},{"address":"aws_iam_role_policy_attachment.node_AmazonEC2ContainerRegistryReadOnly","mode":"managed","type":"aws_iam_role_policy_attachment","name":"node_AmazonEC2ContainerRegistryReadOnly","provider_config_key":"aws","expressions":{"policy_arn":{"constant_value":"arn:aws:iam::aws:policy/AmazonEC2ContainerRegistryReadOnly"},"role":{"references":["aws_iam_role.eks_node_cluster_role.name","aws_iam_role.eks_node_cluster_role"]}},"schema_version":0},{"address":"aws_iam_role_policy_attachment.node_AmazonEKSWorkerNodePolicy","mode":"managed","type":"aws_iam_role_policy_attachment","name":"node_AmazonEKSWorkerNodePolicy","provider_config_key":"aws","expressions":{"policy_arn":{"constant_value":"arn:aws:iam::aws:policy/AmazonEKSWorkerNodePolicy"},"role":{"references":["aws_iam_role.eks_node_cluster_role.name","aws_iam_role.eks_node_cluster_role"]}},"schema_version":0},{"address":"aws_iam_role_policy_attachment.node_AmazonEKS_CNI_Policy","mode":"managed","type":"aws_iam_role_policy_attachment","name":"node_AmazonEKS_CNI_Policy","provider_config_key":"aws","expressions":{"policy_arn":{"constant_value":"arn:aws:iam::aws:policy/AmazonEKS_CNI_Policy"},"role":{"references":["aws_iam_role.eks_node_cluster_role.name","aws_iam_role.eks_node_cluster_role"]}},"schema_version":0},{"address":"aws_iam_role_policy_attachment.node_CloudWatchAgentServerPolicy","mode":"managed","type":"aws_iam_role_policy_attachment","name":"node_CloudWatchAgentServerPolicy","provider_config_key":"aws","expressions":{"policy_arn":{"constant_value":"arn:aws:iam::aws:policy/CloudWatchAgentServerPolicy"},"role":{"references":["aws_iam_role.eks_node_cluster_role.name","aws_iam_role.eks_node_cluster_role"]}},"schema_version":0},{"address":"aws_iam_role_policy_attachment.node_harmony_policy_attachment","mode":"managed","type":"aws_iam_role_policy_attachment","name":"node_harmony_policy_attachment","provider_config_key":"aws","expressions":{"policy_arn":{"references":["aws_iam_policy.eks_node_instance_policy.arn","aws_iam_policy.eks_node_instance_policy"]},"role":{"references":["aws_iam_role.eks_node_cluster_role.name","aws_iam_role.eks_node_cluster_role"]}},"schema_version":0},{"address":"helm_release.cluster-autoscaler","mode":"managed","type":"helm_release","name":"cluster-autoscaler","provider_config_key":"module.project_eks:helm","expressions":{"chart":{"constant_value":"cluster-autoscaler"},"name":{"constant_value":"cluster-autoscaler"},"namespace":{"constant_value":"kube-system"},"repository":{"constant_value":"https://kubernetes.github.io/autoscaler"},"set":[{"name":{"constant_value":"fullnameOverride"},"value":{"constant_value":"cluster-autoscaler"}},{"name":{"constant_value":"rbac.serviceAccount.name"},"value":{"references":["var.autoscaler_service_account"]}},{"name":{"constant_value":"autoDiscovery.clusterName"},"value":{"references":["aws_eks_cluster.cluster.name","aws_eks_cluster.cluster"]}},{"name":{"constant_value":"rbac.serviceAccount.annotations.eks\\.amazonaws\\.com/role-arn"},"type":{"constant_value":"string"},"value":{"references":["aws_iam_role.cluster_autoscaler.arn","aws_iam_role.cluster_autoscaler"]}},{"name":{"constant_value":"awsRegion"},"value":{"references":["data.aws_region.current.name","data.aws_region.current"]}},{"name":{"constant_value":"cloudProvider"},"value":{"constant_value":"aws"}}],"version":{"constant_value":"9.19.4"}},"schema_version":1,"depends_on":["aws_eks_cluster.cluster"]},{"address":"data.aws_eks_cluster.cluster","mode":"data","type":"aws_eks_cluster","name":"cluster","provider_config_key":"aws","expressions":{"name":{"references":["aws_eks_cluster.cluster.id","aws_eks_cluster.cluster"]}},"schema_version":0},{"address":"data.aws_eks_cluster_auth.cluster","mode":"data","type":"aws_eks_cluster_auth","name":"cluster","provider_config_key":"aws","expressions":{"name":{"references":["aws_eks_cluster.cluster.id","aws_eks_cluster.cluster"]}},"schema_version":0},{"address":"data.aws_iam_policy_document.assume_role_policy","mode":"data","type":"aws_iam_policy_document","name":"assume_role_policy","provider_config_key":"aws","expressions":{"statement":[{"actions":{"constant_value":["sts:AssumeRoleWithWebIdentity"]},"condition":[{"test":{"constant_value":"StringEquals"},"values":{"references":["var.autoscaler_service_account"]},"variable":{"references":["aws_iam_openid_connect_provider.oidc.url","aws_iam_openid_connect_provider.oidc"]}}],"effect":{"constant_value":"Allow"},"principals":[{"identifiers":{"references":["aws_iam_openid_connect_provider.oidc.arn","aws_iam_openid_connect_provider.oidc"]},"type":{"constant_value":"Federated"}}]}]},"schema_version":0},{"address":"data.aws_iam_policy_document.cluster_autoscale","mode":"data","type":"aws_iam_policy_document","name":"cluster_autoscale","provider_config_key":"aws","expressions":{"statement":[{"actions":{"constant_value":["autoscaling:SetDesiredCapacity","autoscaling:TerminateInstanceInAutoScalingGroup","ec2:DescribeInstanceTypes","eks:DescribeNodegroup"]},"condition":[{"test":{"constant_value":"StringEquals"},"values":{"constant_value":["owned"]},"variable":{"references":["aws_eks_cluster.cluster.name","aws_eks_cluster.cluster"]}}],"effect":{"constant_value":"Allow"},"resources":{"constant_value":["*"]}},{"actions":{"constant_value":["autoscaling:DescribeAutoScalingGroups","autoscaling:DescribeAutoScalingInstances","autoscaling:DescribeInstances","autoscaling:DescribeLaunchConfigurations","autoscaling:DescribeTags","autoscaling:SetDesiredCapacity","autoscaling:TerminateInstanceInAutoScalingGroup","ec2:DescribeLaunchTemplateVersions","ec2:DescribeInstanceTypes"]},"effect":{"constant_value":"Allow"},"resources":{"constant_value":["*"]}}]},"schema_version":0},{"address":"data.aws_iam_policy_document.eks_assume_role_policy","mode":"data","type":"aws_iam_policy_document","name":"eks_assume_role_policy","provider_config_key":"aws","expressions":{"statement":[{"actions":{"constant_value":["sts:AssumeRole"]},"principals":[{"identifiers":{"constant_value":["eks.amazonaws.com"]},"type":{"constant_value":"Service"}}]}]},"schema_version":0},{"address":"data.aws_iam_policy_document.eks_node_assume_role_policy","mode":"data","type":"aws_iam_policy_document","name":"eks_node_assume_role_policy","provider_config_key":"aws","expressions":{"statement":[{"actions":{"constant_value":["sts:AssumeRole"]},"principals":[{"identifiers":{"constant_value":["ec2.amazonaws.com"]},"type":{"constant_value":"Service"}}]}]},"schema_version":0},{"address":"data.aws_iam_policy_document.k8s_auto_scaling","mode":"data","type":"aws_iam_policy_document","name":"k8s_auto_scaling","provider_config_key":"aws","expressions":{"statement":[{"actions":{"constant_value":["autoscaling:DescribeAutoScalingGroups","autoscaling:DescribeAutoScalingInstances","autoscaling:DescribeLaunchConfigurations","autoscaling:DescribeTags","autoscaling:SetDesiredCapacity","autoscaling:TerminateInstanceInAutoScalingGroup","ec2:DescribeLaunchTemplateVersions"]},"resources":{"constant_value":["*"]}}]},"schema_version":0},{"address":"data.aws_region.current","mode":"data","type":"aws_region","name":"current","provider_config_key":"aws","schema_version":0},{"address":"data.tls_certificate.example","mode":"data","type":"tls_certificate","name":"example","provider_config_key":"module.project_eks:tls","expressions":{"url":{"references":["aws_eks_cluster.cluster.identity[0].oidc[0].issuer","aws_eks_cluster.cluster.identity[0].oidc[0]","aws_eks_cluster.cluster.identity[0].oidc","aws_eks_cluster.cluster.identity[0]","aws_eks_cluster.cluster.identity","aws_eks_cluster.cluster"]}},"schema_version":0}],"variables":{"account":{},"autoscaler_service_account":{"default":"cluster-autoscaler"},"instance_type":{"default":"t3.medium","description":"EC2 instance type to use for the argo EC2 instances."},"name":{},"nodes_desired_size":{"default":2,"description":"The desired number of EC2 instances."},"nodes_max_size":{"default":2,"description":"The maximum number of EC2 instances to run."},"nodes_min_size":{"default":2,"description":"The minimum number argo EC2 instances to run."},"private_subnet_ids":{},"tags":{"default":{}},"vpc_id":{}}}},"vpc":{"source":"./modules/vpc","expressions":{"account_owner":{"references":["local.name"]},"azs":{"constant_value":["us-east-2a","us-east-2b","us-east-2c"]},"cidr_block":{"constant_value":"10.100.0.0/16"},"name":{"references":["local.name"]},"private_subnet_tags":{"constant_value":{"kubernetes.io/role/internal-elb":1}},"public_subnet_tags":{"constant_value":{"kubernetes.io/role/elb":1}}},"module":{"outputs":{"private_subnet_ids":{"expression":{"references":["aws_subnet.private"]}},"public_subnet_ids":{"expression":{"references":["aws_subnet.public"]}},"vpc_cidr":{"expression":{"references":["aws_vpc.this.cidr_block","aws_vpc.this"]}},"vpc_id":{"expression":{"references":["aws_vpc.this.id","aws_vpc.this"]}}},"resources":[{"address":"aws_eip.nat","mode":"managed","type":"aws_eip","name":"nat","provider_config_key":"aws","expressions":{"tags":{"references":["var.name","var.azs","count.index"]},"vpc":{"constant_value":true}},"schema_version":0,"count_expression":{"references":["local.nat_gateway_count"]}},{"address":"aws_internet_gateway.this","mode":"managed","type":"aws_internet_gateway","name":"this","provider_config_key":"aws","expressions":{"tags":{"references":["var.name"]},"vpc_id":{"references":["aws_vpc.this.id","aws_vpc.this"]}},"schema_version":0,"count_expression":{"references":["var.azs"]}},{"address":"aws_nat_gateway.this","mode":"managed","type":"aws_nat_gateway","name":"this","provider_config_key":"aws","expressions":{"allocation_id":{"references":["local.nat_gateway_ips","count.index"]},"subnet_id":{"references":["aws_subnet.public","count.index"]},"tags":{"references":["var.name","var.azs","count.index"]}},"schema_version":0,"count_expression":{"references":["local.nat_gateway_count"]},"depends_on":["aws_internet_gateway.this"]},{"address":"aws_route.private_nat_gateway","mode":"managed","type":"aws_route","name":"private_nat_gateway","provider_config_key":"aws","expressions":{"destination_cidr_block":{"constant_value":"0.0.0.0/0"},"nat_gateway_id":{"references":["aws_nat_gateway.this","count.index"]},"route_table_id":{"references":["aws_route_table.private","count.index"]},"timeouts":{"create":{"constant_value":"5m"}}},"schema_version":0,"count_expression":{"references":["var.azs"]}},{"address":"aws_route.public_internet_gateway","mode":"managed","type":"aws_route","name":"public_internet_gateway","provider_config_key":"aws","expressions":{"destination_cidr_block":{"constant_value":"0.0.0.0/0"},"gateway_id":{"references":["aws_internet_gateway.this[0].id","aws_internet_gateway.this[0]","aws_internet_gateway.this"]},"route_table_id":{"references":["aws_route_table.public[0].id","aws_route_table.public[0]","aws_route_table.public"]},"timeouts":{"create":{"constant_value":"5m"}}},"schema_version":0,"count_expression":{"references":["var.azs","var.azs"]}},{"address":"aws_route_table.private","mode":"managed","type":"aws_route_table","name":"private","provider_config_key":"aws","expressions":{"tags":{"references":["var.name","var.azs","count.index"]},"vpc_id":{"references":["aws_vpc.this.id","aws_vpc.this"]}},"schema_version":0,"count_expression":{"references":["var.azs","var.azs"]}},{"address":"aws_route_table.public","mode":"managed","type":"aws_route_table","name":"public","provider_config_key":"aws","expressions":{"tags":{"references":["var.name"]},"vpc_id":{"references":["aws_vpc.this.id","aws_vpc.this"]}},"schema_version":0,"count_expression":{"references":["var.azs"]}},{"address":"aws_route_table_association.private","mode":"managed","type":"aws_route_table_association","name":"private","provider_config_key":"aws","expressions":{"route_table_id":{"references":["aws_route_table.private","count.index"]},"subnet_id":{"references":["aws_subnet.private","count.index"]}},"schema_version":0,"count_expression":{"references":["var.azs","var.azs"]}},{"address":"aws_route_table_association.public","mode":"managed","type":"aws_route_table_association","name":"public","provider_config_key":"aws","expressions":{"route_table_id":{"references":["aws_route_table.public[0].id","aws_route_table.public[0]","aws_route_table.public"]},"subnet_id":{"references":["aws_subnet.public","count.index"]}},"schema_version":0,"count_expression":{"references":["var.azs","var.azs"]}},{"address":"aws_subnet.private","mode":"managed","type":"aws_subnet","name":"private","provider_config_key":"aws","expressions":{"availability_zone":{"references":["var.azs","count.index"]},"cidr_block":{"references":["aws_vpc.this.cidr_block","aws_vpc.this","count.index"]},"tags":{"references":["var.name","var.azs","count.index","var.private_subnet_tags"]},"vpc_id":{"references":["aws_vpc.this.id","aws_vpc.this"]}},"schema_version":1,"count_expression":{"references":["var.azs","var.azs"]}},{"address":"aws_subnet.public","mode":"managed","type":"aws_subnet","name":"public","provider_config_key":"aws","expressions":{"availability_zone":{"references":["var.azs","count.index"]},"cidr_block":{"references":["aws_vpc.this.cidr_block","aws_vpc.this","count.index"]},"map_public_ip_on_launch":{"constant_value":true},"tags":{"references":["var.name","var.azs","count.index","var.public_subnet_tags"]},"vpc_id":{"references":["aws_vpc.this.id","aws_vpc.this"]}},"schema_version":1,"count_expression":{"references":["var.azs","var.azs"]}},{"address":"aws_vpc.this","mode":"managed","type":"aws_vpc","name":"this","provider_config_key":"aws","expressions":{"cidr_block":{"references":["var.cidr_block"]},"enable_dns_hostnames":{"constant_value":true},"enable_dns_support":{"constant_value":true},"tags":{"references":["var.name"]}},"schema_version":1}],"variables":{"account_owner":{"default":""},"azs":{},"cidr_block":{},"name":{},"private_subnet_tags":{"default":{}},"public_subnet_tags":{"default":{}}}}}}}},"relevant_attributes":[{"resource":"module.project_eks.aws_eks_cluster.cluster","attribute":["id"]},{"resource":"module.vpc.aws_eip.nat","attribute":[]},{"resource":"module.vpc.aws_subnet.public","attribute":[]},{"resource":"module.ec2_instance.aws_spot_instance_request.this[0]","attribute":["private_dns"]},{"resource":"module.ec2_instance.aws_spot_instance_request.this[0]","attribute":["primary_network_interface_id"]},{"resource":"module.ec2_instance.aws_instance.this[0]","attribute":["capacity_reservation_specification"]},{"resource":"module.ec2_instance.aws_instance.this[0]","attribute":["id"]},{"resource":"module.ec2_instance.aws_spot_instance_request.this[0]","attribute":["id"]},{"resource":"aws_security_group.ssh_access","attribute":["id"]},{"resource":"module.ec2_instance.aws_spot_instance_request.this[0]","attribute":["outpost_arn"]},{"resource":"module.ec2_instance.aws_spot_instance_request.this[0]","attribute":["instance_state"]},{"resource":"module.ec2_instance.aws_spot_instance_request.this[0]","attribute":["public_ip"]},{"resource":"module.ec2_instance.aws_instance.this[0]","attribute":["private_ip"]},{"resource":"module.vpc.aws_route_table.public[0]","attribute":["id"]},{"resource":"aws_route53_zone.private_dns","attribute":["id"]},{"resource":"kubernetes_service.green","attribute":["status",0,"load_balancer",0,"ingress",0,"hostname"]},{"resource":"module.ec2_instance.aws_spot_instance_request.this[0]","attribute":["spot_instance_id"]},{"resource":"module.ec2_instance.aws_instance.this[0]","attribute":["private_dns"]},{"resource":"module.ec2_instance.aws_instance.this[0]","attribute":["public_dns"]},{"resource":"module.ec2_instance.aws_instance.this[0]","attribute":["password_data"]},{"resource":"module.ec2_instance.aws_spot_instance_request.this[0]","attribute":["private_ip"]},{"resource":"module.vpc.aws_vpc.this","attribute":["id"]},{"resource":"module.vpc.aws_internet_gateway.this[0]","attribute":["id"]},{"resource":"module.vpc.aws_route_table.private","attribute":[]},{"resource":"module.ec2_instance.aws_spot_instance_request.this[0]","attribute":["spot_bid_status"]},{"resource":"module.ec2_instance.aws_spot_instance_request.this[0]","attribute":["tags_all"]},{"resource":"module.ec2_instance.aws_spot_instance_request.this[0]","attribute":["arn"]},{"resource":"module.ec2_instance.aws_spot_instance_request.this[0]","attribute":["capacity_reservation_specification"]},{"resource":"module.vpc.aws_subnet.private","attribute":[]},{"resource":"module.vpc.aws_vpc.this","attribute":["cidr_block"]},{"resource":"module.ec2_instance.aws_spot_instance_request.this[0]","attribute":["spot_request_state"]},{"resource":"module.ec2_instance.aws_instance.this[0]","attribute":["primary_network_interface_id"]},{"resource":"module.ec2_instance.aws_spot_instance_request.this[0]","attribute":["password_data"]},{"resource":"module.ec2_instance.aws_instance.this[0]","attribute":["public_ip"]},{"resource":"module.vpc.aws_nat_gateway.this","attribute":[]},{"resource":"module.project_eks.aws_eks_cluster.cluster","attribute":["name"]},{"resource":"data.aws_ami.amazon_linux_2","attribute":["id"]},{"resource":"module.ec2_instance.aws_instance.this[0]","attribute":["ipv6_addresses"]},{"resource":"kubernetes_service.blue","attribute":["status",0,"load_balancer",0,"ingress",0,"hostname"]},{"resource":"module.ec2_instance.aws_spot_instance_request.this[0]","attribute":["public_dns"]},{"resource":"module.ec2_instance.aws_instance.this[0]","attribute":["tags_all"]},{"resource":"module.ec2_instance.aws_instance.this[0]","attribute":["outpost_arn"]},{"resource":"module.ec2_instance.aws_instance.this[0]","attribute":["arn"]},{"resource":"module.ec2_instance.aws_instance.this[0]","attribute":["instance_state"]}]}
